// !$*UTF8*$!
{
	archiveVersion = 1;
	classes = {
	};
	objectVersion = 46;
	objects = {

/* Begin PBXBuildFile section */
		951C2CFD1FCC7F9500EC11B2 /* AppDelegate.swift in Sources */ = {isa = PBXBuildFile; fileRef = 951C2CFC1FCC7F9500EC11B2 /* AppDelegate.swift */; };
		951C2D021FCC7F9500EC11B2 /* Main.storyboard in Resources */ = {isa = PBXBuildFile; fileRef = 951C2D001FCC7F9500EC11B2 /* Main.storyboard */; };
		951C2D051FCC7F9500EC11B2 /* Smashtag.xcdatamodeld in Sources */ = {isa = PBXBuildFile; fileRef = 951C2D031FCC7F9500EC11B2 /* Smashtag.xcdatamodeld */; };
		951C2D071FCC7F9500EC11B2 /* Assets.xcassets in Resources */ = {isa = PBXBuildFile; fileRef = 951C2D061FCC7F9500EC11B2 /* Assets.xcassets */; };
		951C2D0A1FCC7F9500EC11B2 /* LaunchScreen.storyboard in Resources */ = {isa = PBXBuildFile; fileRef = 951C2D081FCC7F9500EC11B2 /* LaunchScreen.storyboard */; };
		951C2D131FCD812200EC11B2 /* TweetTableViewController.swift in Sources */ = {isa = PBXBuildFile; fileRef = 951C2D121FCD812200EC11B2 /* TweetTableViewController.swift */; };
		951C2D251FCD894900EC11B2 /* Twitter.framework in Frameworks */ = {isa = PBXBuildFile; fileRef = 951C2D241FCD894900EC11B2 /* Twitter.framework */; };
		951C2D261FCD894900EC11B2 /* Twitter.framework in Embed Frameworks */ = {isa = PBXBuildFile; fileRef = 951C2D241FCD894900EC11B2 /* Twitter.framework */; settings = {ATTRIBUTES = (CodeSignOnCopy, RemoveHeadersOnCopy, ); }; };
		95455E681FCDDA4900DE7B7E /* TweetTableViewCell.swift in Sources */ = {isa = PBXBuildFile; fileRef = 95455E671FCDDA4900DE7B7E /* TweetTableViewCell.swift */; };
		9561D7ED1FD191BD0071B1DB /* SmashTweeterTableViewController.swift in Sources */ = {isa = PBXBuildFile; fileRef = 9561D7EC1FD191BD0071B1DB /* SmashTweeterTableViewController.swift */; };
		9561D7EF1FD196BE0071B1DB /* FetchResultTableViewController.swift in Sources */ = {isa = PBXBuildFile; fileRef = 9561D7EE1FD196BE0071B1DB /* FetchResultTableViewController.swift */; };
		9561D7F11FD19AD00071B1DB /* UITableViewDataSourcesViewController.swift in Sources */ = {isa = PBXBuildFile; fileRef = 9561D7F01FD19AD00071B1DB /* UITableViewDataSourcesViewController.swift */; };
		95CA07B61FCEF4F300BD862A /* Tweet.swift in Sources */ = {isa = PBXBuildFile; fileRef = 95CA07B51FCEF4F300BD862A /* Tweet.swift */; };
		95CA07B81FCEF51C00BD862A /* TwitterUser.swift in Sources */ = {isa = PBXBuildFile; fileRef = 95CA07B71FCEF51C00BD862A /* TwitterUser.swift */; };
		95CA07BA1FCEF68400BD862A /* SmashTweetTableViewController.swift in Sources */ = {isa = PBXBuildFile; fileRef = 95CA07B91FCEF68400BD862A /* SmashTweetTableViewController.swift */; };
/* End PBXBuildFile section */

/* Begin PBXCopyFilesBuildPhase section */
		951C2D271FCD894900EC11B2 /* Embed Frameworks */ = {
			isa = PBXCopyFilesBuildPhase;
			buildActionMask = 2147483647;
			dstPath = "";
			dstSubfolderSpec = 10;
			files = (
				951C2D261FCD894900EC11B2 /* Twitter.framework in Embed Frameworks */,
			);
			name = "Embed Frameworks";
			runOnlyForDeploymentPostprocessing = 0;
		};
/* End PBXCopyFilesBuildPhase section */

/* Begin PBXFileReference section */
		951C2CF91FCC7F9500EC11B2 /* Smashtag.app */ = {isa = PBXFileReference; explicitFileType = wrapper.application; includeInIndex = 0; path = Smashtag.app; sourceTree = BUILT_PRODUCTS_DIR; };
		951C2CFC1FCC7F9500EC11B2 /* AppDelegate.swift */ = {isa = PBXFileReference; lastKnownFileType = sourcecode.swift; path = AppDelegate.swift; sourceTree = "<group>"; };
		951C2D011FCC7F9500EC11B2 /* Base */ = {isa = PBXFileReference; lastKnownFileType = file.storyboard; name = Base; path = Base.lproj/Main.storyboard; sourceTree = "<group>"; };
		951C2D041FCC7F9500EC11B2 /* Smashtag.xcdatamodel */ = {isa = PBXFileReference; lastKnownFileType = wrapper.xcdatamodel; path = Smashtag.xcdatamodel; sourceTree = "<group>"; };
		951C2D061FCC7F9500EC11B2 /* Assets.xcassets */ = {isa = PBXFileReference; lastKnownFileType = folder.assetcatalog; path = Assets.xcassets; sourceTree = "<group>"; };
		951C2D091FCC7F9500EC11B2 /* Base */ = {isa = PBXFileReference; lastKnownFileType = file.storyboard; name = Base; path = Base.lproj/LaunchScreen.storyboard; sourceTree = "<group>"; };
		951C2D0B1FCC7F9500EC11B2 /* Info.plist */ = {isa = PBXFileReference; lastKnownFileType = text.plist.xml; path = Info.plist; sourceTree = "<group>"; };
		951C2D121FCD812200EC11B2 /* TweetTableViewController.swift */ = {isa = PBXFileReference; fileEncoding = 4; lastKnownFileType = sourcecode.swift; path = TweetTableViewController.swift; sourceTree = "<group>"; };
		951C2D241FCD894900EC11B2 /* Twitter.framework */ = {isa = PBXFileReference; explicitFileType = wrapper.framework; path = Twitter.framework; sourceTree = BUILT_PRODUCTS_DIR; };
		95455E671FCDDA4900DE7B7E /* TweetTableViewCell.swift */ = {isa = PBXFileReference; lastKnownFileType = sourcecode.swift; path = TweetTableViewCell.swift; sourceTree = "<group>"; };
		9561D7EC1FD191BD0071B1DB /* SmashTweeterTableViewController.swift */ = {isa = PBXFileReference; lastKnownFileType = sourcecode.swift; path = SmashTweeterTableViewController.swift; sourceTree = "<group>"; };
		9561D7EE1FD196BE0071B1DB /* FetchResultTableViewController.swift */ = {isa = PBXFileReference; lastKnownFileType = sourcecode.swift; path = FetchResultTableViewController.swift; sourceTree = "<group>"; };
		9561D7F01FD19AD00071B1DB /* UITableViewDataSourcesViewController.swift */ = {isa = PBXFileReference; lastKnownFileType = sourcecode.swift; path = UITableViewDataSourcesViewController.swift; sourceTree = "<group>"; };
		95CA07B51FCEF4F300BD862A /* Tweet.swift */ = {isa = PBXFileReference; lastKnownFileType = sourcecode.swift; path = Tweet.swift; sourceTree = "<group>"; };
		95CA07B71FCEF51C00BD862A /* TwitterUser.swift */ = {isa = PBXFileReference; lastKnownFileType = sourcecode.swift; path = TwitterUser.swift; sourceTree = "<group>"; };
		95CA07B91FCEF68400BD862A /* SmashTweetTableViewController.swift */ = {isa = PBXFileReference; lastKnownFileType = sourcecode.swift; path = SmashTweetTableViewController.swift; sourceTree = "<group>"; };
/* End PBXFileReference section */

/* Begin PBXFrameworksBuildPhase section */
		951C2CF61FCC7F9500EC11B2 /* Frameworks */ = {
			isa = PBXFrameworksBuildPhase;
			buildActionMask = 2147483647;
			files = (
				951C2D251FCD894900EC11B2 /* Twitter.framework in Frameworks */,
			);
			runOnlyForDeploymentPostprocessing = 0;
		};
/* End PBXFrameworksBuildPhase section */

/* Begin PBXGroup section */
		951C2CF01FCC7F9500EC11B2 = {
			isa = PBXGroup;
			children = (
				951C2D241FCD894900EC11B2 /* Twitter.framework */,
				951C2CFB1FCC7F9500EC11B2 /* Smashtag */,
				951C2CFA1FCC7F9500EC11B2 /* Products */,
			);
			sourceTree = "<group>";
		};
		951C2CFA1FCC7F9500EC11B2 /* Products */ = {
			isa = PBXGroup;
			children = (
				951C2CF91FCC7F9500EC11B2 /* Smashtag.app */,
			);
			name = Products;
			sourceTree = "<group>";
		};
		951C2CFB1FCC7F9500EC11B2 /* Smashtag */ = {
			isa = PBXGroup;
			children = (
				951C2D111FCD80B500EC11B2 /* SupportingFiles */,
				951C2D001FCC7F9500EC11B2 /* Main.storyboard */,
				951C2D121FCD812200EC11B2 /* TweetTableViewController.swift */,
				9561D7EC1FD191BD0071B1DB /* SmashTweeterTableViewController.swift */,
				95CA07B91FCEF68400BD862A /* SmashTweetTableViewController.swift */,
				951C2D031FCC7F9500EC11B2 /* Smashtag.xcdatamodeld */,
				95CA07B51FCEF4F300BD862A /* Tweet.swift */,
				95CA07B71FCEF51C00BD862A /* TwitterUser.swift */,
				95455E671FCDDA4900DE7B7E /* TweetTableViewCell.swift */,
				9561D7EE1FD196BE0071B1DB /* FetchResultTableViewController.swift */,
				9561D7F01FD19AD00071B1DB /* UITableViewDataSourcesViewController.swift */,
			);
			path = Smashtag;
			sourceTree = "<group>";
		};
		951C2D111FCD80B500EC11B2 /* SupportingFiles */ = {
			isa = PBXGroup;
			children = (
				951C2CFC1FCC7F9500EC11B2 /* AppDelegate.swift */,
				951C2D061FCC7F9500EC11B2 /* Assets.xcassets */,
				951C2D081FCC7F9500EC11B2 /* LaunchScreen.storyboard */,
				951C2D0B1FCC7F9500EC11B2 /* Info.plist */,
			);
			name = SupportingFiles;
			sourceTree = "<group>";
		};
/* End PBXGroup section */

/* Begin PBXNativeTarget section */
		951C2CF81FCC7F9500EC11B2 /* Smashtag */ = {
			isa = PBXNativeTarget;
			buildConfigurationList = 951C2D0E1FCC7F9500EC11B2 /* Build configuration list for PBXNativeTarget "Smashtag" */;
			buildPhases = (
				951C2CF51FCC7F9500EC11B2 /* Sources */,
				951C2CF61FCC7F9500EC11B2 /* Frameworks */,
				951C2CF71FCC7F9500EC11B2 /* Resources */,
				951C2D271FCD894900EC11B2 /* Embed Frameworks */,
			);
			buildRules = (
			);
			dependencies = (
			);
			name = Smashtag;
			productName = Smashtag;
			productReference = 951C2CF91FCC7F9500EC11B2 /* Smashtag.app */;
			productType = "com.apple.product-type.application";
		};
/* End PBXNativeTarget section */

/* Begin PBXProject section */
		951C2CF11FCC7F9500EC11B2 /* Project object */ = {
			isa = PBXProject;
			attributes = {
				LastSwiftUpdateCheck = 0820;
				LastUpgradeCheck = 0910;
				ORGANIZATIONNAME = "Nikhil Arora";
				TargetAttributes = {
					951C2CF81FCC7F9500EC11B2 = {
						CreatedOnToolsVersion = 8.2;
						DevelopmentTeam = MTG9WG4TRR;
						LastSwiftMigration = 0910;
						ProvisioningStyle = Automatic;
					};
				};
			};
			buildConfigurationList = 951C2CF41FCC7F9500EC11B2 /* Build configuration list for PBXProject "Smashtag" */;
			compatibilityVersion = "Xcode 3.2";
			developmentRegion = English;
			hasScannedForEncodings = 0;
			knownRegions = (
				en,
				Base,
			);
			mainGroup = 951C2CF01FCC7F9500EC11B2;
			productRefGroup = 951C2CFA1FCC7F9500EC11B2 /* Products */;
			projectDirPath = "";
			projectRoot = "";
			targets = (
				951C2CF81FCC7F9500EC11B2 /* Smashtag */,
			);
		};
/* End PBXProject section */

/* Begin PBXResourcesBuildPhase section */
		951C2CF71FCC7F9500EC11B2 /* Resources */ = {
			isa = PBXResourcesBuildPhase;
			buildActionMask = 2147483647;
			files = (
				951C2D0A1FCC7F9500EC11B2 /* LaunchScreen.storyboard in Resources */,
				951C2D071FCC7F9500EC11B2 /* Assets.xcassets in Resources */,
				951C2D021FCC7F9500EC11B2 /* Main.storyboard in Resources */,
			);
			runOnlyForDeploymentPostprocessing = 0;
		};
/* End PBXResourcesBuildPhase section */

/* Begin PBXSourcesBuildPhase section */
		951C2CF51FCC7F9500EC11B2 /* Sources */ = {
			isa = PBXSourcesBuildPhase;
			buildActionMask = 2147483647;
			files = (
				95CA07BA1FCEF68400BD862A /* SmashTweetTableViewController.swift in Sources */,
				951C2D131FCD812200EC11B2 /* TweetTableViewController.swift in Sources */,
				95CA07B81FCEF51C00BD862A /* TwitterUser.swift in Sources */,
				9561D7ED1FD191BD0071B1DB /* SmashTweeterTableViewController.swift in Sources */,
				95CA07B61FCEF4F300BD862A /* Tweet.swift in Sources */,
				9561D7F11FD19AD00071B1DB /* UITableViewDataSourcesViewController.swift in Sources */,
				951C2D051FCC7F9500EC11B2 /* Smashtag.xcdatamodeld in Sources */,
				9561D7EF1FD196BE0071B1DB /* FetchResultTableViewController.swift in Sources */,
				951C2CFD1FCC7F9500EC11B2 /* AppDelegate.swift in Sources */,
				95455E681FCDDA4900DE7B7E /* TweetTableViewCell.swift in Sources */,
			);
			runOnlyForDeploymentPostprocessing = 0;
		};
/* End PBXSourcesBuildPhase section */

/* Begin PBXVariantGroup section */
		951C2D001FCC7F9500EC11B2 /* Main.storyboard */ = {
			isa = PBXVariantGroup;
			children = (
				951C2D011FCC7F9500EC11B2 /* Base */,
			);
			name = Main.storyboard;
			sourceTree = "<group>";
		};
		951C2D081FCC7F9500EC11B2 /* LaunchScreen.storyboard */ = {
			isa = PBXVariantGroup;
			children = (
				951C2D091FCC7F9500EC11B2 /* Base */,
			);
			name = LaunchScreen.storyboard;
			sourceTree = "<group>";
		};
/* End PBXVariantGroup section */

/* Begin XCBuildConfiguration section */
		951C2D0C1FCC7F9500EC11B2 /* Debug */ = {
			isa = XCBuildConfiguration;
			buildSettings = {
				ALWAYS_SEARCH_USER_PATHS = NO;
				CLANG_ANALYZER_NONNULL = YES;
				CLANG_CXX_LANGUAGE_STANDARD = "gnu++0x";
				CLANG_CXX_LIBRARY = "libc++";
				CLANG_ENABLE_MODULES = YES;
				CLANG_ENABLE_OBJC_ARC = YES;
				CLANG_WARN_BLOCK_CAPTURE_AUTORELEASING = YES;
				CLANG_WARN_BOOL_CONVERSION = YES;
				CLANG_WARN_COMMA = YES;
				CLANG_WARN_CONSTANT_CONVERSION = YES;
				CLANG_WARN_DIRECT_OBJC_ISA_USAGE = YES_ERROR;
				CLANG_WARN_DOCUMENTATION_COMMENTS = YES;
				CLANG_WARN_EMPTY_BODY = YES;
				CLANG_WARN_ENUM_CONVERSION = YES;
				CLANG_WARN_INFINITE_RECURSION = YES;
				CLANG_WARN_INT_CONVERSION = YES;
				CLANG_WARN_NON_LITERAL_NULL_CONVERSION = YES;
				CLANG_WARN_OBJC_LITERAL_CONVERSION = YES;
				CLANG_WARN_OBJC_ROOT_CLASS = YES_ERROR;
				CLANG_WARN_RANGE_LOOP_ANALYSIS = YES;
				CLANG_WARN_STRICT_PROTOTYPES = YES;
				CLANG_WARN_SUSPICIOUS_MOVE = YES;
				CLANG_WARN_UNREACHABLE_CODE = YES;
				CLANG_WARN__DUPLICATE_METHOD_MATCH = YES;
				"CODE_SIGN_IDENTITY[sdk=iphoneos*]" = "iPhone Developer";
				COPY_PHASE_STRIP = NO;
				DEBUG_INFORMATION_FORMAT = dwarf;
				ENABLE_STRICT_OBJC_MSGSEND = YES;
				ENABLE_TESTABILITY = YES;
				GCC_C_LANGUAGE_STANDARD = gnu99;
				GCC_DYNAMIC_NO_PIC = NO;
				GCC_NO_COMMON_BLOCKS = YES;
				GCC_OPTIMIZATION_LEVEL = 0;
				GCC_PREPROCESSOR_DEFINITIONS = (
					"DEBUG=1",
					"$(inherited)",
				);
				GCC_WARN_64_TO_32_BIT_CONVERSION = YES;
				GCC_WARN_ABOUT_RETURN_TYPE = YES_ERROR;
				GCC_WARN_UNDECLARED_SELECTOR = YES;
				GCC_WARN_UNINITIALIZED_AUTOS = YES_AGGRESSIVE;
				GCC_WARN_UNUSED_FUNCTION = YES;
				GCC_WARN_UNUSED_VARIABLE = YES;
				IPHONEOS_DEPLOYMENT_TARGET = 10.2;
				MTL_ENABLE_DEBUG_INFO = YES;
				ONLY_ACTIVE_ARCH = YES;
				SDKROOT = iphoneos;
				SWIFT_ACTIVE_COMPILATION_CONDITIONS = DEBUG;
				SWIFT_OPTIMIZATION_LEVEL = "-Onone";
			};
			name = Debug;
		};
		951C2D0D1FCC7F9500EC11B2 /* Release */ = {
			isa = XCBuildConfiguration;
			buildSettings = {
				ALWAYS_SEARCH_USER_PATHS = NO;
				CLANG_ANALYZER_NONNULL = YES;
				CLANG_CXX_LANGUAGE_STANDARD = "gnu++0x";
				CLANG_CXX_LIBRARY = "libc++";
				CLANG_ENABLE_MODULES = YES;
				CLANG_ENABLE_OBJC_ARC = YES;
				CLANG_WARN_BLOCK_CAPTURE_AUTORELEASING = YES;
				CLANG_WARN_BOOL_CONVERSION = YES;
				CLANG_WARN_COMMA = YES;
				CLANG_WARN_CONSTANT_CONVERSION = YES;
				CLANG_WARN_DIRECT_OBJC_ISA_USAGE = YES_ERROR;
				CLANG_WARN_DOCUMENTATION_COMMENTS = YES;
				CLANG_WARN_EMPTY_BODY = YES;
				CLANG_WARN_ENUM_CONVERSION = YES;
				CLANG_WARN_INFINITE_RECURSION = YES;
				CLANG_WARN_INT_CONVERSION = YES;
				CLANG_WARN_NON_LITERAL_NULL_CONVERSION = YES;
				CLANG_WARN_OBJC_LITERAL_CONVERSION = YES;
				CLANG_WARN_OBJC_ROOT_CLASS = YES_ERROR;
				CLANG_WARN_RANGE_LOOP_ANALYSIS = YES;
				CLANG_WARN_STRICT_PROTOTYPES = YES;
				CLANG_WARN_SUSPICIOUS_MOVE = YES;
				CLANG_WARN_UNREACHABLE_CODE = YES;
				CLANG_WARN__DUPLICATE_METHOD_MATCH = YES;
				"CODE_SIGN_IDENTITY[sdk=iphoneos*]" = "iPhone Developer";
				COPY_PHASE_STRIP = NO;
				DEBUG_INFORMATION_FORMAT = "dwarf-with-dsym";
				ENABLE_NS_ASSERTIONS = NO;
				ENABLE_STRICT_OBJC_MSGSEND = YES;
				GCC_C_LANGUAGE_STANDARD = gnu99;
				GCC_NO_COMMON_BLOCKS = YES;
				GCC_WARN_64_TO_32_BIT_CONVERSION = YES;
				GCC_WARN_ABOUT_RETURN_TYPE = YES_ERROR;
				GCC_WARN_UNDECLARED_SELECTOR = YES;
				GCC_WARN_UNINITIALIZED_AUTOS = YES_AGGRESSIVE;
				GCC_WARN_UNUSED_FUNCTION = YES;
				GCC_WARN_UNUSED_VARIABLE = YES;
				IPHONEOS_DEPLOYMENT_TARGET = 10.2;
				MTL_ENABLE_DEBUG_INFO = NO;
				SDKROOT = iphoneos;
				SWIFT_OPTIMIZATION_LEVEL = "-Owholemodule";
				VALIDATE_PRODUCT = YES;
			};
			name = Release;
		};
		951C2D0F1FCC7F9500EC11B2 /* Debug */ = {
			isa = XCBuildConfiguration;
			buildSettings = {
				ASSETCATALOG_COMPILER_APPICON_NAME = AppIcon;
				DEVELOPMENT_TEAM = MTG9WG4TRR;
				INFOPLIST_FILE = Smashtag/Info.plist;
				IPHONEOS_DEPLOYMENT_TARGET = 10.2;
				LD_RUNPATH_SEARCH_PATHS = "$(inherited) @executable_path/Frameworks";
				PRODUCT_BUNDLE_IDENTIFIER = com.uneqqee.Smashtag;
				PRODUCT_NAME = "$(TARGET_NAME)";
				SWIFT_SWIFT3_OBJC_INFERENCE = On;
				SWIFT_VERSION = 4.0;
			};
			name = Debug;
		};
		951C2D101FCC7F9500EC11B2 /* Release */ = {
			isa = XCBuildConfiguration;
			buildSettings = {
				ASSETCATALOG_COMPILER_APPICON_NAME = AppIcon;
				DEVELOPMENT_TEAM = MTG9WG4TRR;
				INFOPLIST_FILE = Smashtag/Info.plist;
				IPHONEOS_DEPLOYMENT_TARGET = 10.2;
				LD_RUNPATH_SEARCH_PATHS = "$(inherited) @executable_path/Frameworks";
				PRODUCT_BUNDLE_IDENTIFIER = com.uneqqee.Smashtag;
				PRODUCT_NAME = "$(TARGET_NAME)";
				SWIFT_SWIFT3_OBJC_INFERENCE = On;
				SWIFT_VERSION = 4.0;
			};
			name = Release;
		};
/* End XCBuildConfiguration section */

/* Begin XCConfigurationList section */
		951C2CF41FCC7F9500EC11B2 /* Build configuration list for PBXProject "Smashtag" */ = {
			isa = XCConfigurationList;
			buildConfigurations = (
				951C2D0C1FCC7F9500EC11B2 /* Debug */,
				951C2D0D1FCC7F9500EC11B2 /* Release */,
			);
			defaultConfigurationIsVisible = 0;
			defaultConfigurationName = Release;
		};
		951C2D0E1FCC7F9500EC11B2 /* Build configuration list for PBXNativeTarget "Smashtag" */ = {
			isa = XCConfigurationList;
			buildConfigurations = (
				951C2D0F1FCC7F9500EC11B2 /* Debug */,
				951C2D101FCC7F9500EC11B2 /* Release */,
			);
			defaultConfigurationIsVisible = 0;
			defaultConfigurationName = Release;
		};
/* End XCConfigurationList section */

/* Begin XCVersionGroup section */
		951C2D031FCC7F9500EC11B2 /* Smashtag.xcdatamodeld */ = {
			isa = XCVersionGroup;
			children = (
				951C2D041FCC7F9500EC11B2 /* Smashtag.xcdatamodel */,
			);
			currentVersion = 951C2D041FCC7F9500EC11B2 /* Smashtag.xcdatamodel */;
			path = Smashtag.xcdatamodeld;
			sourceTree = "<group>";
			versionGroupType = wrapper.xcdatamodel;
		};
/* End XCVersionGroup section */
	};
	rootObject = 951C2CF11FCC7F9500EC11B2 /* Project object */;
}
