// !$*UTF8*$!
{
	archiveVersion = 1;
	classes = {
	};
	objectVersion = 46;
	objects = {

/* Begin PBXBuildFile section */
		F42171A21DD1C03D0093C82D /* AppDelegate.swift in Sources */ = {isa = PBXBuildFile; fileRef = F42171A11DD1C03D0093C82D /* AppDelegate.swift */; };
		F42171A71DD1C03D0093C82D /* Main.storyboard in Resources */ = {isa = PBXBuildFile; fileRef = F42171A51DD1C03D0093C82D /* Main.storyboard */; };
		F42171A91DD1C03D0093C82D /* Assets.xcassets in Resources */ = {isa = PBXBuildFile; fileRef = F42171A81DD1C03D0093C82D /* Assets.xcassets */; };
		F42171AC1DD1C03D0093C82D /* LaunchScreen.storyboard in Resources */ = {isa = PBXBuildFile; fileRef = F42171AA1DD1C03D0093C82D /* LaunchScreen.storyboard */; };
		F42171B41DD1C0540093C82D /* TripViewController.swift in Sources */ = {isa = PBXBuildFile; fileRef = F42171B31DD1C0540093C82D /* TripViewController.swift */; };
		F42171B61DD2C30A0093C82D /* TripCollectionViewCell.swift in Sources */ = {isa = PBXBuildFile; fileRef = F42171B51DD2C30A0093C82D /* TripCollectionViewCell.swift */; };
		F42171B81DD2DC840093C82D /* Trip.swift in Sources */ = {isa = PBXBuildFile; fileRef = F42171B71DD2DC840093C82D /* Trip.swift */; };
/* End PBXBuildFile section */

/* Begin PBXFileReference section */
		F421719E1DD1C03D0093C82D /* TripCard.app */ = {isa = PBXFileReference; explicitFileType = wrapper.application; includeInIndex = 0; path = TripCard.app; sourceTree = BUILT_PRODUCTS_DIR; };
		F42171A11DD1C03D0093C82D /* AppDelegate.swift */ = {isa = PBXFileReference; lastKnownFileType = sourcecode.swift; path = AppDelegate.swift; sourceTree = "<group>"; };
		F42171A61DD1C03D0093C82D /* Base */ = {isa = PBXFileReference; lastKnownFileType = file.storyboard; name = Base; path = Base.lproj/Main.storyboard; sourceTree = "<group>"; };
		F42171A81DD1C03D0093C82D /* Assets.xcassets */ = {isa = PBXFileReference; lastKnownFileType = folder.assetcatalog; path = Assets.xcassets; sourceTree = "<group>"; };
		F42171AB1DD1C03D0093C82D /* Base */ = {isa = PBXFileReference; lastKnownFileType = file.storyboard; name = Base; path = Base.lproj/LaunchScreen.storyboard; sourceTree = "<group>"; };
		F42171AD1DD1C03D0093C82D /* Info.plist */ = {isa = PBXFileReference; lastKnownFileType = text.plist.xml; path = Info.plist; sourceTree = "<group>"; };
		F42171B31DD1C0540093C82D /* TripViewController.swift */ = {isa = PBXFileReference; fileEncoding = 4; lastKnownFileType = sourcecode.swift; path = TripViewController.swift; sourceTree = "<group>"; };
		F42171B51DD2C30A0093C82D /* TripCollectionViewCell.swift */ = {isa = PBXFileReference; fileEncoding = 4; lastKnownFileType = sourcecode.swift; path = TripCollectionViewCell.swift; sourceTree = "<group>"; };
		F42171B71DD2DC840093C82D /* Trip.swift */ = {isa = PBXFileReference; fileEncoding = 4; lastKnownFileType = sourcecode.swift; path = Trip.swift; sourceTree = "<group>"; };
/* End PBXFileReference section */

/* Begin PBXFrameworksBuildPhase section */
		F421719B1DD1C03D0093C82D /* Frameworks */ = {
			isa = PBXFrameworksBuildPhase;
			buildActionMask = 2147483647;
			files = (
			);
			runOnlyForDeploymentPostprocessing = 0;
		};
/* End PBXFrameworksBuildPhase section */

/* Begin PBXGroup section */
		F42171951DD1C03D0093C82D = {
			isa = PBXGroup;
			children = (
				F42171A01DD1C03D0093C82D /* TripCard */,
				F421719F1DD1C03D0093C82D /* Products */,
			);
			sourceTree = "<group>";
		};
		F421719F1DD1C03D0093C82D /* Products */ = {
			isa = PBXGroup;
			children = (
				F421719E1DD1C03D0093C82D /* TripCard.app */,
			);
			name = Products;
			sourceTree = "<group>";
		};
		F42171A01DD1C03D0093C82D /* TripCard */ = {
			isa = PBXGroup;
			children = (
				F42171A11DD1C03D0093C82D /* AppDelegate.swift */,
				F42171A51DD1C03D0093C82D /* Main.storyboard */,
				F42171A81DD1C03D0093C82D /* Assets.xcassets */,
				F42171AA1DD1C03D0093C82D /* LaunchScreen.storyboard */,
				F42171AD1DD1C03D0093C82D /* Info.plist */,
				F42171B31DD1C0540093C82D /* TripViewController.swift */,
				F42171B51DD2C30A0093C82D /* TripCollectionViewCell.swift */,
				F42171B71DD2DC840093C82D /* Trip.swift */,
			);
			path = TripCard;
			sourceTree = "<group>";
		};
/* End PBXGroup section */

/* Begin PBXNativeTarget section */
		F421719D1DD1C03D0093C82D /* TripCard */ = {
			isa = PBXNativeTarget;
			buildConfigurationList = F42171B01DD1C03D0093C82D /* Build configuration list for PBXNativeTarget "TripCard" */;
			buildPhases = (
				F421719A1DD1C03D0093C82D /* Sources */,
				F421719B1DD1C03D0093C82D /* Frameworks */,
				F421719C1DD1C03D0093C82D /* Resources */,
			);
			buildRules = (
			);
			dependencies = (
			);
			name = TripCard;
			productName = TripCard;
			productReference = F421719E1DD1C03D0093C82D /* TripCard.app */;
			productType = "com.apple.product-type.application";
		};
/* End PBXNativeTarget section */

/* Begin PBXProject section */
		F42171961DD1C03D0093C82D /* Project object */ = {
			isa = PBXProject;
			attributes = {
				LastSwiftUpdateCheck = 0810;
				LastUpgradeCheck = 0810;
				ORGANIZATIONNAME = AppCoda;
				TargetAttributes = {
					F421719D1DD1C03D0093C82D = {
						CreatedOnToolsVersion = 8.1;
						ProvisioningStyle = Automatic;
					};
				};
			};
			buildConfigurationList = F42171991DD1C03D0093C82D /* Build configuration list for PBXProject "TripCard" */;
			compatibilityVersion = "Xcode 3.2";
			developmentRegion = English;
			hasScannedForEncodings = 0;
			knownRegions = (
				en,
				Base,
			);
			mainGroup = F42171951DD1C03D0093C82D;
			productRefGroup = F421719F1DD1C03D0093C82D /* Products */;
			projectDirPath = "";
			projectRoot = "";
			targets = (
				F421719D1DD1C03D0093C82D /* TripCard */,
			);
		};
/* End PBXProject section */

/* Begin PBXResourcesBuildPhase section */
		F421719C1DD1C03D0093C82D /* Resources */ = {
			isa = PBXResourcesBuildPhase;
			buildActionMask = 2147483647;
			files = (
				F42171AC1DD1C03D0093C82D /* LaunchScreen.storyboard in Resources */,
				F42171A91DD1C03D0093C82D /* Assets.xcassets in Resources */,
				F42171A71DD1C03D0093C82D /* Main.storyboard in Resources */,
			);
			runOnlyForDeploymentPostprocessing = 0;
		};
/* End PBXResourcesBuildPhase section */

/* Begin PBXSourcesBuildPhase section */
		F421719A1DD1C03D0093C82D /* Sources */ = {
			isa = PBXSourcesBuildPhase;
			buildActionMask = 2147483647;
			files = (
				F42171B81DD2DC840093C82D /* Trip.swift in Sources */,
				F42171A21DD1C03D0093C82D /* AppDelegate.swift in Sources */,
				F42171B41DD1C0540093C82D /* TripViewController.swift in Sources */,
				F42171B61DD2C30A0093C82D /* TripCollectionViewCell.swift in Sources */,
			);
			runOnlyForDeploymentPostprocessing = 0;
		};
/* End PBXSourcesBuildPhase section */

/* Begin PBXVariantGroup section */
		F42171A51DD1C03D0093C82D /* Main.storyboard */ = {
			isa = PBXVariantGroup;
			children = (
				F42171A61DD1C03D0093C82D /* Base */,
			);
			name = Main.storyboard;
			sourceTree = "<group>";
		};
		F42171AA1DD1C03D0093C82D /* LaunchScreen.storyboard */ = {
			isa = PBXVariantGroup;
			children = (
				F42171AB1DD1C03D0093C82D /* Base */,
			);
			name = LaunchScreen.storyboard;
			sourceTree = "<group>";
		};
/* End PBXVariantGroup section */

/* Begin XCBuildConfiguration section */
		F42171AE1DD1C03D0093C82D /* Debug */ = {
			isa = XCBuildConfiguration;
			buildSettings = {
				ALWAYS_SEARCH_USER_PATHS = NO;
				CLANG_ANALYZER_NONNULL = YES;
				CLANG_CXX_LANGUAGE_STANDARD = "gnu++0x";
				CLANG_CXX_LIBRARY = "libc++";
				CLANG_ENABLE_MODULES = YES;
				CLANG_ENABLE_OBJC_ARC = YES;
				CLANG_WARN_BOOL_CONVERSION = YES;
				CLANG_WARN_CONSTANT_CONVERSION = YES;
				CLANG_WARN_DIRECT_OBJC_ISA_USAGE = YES_ERROR;
				CLANG_WARN_DOCUMENTATION_COMMENTS = YES;
				CLANG_WARN_EMPTY_BODY = YES;
				CLANG_WARN_ENUM_CONVERSION = YES;
				CLANG_WARN_INFINITE_RECURSION = YES;
				CLANG_WARN_INT_CONVERSION = YES;
				CLANG_WARN_OBJC_ROOT_CLASS = YES_ERROR;
				CLANG_WARN_SUSPICIOUS_MOVES = YES;
				CLANG_WARN_UNREACHABLE_CODE = YES;
				CLANG_WARN__DUPLICATE_METHOD_MATCH = YES;
				"CODE_SIGN_IDENTITY[sdk=iphoneos*]" = "iPhone Developer";
				COPY_PHASE_STRIP = NO;
				DEBUG_INFORMATION_FORMAT = dwarf;
				ENABLE_STRICT_OBJC_MSGSEND = YES;
				ENABLE_TESTABILITY = YES;
				GCC_C_LANGUAGE_STANDARD = gnu99;
				GCC_DYNAMIC_NO_PIC = NO;
				GCC_NO_COMMON_BLOCKS = YES;
				GCC_OPTIMIZATION_LEVEL = 0;
				GCC_PREPROCESSOR_DEFINITIONS = (
					"DEBUG=1",
					"$(inherited)",
				);
				GCC_WARN_64_TO_32_BIT_CONVERSION = YES;
				GCC_WARN_ABOUT_RETURN_TYPE = YES_ERROR;
				GCC_WARN_UNDECLARED_SELECTOR = YES;
				GCC_WARN_UNINITIALIZED_AUTOS = YES_AGGRESSIVE;
				GCC_WARN_UNUSED_FUNCTION = YES;
				GCC_WARN_UNUSED_VARIABLE = YES;
				IPHONEOS_DEPLOYMENT_TARGET = 10.0;
				MTL_ENABLE_DEBUG_INFO = YES;
				ONLY_ACTIVE_ARCH = YES;
				SDKROOT = iphoneos;
				SWIFT_ACTIVE_COMPILATION_CONDITIONS = DEBUG;
				SWIFT_OPTIMIZATION_LEVEL = "-Onone";
			};
			name = Debug;
		};
		F42171AF1DD1C03D0093C82D /* Release */ = {
			isa = XCBuildConfiguration;
			buildSettings = {
				ALWAYS_SEARCH_USER_PATHS = NO;
				CLANG_ANALYZER_NONNULL = YES;
				CLANG_CXX_LANGUAGE_STANDARD = "gnu++0x";
				CLANG_CXX_LIBRARY = "libc++";
				CLANG_ENABLE_MODULES = YES;
				CLANG_ENABLE_OBJC_ARC = YES;
				CLANG_WARN_BOOL_CONVERSION = YES;
				CLANG_WARN_CONSTANT_CONVERSION = YES;
				CLANG_WARN_DIRECT_OBJC_ISA_USAGE = YES_ERROR;
				CLANG_WARN_DOCUMENTATION_COMMENTS = YES;
				CLANG_WARN_EMPTY_BODY = YES;
				CLANG_WARN_ENUM_CONVERSION = YES;
				CLANG_WARN_INFINITE_RECURSION = YES;
				CLANG_WARN_INT_CONVERSION = YES;
				CLANG_WARN_OBJC_ROOT_CLASS = YES_ERROR;
				CLANG_WARN_SUSPICIOUS_MOVES = YES;
				CLANG_WARN_UNREACHABLE_CODE = YES;
				CLANG_WARN__DUPLICATE_METHOD_MATCH = YES;
				"CODE_SIGN_IDENTITY[sdk=iphoneos*]" = "iPhone Developer";
				COPY_PHASE_STRIP = NO;
				DEBUG_INFORMATION_FORMAT = "dwarf-with-dsym";
				ENABLE_NS_ASSERTIONS = NO;
				ENABLE_STRICT_OBJC_MSGSEND = YES;
				GCC_C_LANGUAGE_STANDARD = gnu99;
				GCC_NO_COMMON_BLOCKS = YES;
				GCC_WARN_64_TO_32_BIT_CONVERSION = YES;
				GCC_WARN_ABOUT_RETURN_TYPE = YES_ERROR;
				GCC_WARN_UNDECLARED_SELECTOR = YES;
				GCC_WARN_UNINITIALIZED_AUTOS = YES_AGGRESSIVE;
				GCC_WARN_UNUSED_FUNCTION = YES;
				GCC_WARN_UNUSED_VARIABLE = YES;
				IPHONEOS_DEPLOYMENT_TARGET = 10.0;
				MTL_ENABLE_DEBUG_INFO = NO;
				SDKROOT = iphoneos;
				SWIFT_OPTIMIZATION_LEVEL = "-Owholemodule";
				VALIDATE_PRODUCT = YES;
			};
			name = Release;
		};
		F42171B11DD1C03D0093C82D /* Debug */ = {
			isa = XCBuildConfiguration;
			buildSettings = {
				ASSETCATALOG_COMPILER_APPICON_NAME = AppIcon;
				INFOPLIST_FILE = TripCard/Info.plist;
				LD_RUNPATH_SEARCH_PATHS = "$(inherited) @executable_path/Frameworks";
				PRODUCT_BUNDLE_IDENTIFIER = com.appcoda.TripCard;
				PRODUCT_NAME = "$(TARGET_NAME)";
				SWIFT_VERSION = 3.0;
				TARGETED_DEVICE_FAMILY = "1,2";
			};
			name = Debug;
		};
		F42171B21DD1C03D0093C82D /* Release */ = {
			isa = XCBuildConfiguration;
			buildSettings = {
				ASSETCATALOG_COMPILER_APPICON_NAME = AppIcon;
				INFOPLIST_FILE = TripCard/Info.plist;
				LD_RUNPATH_SEARCH_PATHS = "$(inherited) @executable_path/Frameworks";
				PRODUCT_BUNDLE_IDENTIFIER = com.appcoda.TripCard;
				PRODUCT_NAME = "$(TARGET_NAME)";
				SWIFT_VERSION = 3.0;
				TARGETED_DEVICE_FAMILY = "1,2";
			};
			name = Release;
		};
/* End XCBuildConfiguration section */

/* Begin XCConfigurationList section */
		F42171991DD1C03D0093C82D /* Build configuration list for PBXProject "TripCard" */ = {
			isa = XCConfigurationList;
			buildConfigurations = (
				F42171AE1DD1C03D0093C82D /* Debug */,
				F42171AF1DD1C03D0093C82D /* Release */,
			);
			defaultConfigurationIsVisible = 0;
			defaultConfigurationName = Release;
		};
		F42171B01DD1C03D0093C82D /* Build configuration list for PBXNativeTarget "TripCard" */ = {
			isa = XCConfigurationList;
			buildConfigurations = (
				F42171B11DD1C03D0093C82D /* Debug */,
				F42171B21DD1C03D0093C82D /* Release */,
			);
			defaultConfigurationIsVisible = 0;
			defaultConfigurationName = Release;
		};
/* End XCConfigurationList section */
	};
	rootObject = F42171961DD1C03D0093C82D /* Project object */;
}
