// !$*UTF8*$!
{
	archiveVersion = 1;
	classes = {
	};
	objectVersion = 48;
	objects = {

/* Begin PBXBuildFile section */
		95D3C3741FE049E100C143EA /* AppDelegate.swift in Sources */ = {isa = PBXBuildFile; fileRef = 95D3C3731FE049E100C143EA /* AppDelegate.swift */; };
		95D3C3761FE049E100C143EA /* ViewController.swift in Sources */ = {isa = PBXBuildFile; fileRef = 95D3C3751FE049E100C143EA /* ViewController.swift */; };
		95D3C3791FE049E100C143EA /* Main.storyboard in Resources */ = {isa = PBXBuildFile; fileRef = 95D3C3771FE049E100C143EA /* Main.storyboard */; };
		95D3C37C1FE049E100C143EA /* TwitterSplash.xcdatamodeld in Sources */ = {isa = PBXBuildFile; fileRef = 95D3C37A1FE049E100C143EA /* TwitterSplash.xcdatamodeld */; };
		95D3C37E1FE049E100C143EA /* Assets.xcassets in Resources */ = {isa = PBXBuildFile; fileRef = 95D3C37D1FE049E100C143EA /* Assets.xcassets */; };
		95D3C3811FE049E100C143EA /* LaunchScreen.storyboard in Resources */ = {isa = PBXBuildFile; fileRef = 95D3C37F1FE049E100C143EA /* LaunchScreen.storyboard */; };
		95D3C38C1FE049E100C143EA /* TwitterSplashTests.swift in Sources */ = {isa = PBXBuildFile; fileRef = 95D3C38B1FE049E100C143EA /* TwitterSplashTests.swift */; };
		95D3C3971FE049E100C143EA /* TwitterSplashUITests.swift in Sources */ = {isa = PBXBuildFile; fileRef = 95D3C3961FE049E100C143EA /* TwitterSplashUITests.swift */; };
/* End PBXBuildFile section */

/* Begin PBXContainerItemProxy section */
		95D3C3881FE049E100C143EA /* PBXContainerItemProxy */ = {
			isa = PBXContainerItemProxy;
			containerPortal = 95D3C3681FE049E100C143EA /* Project object */;
			proxyType = 1;
			remoteGlobalIDString = 95D3C36F1FE049E100C143EA;
			remoteInfo = TwitterSplash;
		};
		95D3C3931FE049E100C143EA /* PBXContainerItemProxy */ = {
			isa = PBXContainerItemProxy;
			containerPortal = 95D3C3681FE049E100C143EA /* Project object */;
			proxyType = 1;
			remoteGlobalIDString = 95D3C36F1FE049E100C143EA;
			remoteInfo = TwitterSplash;
		};
/* End PBXContainerItemProxy section */

/* Begin PBXFileReference section */
		95D3C3701FE049E100C143EA /* TwitterSplash.app */ = {isa = PBXFileReference; explicitFileType = wrapper.application; includeInIndex = 0; path = TwitterSplash.app; sourceTree = BUILT_PRODUCTS_DIR; };
		95D3C3731FE049E100C143EA /* AppDelegate.swift */ = {isa = PBXFileReference; lastKnownFileType = sourcecode.swift; path = AppDelegate.swift; sourceTree = "<group>"; };
		95D3C3751FE049E100C143EA /* ViewController.swift */ = {isa = PBXFileReference; lastKnownFileType = sourcecode.swift; path = ViewController.swift; sourceTree = "<group>"; };
		95D3C3781FE049E100C143EA /* Base */ = {isa = PBXFileReference; lastKnownFileType = file.storyboard; name = Base; path = Base.lproj/Main.storyboard; sourceTree = "<group>"; };
		95D3C37B1FE049E100C143EA /* TwitterSplash.xcdatamodel */ = {isa = PBXFileReference; lastKnownFileType = wrapper.xcdatamodel; path = TwitterSplash.xcdatamodel; sourceTree = "<group>"; };
		95D3C37D1FE049E100C143EA /* Assets.xcassets */ = {isa = PBXFileReference; lastKnownFileType = folder.assetcatalog; path = Assets.xcassets; sourceTree = "<group>"; };
		95D3C3801FE049E100C143EA /* Base */ = {isa = PBXFileReference; lastKnownFileType = file.storyboard; name = Base; path = Base.lproj/LaunchScreen.storyboard; sourceTree = "<group>"; };
		95D3C3821FE049E100C143EA /* Info.plist */ = {isa = PBXFileReference; lastKnownFileType = text.plist.xml; path = Info.plist; sourceTree = "<group>"; };
		95D3C3871FE049E100C143EA /* TwitterSplashTests.xctest */ = {isa = PBXFileReference; explicitFileType = wrapper.cfbundle; includeInIndex = 0; path = TwitterSplashTests.xctest; sourceTree = BUILT_PRODUCTS_DIR; };
		95D3C38B1FE049E100C143EA /* TwitterSplashTests.swift */ = {isa = PBXFileReference; lastKnownFileType = sourcecode.swift; path = TwitterSplashTests.swift; sourceTree = "<group>"; };
		95D3C38D1FE049E100C143EA /* Info.plist */ = {isa = PBXFileReference; lastKnownFileType = text.plist.xml; path = Info.plist; sourceTree = "<group>"; };
		95D3C3921FE049E100C143EA /* TwitterSplashUITests.xctest */ = {isa = PBXFileReference; explicitFileType = wrapper.cfbundle; includeInIndex = 0; path = TwitterSplashUITests.xctest; sourceTree = BUILT_PRODUCTS_DIR; };
		95D3C3961FE049E100C143EA /* TwitterSplashUITests.swift */ = {isa = PBXFileReference; lastKnownFileType = sourcecode.swift; path = TwitterSplashUITests.swift; sourceTree = "<group>"; };
		95D3C3981FE049E100C143EA /* Info.plist */ = {isa = PBXFileReference; lastKnownFileType = text.plist.xml; path = Info.plist; sourceTree = "<group>"; };
/* End PBXFileReference section */

/* Begin PBXFrameworksBuildPhase section */
		95D3C36D1FE049E100C143EA /* Frameworks */ = {
			isa = PBXFrameworksBuildPhase;
			buildActionMask = 2147483647;
			files = (
			);
			runOnlyForDeploymentPostprocessing = 0;
		};
		95D3C3841FE049E100C143EA /* Frameworks */ = {
			isa = PBXFrameworksBuildPhase;
			buildActionMask = 2147483647;
			files = (
			);
			runOnlyForDeploymentPostprocessing = 0;
		};
		95D3C38F1FE049E100C143EA /* Frameworks */ = {
			isa = PBXFrameworksBuildPhase;
			buildActionMask = 2147483647;
			files = (
			);
			runOnlyForDeploymentPostprocessing = 0;
		};
/* End PBXFrameworksBuildPhase section */

/* Begin PBXGroup section */
		95D3C3671FE049E100C143EA = {
			isa = PBXGroup;
			children = (
				95D3C3721FE049E100C143EA /* TwitterSplash */,
				95D3C38A1FE049E100C143EA /* TwitterSplashTests */,
				95D3C3951FE049E100C143EA /* TwitterSplashUITests */,
				95D3C3711FE049E100C143EA /* Products */,
			);
			sourceTree = "<group>";
		};
		95D3C3711FE049E100C143EA /* Products */ = {
			isa = PBXGroup;
			children = (
				95D3C3701FE049E100C143EA /* TwitterSplash.app */,
				95D3C3871FE049E100C143EA /* TwitterSplashTests.xctest */,
				95D3C3921FE049E100C143EA /* TwitterSplashUITests.xctest */,
			);
			name = Products;
			sourceTree = "<group>";
		};
		95D3C3721FE049E100C143EA /* TwitterSplash */ = {
			isa = PBXGroup;
			children = (
				95D3C3731FE049E100C143EA /* AppDelegate.swift */,
				95D3C3751FE049E100C143EA /* ViewController.swift */,
				95D3C3771FE049E100C143EA /* Main.storyboard */,
				95D3C37D1FE049E100C143EA /* Assets.xcassets */,
				95D3C37F1FE049E100C143EA /* LaunchScreen.storyboard */,
				95D3C3821FE049E100C143EA /* Info.plist */,
				95D3C37A1FE049E100C143EA /* TwitterSplash.xcdatamodeld */,
			);
			path = TwitterSplash;
			sourceTree = "<group>";
		};
		95D3C38A1FE049E100C143EA /* TwitterSplashTests */ = {
			isa = PBXGroup;
			children = (
				95D3C38B1FE049E100C143EA /* TwitterSplashTests.swift */,
				95D3C38D1FE049E100C143EA /* Info.plist */,
			);
			path = TwitterSplashTests;
			sourceTree = "<group>";
		};
		95D3C3951FE049E100C143EA /* TwitterSplashUITests */ = {
			isa = PBXGroup;
			children = (
				95D3C3961FE049E100C143EA /* TwitterSplashUITests.swift */,
				95D3C3981FE049E100C143EA /* Info.plist */,
			);
			path = TwitterSplashUITests;
			sourceTree = "<group>";
		};
/* End PBXGroup section */

/* Begin PBXNativeTarget section */
		95D3C36F1FE049E100C143EA /* TwitterSplash */ = {
			isa = PBXNativeTarget;
			buildConfigurationList = 95D3C39B1FE049E100C143EA /* Build configuration list for PBXNativeTarget "TwitterSplash" */;
			buildPhases = (
				95D3C36C1FE049E100C143EA /* Sources */,
				95D3C36D1FE049E100C143EA /* Frameworks */,
				95D3C36E1FE049E100C143EA /* Resources */,
			);
			buildRules = (
			);
			dependencies = (
			);
			name = TwitterSplash;
			productName = TwitterSplash;
			productReference = 95D3C3701FE049E100C143EA /* TwitterSplash.app */;
			productType = "com.apple.product-type.application";
		};
		95D3C3861FE049E100C143EA /* TwitterSplashTests */ = {
			isa = PBXNativeTarget;
			buildConfigurationList = 95D3C39E1FE049E100C143EA /* Build configuration list for PBXNativeTarget "TwitterSplashTests" */;
			buildPhases = (
				95D3C3831FE049E100C143EA /* Sources */,
				95D3C3841FE049E100C143EA /* Frameworks */,
				95D3C3851FE049E100C143EA /* Resources */,
			);
			buildRules = (
			);
			dependencies = (
				95D3C3891FE049E100C143EA /* PBXTargetDependency */,
			);
			name = TwitterSplashTests;
			productName = TwitterSplashTests;
			productReference = 95D3C3871FE049E100C143EA /* TwitterSplashTests.xctest */;
			productType = "com.apple.product-type.bundle.unit-test";
		};
		95D3C3911FE049E100C143EA /* TwitterSplashUITests */ = {
			isa = PBXNativeTarget;
			buildConfigurationList = 95D3C3A11FE049E100C143EA /* Build configuration list for PBXNativeTarget "TwitterSplashUITests" */;
			buildPhases = (
				95D3C38E1FE049E100C143EA /* Sources */,
				95D3C38F1FE049E100C143EA /* Frameworks */,
				95D3C3901FE049E100C143EA /* Resources */,
			);
			buildRules = (
			);
			dependencies = (
				95D3C3941FE049E100C143EA /* PBXTargetDependency */,
			);
			name = TwitterSplashUITests;
			productName = TwitterSplashUITests;
			productReference = 95D3C3921FE049E100C143EA /* TwitterSplashUITests.xctest */;
			productType = "com.apple.product-type.bundle.ui-testing";
		};
/* End PBXNativeTarget section */

/* Begin PBXProject section */
		95D3C3681FE049E100C143EA /* Project object */ = {
			isa = PBXProject;
			attributes = {
				LastSwiftUpdateCheck = 0920;
				LastUpgradeCheck = 0920;
				ORGANIZATIONNAME = "Nikhil Arora";
				TargetAttributes = {
					95D3C36F1FE049E100C143EA = {
						CreatedOnToolsVersion = 9.2;
						ProvisioningStyle = Automatic;
					};
					95D3C3861FE049E100C143EA = {
						CreatedOnToolsVersion = 9.2;
						ProvisioningStyle = Automatic;
						TestTargetID = 95D3C36F1FE049E100C143EA;
					};
					95D3C3911FE049E100C143EA = {
						CreatedOnToolsVersion = 9.2;
						ProvisioningStyle = Automatic;
						TestTargetID = 95D3C36F1FE049E100C143EA;
					};
				};
			};
			buildConfigurationList = 95D3C36B1FE049E100C143EA /* Build configuration list for PBXProject "TwitterSplash" */;
			compatibilityVersion = "Xcode 8.0";
			developmentRegion = en;
			hasScannedForEncodings = 0;
			knownRegions = (
				en,
				Base,
			);
			mainGroup = 95D3C3671FE049E100C143EA;
			productRefGroup = 95D3C3711FE049E100C143EA /* Products */;
			projectDirPath = "";
			projectRoot = "";
			targets = (
				95D3C36F1FE049E100C143EA /* TwitterSplash */,
				95D3C3861FE049E100C143EA /* TwitterSplashTests */,
				95D3C3911FE049E100C143EA /* TwitterSplashUITests */,
			);
		};
/* End PBXProject section */

/* Begin PBXResourcesBuildPhase section */
		95D3C36E1FE049E100C143EA /* Resources */ = {
			isa = PBXResourcesBuildPhase;
			buildActionMask = 2147483647;
			files = (
				95D3C3811FE049E100C143EA /* LaunchScreen.storyboard in Resources */,
				95D3C37E1FE049E100C143EA /* Assets.xcassets in Resources */,
				95D3C3791FE049E100C143EA /* Main.storyboard in Resources */,
			);
			runOnlyForDeploymentPostprocessing = 0;
		};
		95D3C3851FE049E100C143EA /* Resources */ = {
			isa = PBXResourcesBuildPhase;
			buildActionMask = 2147483647;
			files = (
			);
			runOnlyForDeploymentPostprocessing = 0;
		};
		95D3C3901FE049E100C143EA /* Resources */ = {
			isa = PBXResourcesBuildPhase;
			buildActionMask = 2147483647;
			files = (
			);
			runOnlyForDeploymentPostprocessing = 0;
		};
/* End PBXResourcesBuildPhase section */

/* Begin PBXSourcesBuildPhase section */
		95D3C36C1FE049E100C143EA /* Sources */ = {
			isa = PBXSourcesBuildPhase;
			buildActionMask = 2147483647;
			files = (
				95D3C3761FE049E100C143EA /* ViewController.swift in Sources */,
				95D3C37C1FE049E100C143EA /* TwitterSplash.xcdatamodeld in Sources */,
				95D3C3741FE049E100C143EA /* AppDelegate.swift in Sources */,
			);
			runOnlyForDeploymentPostprocessing = 0;
		};
		95D3C3831FE049E100C143EA /* Sources */ = {
			isa = PBXSourcesBuildPhase;
			buildActionMask = 2147483647;
			files = (
				95D3C38C1FE049E100C143EA /* TwitterSplashTests.swift in Sources */,
			);
			runOnlyForDeploymentPostprocessing = 0;
		};
		95D3C38E1FE049E100C143EA /* Sources */ = {
			isa = PBXSourcesBuildPhase;
			buildActionMask = 2147483647;
			files = (
				95D3C3971FE049E100C143EA /* TwitterSplashUITests.swift in Sources */,
			);
			runOnlyForDeploymentPostprocessing = 0;
		};
/* End PBXSourcesBuildPhase section */

/* Begin PBXTargetDependency section */
		95D3C3891FE049E100C143EA /* PBXTargetDependency */ = {
			isa = PBXTargetDependency;
			target = 95D3C36F1FE049E100C143EA /* TwitterSplash */;
			targetProxy = 95D3C3881FE049E100C143EA /* PBXContainerItemProxy */;
		};
		95D3C3941FE049E100C143EA /* PBXTargetDependency */ = {
			isa = PBXTargetDependency;
			target = 95D3C36F1FE049E100C143EA /* TwitterSplash */;
			targetProxy = 95D3C3931FE049E100C143EA /* PBXContainerItemProxy */;
		};
/* End PBXTargetDependency section */

/* Begin PBXVariantGroup section */
		95D3C3771FE049E100C143EA /* Main.storyboard */ = {
			isa = PBXVariantGroup;
			children = (
				95D3C3781FE049E100C143EA /* Base */,
			);
			name = Main.storyboard;
			sourceTree = "<group>";
		};
		95D3C37F1FE049E100C143EA /* LaunchScreen.storyboard */ = {
			isa = PBXVariantGroup;
			children = (
				95D3C3801FE049E100C143EA /* Base */,
			);
			name = LaunchScreen.storyboard;
			sourceTree = "<group>";
		};
/* End PBXVariantGroup section */

/* Begin XCBuildConfiguration section */
		95D3C3991FE049E100C143EA /* Debug */ = {
			isa = XCBuildConfiguration;
			buildSettings = {
				ALWAYS_SEARCH_USER_PATHS = NO;
				CLANG_ANALYZER_NONNULL = YES;
				CLANG_ANALYZER_NUMBER_OBJECT_CONVERSION = YES_AGGRESSIVE;
				CLANG_CXX_LANGUAGE_STANDARD = "gnu++14";
				CLANG_CXX_LIBRARY = "libc++";
				CLANG_ENABLE_MODULES = YES;
				CLANG_ENABLE_OBJC_ARC = YES;
				CLANG_WARN_BLOCK_CAPTURE_AUTORELEASING = YES;
				CLANG_WARN_BOOL_CONVERSION = YES;
				CLANG_WARN_COMMA = YES;
				CLANG_WARN_CONSTANT_CONVERSION = YES;
				CLANG_WARN_DIRECT_OBJC_ISA_USAGE = YES_ERROR;
				CLANG_WARN_DOCUMENTATION_COMMENTS = YES;
				CLANG_WARN_EMPTY_BODY = YES;
				CLANG_WARN_ENUM_CONVERSION = YES;
				CLANG_WARN_INFINITE_RECURSION = YES;
				CLANG_WARN_INT_CONVERSION = YES;
				CLANG_WARN_NON_LITERAL_NULL_CONVERSION = YES;
				CLANG_WARN_OBJC_LITERAL_CONVERSION = YES;
				CLANG_WARN_OBJC_ROOT_CLASS = YES_ERROR;
				CLANG_WARN_RANGE_LOOP_ANALYSIS = YES;
				CLANG_WARN_STRICT_PROTOTYPES = YES;
				CLANG_WARN_SUSPICIOUS_MOVE = YES;
				CLANG_WARN_UNGUARDED_AVAILABILITY = YES_AGGRESSIVE;
				CLANG_WARN_UNREACHABLE_CODE = YES;
				CLANG_WARN__DUPLICATE_METHOD_MATCH = YES;
				CODE_SIGN_IDENTITY = "iPhone Developer";
				COPY_PHASE_STRIP = NO;
				DEBUG_INFORMATION_FORMAT = dwarf;
				ENABLE_STRICT_OBJC_MSGSEND = YES;
				ENABLE_TESTABILITY = YES;
				GCC_C_LANGUAGE_STANDARD = gnu11;
				GCC_DYNAMIC_NO_PIC = NO;
				GCC_NO_COMMON_BLOCKS = YES;
				GCC_OPTIMIZATION_LEVEL = 0;
				GCC_PREPROCESSOR_DEFINITIONS = (
					"DEBUG=1",
					"$(inherited)",
				);
				GCC_WARN_64_TO_32_BIT_CONVERSION = YES;
				GCC_WARN_ABOUT_RETURN_TYPE = YES_ERROR;
				GCC_WARN_UNDECLARED_SELECTOR = YES;
				GCC_WARN_UNINITIALIZED_AUTOS = YES_AGGRESSIVE;
				GCC_WARN_UNUSED_FUNCTION = YES;
				GCC_WARN_UNUSED_VARIABLE = YES;
				IPHONEOS_DEPLOYMENT_TARGET = 11.2;
				MTL_ENABLE_DEBUG_INFO = YES;
				ONLY_ACTIVE_ARCH = YES;
				SDKROOT = iphoneos;
				SWIFT_ACTIVE_COMPILATION_CONDITIONS = DEBUG;
				SWIFT_OPTIMIZATION_LEVEL = "-Onone";
			};
			name = Debug;
		};
		95D3C39A1FE049E100C143EA /* Release */ = {
			isa = XCBuildConfiguration;
			buildSettings = {
				ALWAYS_SEARCH_USER_PATHS = NO;
				CLANG_ANALYZER_NONNULL = YES;
				CLANG_ANALYZER_NUMBER_OBJECT_CONVERSION = YES_AGGRESSIVE;
				CLANG_CXX_LANGUAGE_STANDARD = "gnu++14";
				CLANG_CXX_LIBRARY = "libc++";
				CLANG_ENABLE_MODULES = YES;
				CLANG_ENABLE_OBJC_ARC = YES;
				CLANG_WARN_BLOCK_CAPTURE_AUTORELEASING = YES;
				CLANG_WARN_BOOL_CONVERSION = YES;
				CLANG_WARN_COMMA = YES;
				CLANG_WARN_CONSTANT_CONVERSION = YES;
				CLANG_WARN_DIRECT_OBJC_ISA_USAGE = YES_ERROR;
				CLANG_WARN_DOCUMENTATION_COMMENTS = YES;
				CLANG_WARN_EMPTY_BODY = YES;
				CLANG_WARN_ENUM_CONVERSION = YES;
				CLANG_WARN_INFINITE_RECURSION = YES;
				CLANG_WARN_INT_CONVERSION = YES;
				CLANG_WARN_NON_LITERAL_NULL_CONVERSION = YES;
				CLANG_WARN_OBJC_LITERAL_CONVERSION = YES;
				CLANG_WARN_OBJC_ROOT_CLASS = YES_ERROR;
				CLANG_WARN_RANGE_LOOP_ANALYSIS = YES;
				CLANG_WARN_STRICT_PROTOTYPES = YES;
				CLANG_WARN_SUSPICIOUS_MOVE = YES;
				CLANG_WARN_UNGUARDED_AVAILABILITY = YES_AGGRESSIVE;
				CLANG_WARN_UNREACHABLE_CODE = YES;
				CLANG_WARN__DUPLICATE_METHOD_MATCH = YES;
				CODE_SIGN_IDENTITY = "iPhone Developer";
				COPY_PHASE_STRIP = NO;
				DEBUG_INFORMATION_FORMAT = "dwarf-with-dsym";
				ENABLE_NS_ASSERTIONS = NO;
				ENABLE_STRICT_OBJC_MSGSEND = YES;
				GCC_C_LANGUAGE_STANDARD = gnu11;
				GCC_NO_COMMON_BLOCKS = YES;
				GCC_WARN_64_TO_32_BIT_CONVERSION = YES;
				GCC_WARN_ABOUT_RETURN_TYPE = YES_ERROR;
				GCC_WARN_UNDECLARED_SELECTOR = YES;
				GCC_WARN_UNINITIALIZED_AUTOS = YES_AGGRESSIVE;
				GCC_WARN_UNUSED_FUNCTION = YES;
				GCC_WARN_UNUSED_VARIABLE = YES;
				IPHONEOS_DEPLOYMENT_TARGET = 11.2;
				MTL_ENABLE_DEBUG_INFO = NO;
				SDKROOT = iphoneos;
				SWIFT_OPTIMIZATION_LEVEL = "-Owholemodule";
				VALIDATE_PRODUCT = YES;
			};
			name = Release;
		};
		95D3C39C1FE049E100C143EA /* Debug */ = {
			isa = XCBuildConfiguration;
			buildSettings = {
				ASSETCATALOG_COMPILER_APPICON_NAME = AppIcon;
				CODE_SIGN_STYLE = Automatic;
				DEVELOPMENT_TEAM = MTG9WG4TRR;
				INFOPLIST_FILE = TwitterSplash/Info.plist;
				LD_RUNPATH_SEARCH_PATHS = "$(inherited) @executable_path/Frameworks";
				PRODUCT_BUNDLE_IDENTIFIER = com.uneqqee.TwitterSplash;
				PRODUCT_NAME = "$(TARGET_NAME)";
				SWIFT_VERSION = 4.0;
				TARGETED_DEVICE_FAMILY = "1,2";
			};
			name = Debug;
		};
		95D3C39D1FE049E100C143EA /* Release */ = {
			isa = XCBuildConfiguration;
			buildSettings = {
				ASSETCATALOG_COMPILER_APPICON_NAME = AppIcon;
				CODE_SIGN_STYLE = Automatic;
				DEVELOPMENT_TEAM = MTG9WG4TRR;
				INFOPLIST_FILE = TwitterSplash/Info.plist;
				LD_RUNPATH_SEARCH_PATHS = "$(inherited) @executable_path/Frameworks";
				PRODUCT_BUNDLE_IDENTIFIER = com.uneqqee.TwitterSplash;
				PRODUCT_NAME = "$(TARGET_NAME)";
				SWIFT_VERSION = 4.0;
				TARGETED_DEVICE_FAMILY = "1,2";
			};
			name = Release;
		};
		95D3C39F1FE049E100C143EA /* Debug */ = {
			isa = XCBuildConfiguration;
			buildSettings = {
				ALWAYS_EMBED_SWIFT_STANDARD_LIBRARIES = YES;
				BUNDLE_LOADER = "$(TEST_HOST)";
				CODE_SIGN_STYLE = Automatic;
				DEVELOPMENT_TEAM = MTG9WG4TRR;
				INFOPLIST_FILE = TwitterSplashTests/Info.plist;
				LD_RUNPATH_SEARCH_PATHS = "$(inherited) @executable_path/Frameworks @loader_path/Frameworks";
				PRODUCT_BUNDLE_IDENTIFIER = com.uneqqee.TwitterSplashTests;
				PRODUCT_NAME = "$(TARGET_NAME)";
				SWIFT_VERSION = 4.0;
				TARGETED_DEVICE_FAMILY = "1,2";
				TEST_HOST = "$(BUILT_PRODUCTS_DIR)/TwitterSplash.app/TwitterSplash";
			};
			name = Debug;
		};
		95D3C3A01FE049E100C143EA /* Release */ = {
			isa = XCBuildConfiguration;
			buildSettings = {
				ALWAYS_EMBED_SWIFT_STANDARD_LIBRARIES = YES;
				BUNDLE_LOADER = "$(TEST_HOST)";
				CODE_SIGN_STYLE = Automatic;
				DEVELOPMENT_TEAM = MTG9WG4TRR;
				INFOPLIST_FILE = TwitterSplashTests/Info.plist;
				LD_RUNPATH_SEARCH_PATHS = "$(inherited) @executable_path/Frameworks @loader_path/Frameworks";
				PRODUCT_BUNDLE_IDENTIFIER = com.uneqqee.TwitterSplashTests;
				PRODUCT_NAME = "$(TARGET_NAME)";
				SWIFT_VERSION = 4.0;
				TARGETED_DEVICE_FAMILY = "1,2";
				TEST_HOST = "$(BUILT_PRODUCTS_DIR)/TwitterSplash.app/TwitterSplash";
			};
			name = Release;
		};
		95D3C3A21FE049E100C143EA /* Debug */ = {
			isa = XCBuildConfiguration;
			buildSettings = {
				ALWAYS_EMBED_SWIFT_STANDARD_LIBRARIES = YES;
				CODE_SIGN_STYLE = Automatic;
				DEVELOPMENT_TEAM = MTG9WG4TRR;
				INFOPLIST_FILE = TwitterSplashUITests/Info.plist;
				LD_RUNPATH_SEARCH_PATHS = "$(inherited) @executable_path/Frameworks @loader_path/Frameworks";
				PRODUCT_BUNDLE_IDENTIFIER = com.uneqqee.TwitterSplashUITests;
				PRODUCT_NAME = "$(TARGET_NAME)";
				SWIFT_VERSION = 4.0;
				TARGETED_DEVICE_FAMILY = "1,2";
				TEST_TARGET_NAME = TwitterSplash;
			};
			name = Debug;
		};
		95D3C3A31FE049E100C143EA /* Release */ = {
			isa = XCBuildConfiguration;
			buildSettings = {
				ALWAYS_EMBED_SWIFT_STANDARD_LIBRARIES = YES;
				CODE_SIGN_STYLE = Automatic;
				DEVELOPMENT_TEAM = MTG9WG4TRR;
				INFOPLIST_FILE = TwitterSplashUITests/Info.plist;
				LD_RUNPATH_SEARCH_PATHS = "$(inherited) @executable_path/Frameworks @loader_path/Frameworks";
				PRODUCT_BUNDLE_IDENTIFIER = com.uneqqee.TwitterSplashUITests;
				PRODUCT_NAME = "$(TARGET_NAME)";
				SWIFT_VERSION = 4.0;
				TARGETED_DEVICE_FAMILY = "1,2";
				TEST_TARGET_NAME = TwitterSplash;
			};
			name = Release;
		};
/* End XCBuildConfiguration section */

/* Begin XCConfigurationList section */
		95D3C36B1FE049E100C143EA /* Build configuration list for PBXProject "TwitterSplash" */ = {
			isa = XCConfigurationList;
			buildConfigurations = (
				95D3C3991FE049E100C143EA /* Debug */,
				95D3C39A1FE049E100C143EA /* Release */,
			);
			defaultConfigurationIsVisible = 0;
			defaultConfigurationName = Release;
		};
		95D3C39B1FE049E100C143EA /* Build configuration list for PBXNativeTarget "TwitterSplash" */ = {
			isa = XCConfigurationList;
			buildConfigurations = (
				95D3C39C1FE049E100C143EA /* Debug */,
				95D3C39D1FE049E100C143EA /* Release */,
			);
			defaultConfigurationIsVisible = 0;
			defaultConfigurationName = Release;
		};
		95D3C39E1FE049E100C143EA /* Build configuration list for PBXNativeTarget "TwitterSplashTests" */ = {
			isa = XCConfigurationList;
			buildConfigurations = (
				95D3C39F1FE049E100C143EA /* Debug */,
				95D3C3A01FE049E100C143EA /* Release */,
			);
			defaultConfigurationIsVisible = 0;
			defaultConfigurationName = Release;
		};
		95D3C3A11FE049E100C143EA /* Build configuration list for PBXNativeTarget "TwitterSplashUITests" */ = {
			isa = XCConfigurationList;
			buildConfigurations = (
				95D3C3A21FE049E100C143EA /* Debug */,
				95D3C3A31FE049E100C143EA /* Release */,
			);
			defaultConfigurationIsVisible = 0;
			defaultConfigurationName = Release;
		};
/* End XCConfigurationList section */

/* Begin XCVersionGroup section */
		95D3C37A1FE049E100C143EA /* TwitterSplash.xcdatamodeld */ = {
			isa = XCVersionGroup;
			children = (
				95D3C37B1FE049E100C143EA /* TwitterSplash.xcdatamodel */,
			);
			currentVersion = 95D3C37B1FE049E100C143EA /* TwitterSplash.xcdatamodel */;
			path = TwitterSplash.xcdatamodeld;
			sourceTree = "<group>";
			versionGroupType = wrapper.xcdatamodel;
		};
/* End XCVersionGroup section */
	};
	rootObject = 95D3C3681FE049E100C143EA /* Project object */;
}
