// !$*UTF8*$!
{
	archiveVersion = 1;
	classes = {
	};
	objectVersion = 48;
	objects = {

/* Begin PBXBuildFile section */
		95D3C2801FE0147E00C143EA /* AppDelegate.swift in Sources */ = {isa = PBXBuildFile; fileRef = 95D3C27F1FE0147E00C143EA /* AppDelegate.swift */; };
		95D3C2821FE0147E00C143EA /* ViewController.swift in Sources */ = {isa = PBXBuildFile; fileRef = 95D3C2811FE0147E00C143EA /* ViewController.swift */; };
		95D3C2851FE0147E00C143EA /* Main.storyboard in Resources */ = {isa = PBXBuildFile; fileRef = 95D3C2831FE0147E00C143EA /* Main.storyboard */; };
		95D3C2881FE0147E00C143EA /* Hello_World.xcdatamodeld in Sources */ = {isa = PBXBuildFile; fileRef = 95D3C2861FE0147E00C143EA /* Hello_World.xcdatamodeld */; };
		95D3C28A1FE0147E00C143EA /* Assets.xcassets in Resources */ = {isa = PBXBuildFile; fileRef = 95D3C2891FE0147E00C143EA /* Assets.xcassets */; };
		95D3C28D1FE0147E00C143EA /* LaunchScreen.storyboard in Resources */ = {isa = PBXBuildFile; fileRef = 95D3C28B1FE0147E00C143EA /* LaunchScreen.storyboard */; };
		95D3C2981FE0147E00C143EA /* Hello_WorldTests.swift in Sources */ = {isa = PBXBuildFile; fileRef = 95D3C2971FE0147E00C143EA /* Hello_WorldTests.swift */; };
		95D3C2A31FE0147E00C143EA /* Hello_WorldUITests.swift in Sources */ = {isa = PBXBuildFile; fileRef = 95D3C2A21FE0147E00C143EA /* Hello_WorldUITests.swift */; };
/* End PBXBuildFile section */

/* Begin PBXContainerItemProxy section */
		95D3C2941FE0147E00C143EA /* PBXContainerItemProxy */ = {
			isa = PBXContainerItemProxy;
			containerPortal = 95D3C2741FE0147D00C143EA /* Project object */;
			proxyType = 1;
			remoteGlobalIDString = 95D3C27B1FE0147D00C143EA;
			remoteInfo = "Hello World";
		};
		95D3C29F1FE0147E00C143EA /* PBXContainerItemProxy */ = {
			isa = PBXContainerItemProxy;
			containerPortal = 95D3C2741FE0147D00C143EA /* Project object */;
			proxyType = 1;
			remoteGlobalIDString = 95D3C27B1FE0147D00C143EA;
			remoteInfo = "Hello World";
		};
/* End PBXContainerItemProxy section */

/* Begin PBXFileReference section */
		95D3C27C1FE0147D00C143EA /* Hello World.app */ = {isa = PBXFileReference; explicitFileType = wrapper.application; includeInIndex = 0; path = "Hello World.app"; sourceTree = BUILT_PRODUCTS_DIR; };
		95D3C27F1FE0147E00C143EA /* AppDelegate.swift */ = {isa = PBXFileReference; lastKnownFileType = sourcecode.swift; path = AppDelegate.swift; sourceTree = "<group>"; };
		95D3C2811FE0147E00C143EA /* ViewController.swift */ = {isa = PBXFileReference; lastKnownFileType = sourcecode.swift; path = ViewController.swift; sourceTree = "<group>"; };
		95D3C2841FE0147E00C143EA /* Base */ = {isa = PBXFileReference; lastKnownFileType = file.storyboard; name = Base; path = Base.lproj/Main.storyboard; sourceTree = "<group>"; };
		95D3C2871FE0147E00C143EA /* Hello_World.xcdatamodel */ = {isa = PBXFileReference; lastKnownFileType = wrapper.xcdatamodel; path = Hello_World.xcdatamodel; sourceTree = "<group>"; };
		95D3C2891FE0147E00C143EA /* Assets.xcassets */ = {isa = PBXFileReference; lastKnownFileType = folder.assetcatalog; path = Assets.xcassets; sourceTree = "<group>"; };
		95D3C28C1FE0147E00C143EA /* Base */ = {isa = PBXFileReference; lastKnownFileType = file.storyboard; name = Base; path = Base.lproj/LaunchScreen.storyboard; sourceTree = "<group>"; };
		95D3C28E1FE0147E00C143EA /* Info.plist */ = {isa = PBXFileReference; lastKnownFileType = text.plist.xml; path = Info.plist; sourceTree = "<group>"; };
		95D3C2931FE0147E00C143EA /* Hello WorldTests.xctest */ = {isa = PBXFileReference; explicitFileType = wrapper.cfbundle; includeInIndex = 0; path = "Hello WorldTests.xctest"; sourceTree = BUILT_PRODUCTS_DIR; };
		95D3C2971FE0147E00C143EA /* Hello_WorldTests.swift */ = {isa = PBXFileReference; lastKnownFileType = sourcecode.swift; path = Hello_WorldTests.swift; sourceTree = "<group>"; };
		95D3C2991FE0147E00C143EA /* Info.plist */ = {isa = PBXFileReference; lastKnownFileType = text.plist.xml; path = Info.plist; sourceTree = "<group>"; };
		95D3C29E1FE0147E00C143EA /* Hello WorldUITests.xctest */ = {isa = PBXFileReference; explicitFileType = wrapper.cfbundle; includeInIndex = 0; path = "Hello WorldUITests.xctest"; sourceTree = BUILT_PRODUCTS_DIR; };
		95D3C2A21FE0147E00C143EA /* Hello_WorldUITests.swift */ = {isa = PBXFileReference; lastKnownFileType = sourcecode.swift; path = Hello_WorldUITests.swift; sourceTree = "<group>"; };
		95D3C2A41FE0147E00C143EA /* Info.plist */ = {isa = PBXFileReference; lastKnownFileType = text.plist.xml; path = Info.plist; sourceTree = "<group>"; };
/* End PBXFileReference section */

/* Begin PBXFrameworksBuildPhase section */
		95D3C2791FE0147D00C143EA /* Frameworks */ = {
			isa = PBXFrameworksBuildPhase;
			buildActionMask = 2147483647;
			files = (
			);
			runOnlyForDeploymentPostprocessing = 0;
		};
		95D3C2901FE0147E00C143EA /* Frameworks */ = {
			isa = PBXFrameworksBuildPhase;
			buildActionMask = 2147483647;
			files = (
			);
			runOnlyForDeploymentPostprocessing = 0;
		};
		95D3C29B1FE0147E00C143EA /* Frameworks */ = {
			isa = PBXFrameworksBuildPhase;
			buildActionMask = 2147483647;
			files = (
			);
			runOnlyForDeploymentPostprocessing = 0;
		};
/* End PBXFrameworksBuildPhase section */

/* Begin PBXGroup section */
		95D3C2731FE0147D00C143EA = {
			isa = PBXGroup;
			children = (
				95D3C27E1FE0147E00C143EA /* Hello World */,
				95D3C2961FE0147E00C143EA /* Hello WorldTests */,
				95D3C2A11FE0147E00C143EA /* Hello WorldUITests */,
				95D3C27D1FE0147E00C143EA /* Products */,
			);
			sourceTree = "<group>";
		};
		95D3C27D1FE0147E00C143EA /* Products */ = {
			isa = PBXGroup;
			children = (
				95D3C27C1FE0147D00C143EA /* Hello World.app */,
				95D3C2931FE0147E00C143EA /* Hello WorldTests.xctest */,
				95D3C29E1FE0147E00C143EA /* Hello WorldUITests.xctest */,
			);
			name = Products;
			sourceTree = "<group>";
		};
		95D3C27E1FE0147E00C143EA /* Hello World */ = {
			isa = PBXGroup;
			children = (
				95D3C27F1FE0147E00C143EA /* AppDelegate.swift */,
				95D3C2811FE0147E00C143EA /* ViewController.swift */,
				95D3C2831FE0147E00C143EA /* Main.storyboard */,
				95D3C2891FE0147E00C143EA /* Assets.xcassets */,
				95D3C28B1FE0147E00C143EA /* LaunchScreen.storyboard */,
				95D3C28E1FE0147E00C143EA /* Info.plist */,
				95D3C2861FE0147E00C143EA /* Hello_World.xcdatamodeld */,
			);
			path = "Hello World";
			sourceTree = "<group>";
		};
		95D3C2961FE0147E00C143EA /* Hello WorldTests */ = {
			isa = PBXGroup;
			children = (
				95D3C2971FE0147E00C143EA /* Hello_WorldTests.swift */,
				95D3C2991FE0147E00C143EA /* Info.plist */,
			);
			path = "Hello WorldTests";
			sourceTree = "<group>";
		};
		95D3C2A11FE0147E00C143EA /* Hello WorldUITests */ = {
			isa = PBXGroup;
			children = (
				95D3C2A21FE0147E00C143EA /* Hello_WorldUITests.swift */,
				95D3C2A41FE0147E00C143EA /* Info.plist */,
			);
			path = "Hello WorldUITests";
			sourceTree = "<group>";
		};
/* End PBXGroup section */

/* Begin PBXNativeTarget section */
		95D3C27B1FE0147D00C143EA /* Hello World */ = {
			isa = PBXNativeTarget;
			buildConfigurationList = 95D3C2A71FE0147E00C143EA /* Build configuration list for PBXNativeTarget "Hello World" */;
			buildPhases = (
				95D3C2781FE0147D00C143EA /* Sources */,
				95D3C2791FE0147D00C143EA /* Frameworks */,
				95D3C27A1FE0147D00C143EA /* Resources */,
			);
			buildRules = (
			);
			dependencies = (
			);
			name = "Hello World";
			productName = "Hello World";
			productReference = 95D3C27C1FE0147D00C143EA /* Hello World.app */;
			productType = "com.apple.product-type.application";
		};
		95D3C2921FE0147E00C143EA /* Hello WorldTests */ = {
			isa = PBXNativeTarget;
			buildConfigurationList = 95D3C2AA1FE0147E00C143EA /* Build configuration list for PBXNativeTarget "Hello WorldTests" */;
			buildPhases = (
				95D3C28F1FE0147E00C143EA /* Sources */,
				95D3C2901FE0147E00C143EA /* Frameworks */,
				95D3C2911FE0147E00C143EA /* Resources */,
			);
			buildRules = (
			);
			dependencies = (
				95D3C2951FE0147E00C143EA /* PBXTargetDependency */,
			);
			name = "Hello WorldTests";
			productName = "Hello WorldTests";
			productReference = 95D3C2931FE0147E00C143EA /* Hello WorldTests.xctest */;
			productType = "com.apple.product-type.bundle.unit-test";
		};
		95D3C29D1FE0147E00C143EA /* Hello WorldUITests */ = {
			isa = PBXNativeTarget;
			buildConfigurationList = 95D3C2AD1FE0147E00C143EA /* Build configuration list for PBXNativeTarget "Hello WorldUITests" */;
			buildPhases = (
				95D3C29A1FE0147E00C143EA /* Sources */,
				95D3C29B1FE0147E00C143EA /* Frameworks */,
				95D3C29C1FE0147E00C143EA /* Resources */,
			);
			buildRules = (
			);
			dependencies = (
				95D3C2A01FE0147E00C143EA /* PBXTargetDependency */,
			);
			name = "Hello WorldUITests";
			productName = "Hello WorldUITests";
			productReference = 95D3C29E1FE0147E00C143EA /* Hello WorldUITests.xctest */;
			productType = "com.apple.product-type.bundle.ui-testing";
		};
/* End PBXNativeTarget section */

/* Begin PBXProject section */
		95D3C2741FE0147D00C143EA /* Project object */ = {
			isa = PBXProject;
			attributes = {
				LastSwiftUpdateCheck = 0920;
				LastUpgradeCheck = 0920;
				ORGANIZATIONNAME = "Nikhil Arora";
				TargetAttributes = {
					95D3C27B1FE0147D00C143EA = {
						CreatedOnToolsVersion = 9.2;
						ProvisioningStyle = Automatic;
					};
					95D3C2921FE0147E00C143EA = {
						CreatedOnToolsVersion = 9.2;
						ProvisioningStyle = Automatic;
						TestTargetID = 95D3C27B1FE0147D00C143EA;
					};
					95D3C29D1FE0147E00C143EA = {
						CreatedOnToolsVersion = 9.2;
						ProvisioningStyle = Automatic;
						TestTargetID = 95D3C27B1FE0147D00C143EA;
					};
				};
			};
			buildConfigurationList = 95D3C2771FE0147D00C143EA /* Build configuration list for PBXProject "Hello World" */;
			compatibilityVersion = "Xcode 8.0";
			developmentRegion = en;
			hasScannedForEncodings = 0;
			knownRegions = (
				en,
				Base,
			);
			mainGroup = 95D3C2731FE0147D00C143EA;
			productRefGroup = 95D3C27D1FE0147E00C143EA /* Products */;
			projectDirPath = "";
			projectRoot = "";
			targets = (
				95D3C27B1FE0147D00C143EA /* Hello World */,
				95D3C2921FE0147E00C143EA /* Hello WorldTests */,
				95D3C29D1FE0147E00C143EA /* Hello WorldUITests */,
			);
		};
/* End PBXProject section */

/* Begin PBXResourcesBuildPhase section */
		95D3C27A1FE0147D00C143EA /* Resources */ = {
			isa = PBXResourcesBuildPhase;
			buildActionMask = 2147483647;
			files = (
				95D3C28D1FE0147E00C143EA /* LaunchScreen.storyboard in Resources */,
				95D3C28A1FE0147E00C143EA /* Assets.xcassets in Resources */,
				95D3C2851FE0147E00C143EA /* Main.storyboard in Resources */,
			);
			runOnlyForDeploymentPostprocessing = 0;
		};
		95D3C2911FE0147E00C143EA /* Resources */ = {
			isa = PBXResourcesBuildPhase;
			buildActionMask = 2147483647;
			files = (
			);
			runOnlyForDeploymentPostprocessing = 0;
		};
		95D3C29C1FE0147E00C143EA /* Resources */ = {
			isa = PBXResourcesBuildPhase;
			buildActionMask = 2147483647;
			files = (
			);
			runOnlyForDeploymentPostprocessing = 0;
		};
/* End PBXResourcesBuildPhase section */

/* Begin PBXSourcesBuildPhase section */
		95D3C2781FE0147D00C143EA /* Sources */ = {
			isa = PBXSourcesBuildPhase;
			buildActionMask = 2147483647;
			files = (
				95D3C2881FE0147E00C143EA /* Hello_World.xcdatamodeld in Sources */,
				95D3C2821FE0147E00C143EA /* ViewController.swift in Sources */,
				95D3C2801FE0147E00C143EA /* AppDelegate.swift in Sources */,
			);
			runOnlyForDeploymentPostprocessing = 0;
		};
		95D3C28F1FE0147E00C143EA /* Sources */ = {
			isa = PBXSourcesBuildPhase;
			buildActionMask = 2147483647;
			files = (
				95D3C2981FE0147E00C143EA /* Hello_WorldTests.swift in Sources */,
			);
			runOnlyForDeploymentPostprocessing = 0;
		};
		95D3C29A1FE0147E00C143EA /* Sources */ = {
			isa = PBXSourcesBuildPhase;
			buildActionMask = 2147483647;
			files = (
				95D3C2A31FE0147E00C143EA /* Hello_WorldUITests.swift in Sources */,
			);
			runOnlyForDeploymentPostprocessing = 0;
		};
/* End PBXSourcesBuildPhase section */

/* Begin PBXTargetDependency section */
		95D3C2951FE0147E00C143EA /* PBXTargetDependency */ = {
			isa = PBXTargetDependency;
			target = 95D3C27B1FE0147D00C143EA /* Hello World */;
			targetProxy = 95D3C2941FE0147E00C143EA /* PBXContainerItemProxy */;
		};
		95D3C2A01FE0147E00C143EA /* PBXTargetDependency */ = {
			isa = PBXTargetDependency;
			target = 95D3C27B1FE0147D00C143EA /* Hello World */;
			targetProxy = 95D3C29F1FE0147E00C143EA /* PBXContainerItemProxy */;
		};
/* End PBXTargetDependency section */

/* Begin PBXVariantGroup section */
		95D3C2831FE0147E00C143EA /* Main.storyboard */ = {
			isa = PBXVariantGroup;
			children = (
				95D3C2841FE0147E00C143EA /* Base */,
			);
			name = Main.storyboard;
			sourceTree = "<group>";
		};
		95D3C28B1FE0147E00C143EA /* LaunchScreen.storyboard */ = {
			isa = PBXVariantGroup;
			children = (
				95D3C28C1FE0147E00C143EA /* Base */,
			);
			name = LaunchScreen.storyboard;
			sourceTree = "<group>";
		};
/* End PBXVariantGroup section */

/* Begin XCBuildConfiguration section */
		95D3C2A51FE0147E00C143EA /* Debug */ = {
			isa = XCBuildConfiguration;
			buildSettings = {
				ALWAYS_SEARCH_USER_PATHS = NO;
				CLANG_ANALYZER_NONNULL = YES;
				CLANG_ANALYZER_NUMBER_OBJECT_CONVERSION = YES_AGGRESSIVE;
				CLANG_CXX_LANGUAGE_STANDARD = "gnu++14";
				CLANG_CXX_LIBRARY = "libc++";
				CLANG_ENABLE_MODULES = YES;
				CLANG_ENABLE_OBJC_ARC = YES;
				CLANG_WARN_BLOCK_CAPTURE_AUTORELEASING = YES;
				CLANG_WARN_BOOL_CONVERSION = YES;
				CLANG_WARN_COMMA = YES;
				CLANG_WARN_CONSTANT_CONVERSION = YES;
				CLANG_WARN_DIRECT_OBJC_ISA_USAGE = YES_ERROR;
				CLANG_WARN_DOCUMENTATION_COMMENTS = YES;
				CLANG_WARN_EMPTY_BODY = YES;
				CLANG_WARN_ENUM_CONVERSION = YES;
				CLANG_WARN_INFINITE_RECURSION = YES;
				CLANG_WARN_INT_CONVERSION = YES;
				CLANG_WARN_NON_LITERAL_NULL_CONVERSION = YES;
				CLANG_WARN_OBJC_LITERAL_CONVERSION = YES;
				CLANG_WARN_OBJC_ROOT_CLASS = YES_ERROR;
				CLANG_WARN_RANGE_LOOP_ANALYSIS = YES;
				CLANG_WARN_STRICT_PROTOTYPES = YES;
				CLANG_WARN_SUSPICIOUS_MOVE = YES;
				CLANG_WARN_UNGUARDED_AVAILABILITY = YES_AGGRESSIVE;
				CLANG_WARN_UNREACHABLE_CODE = YES;
				CLANG_WARN__DUPLICATE_METHOD_MATCH = YES;
				CODE_SIGN_IDENTITY = "iPhone Developer";
				COPY_PHASE_STRIP = NO;
				DEBUG_INFORMATION_FORMAT = dwarf;
				ENABLE_STRICT_OBJC_MSGSEND = YES;
				ENABLE_TESTABILITY = YES;
				GCC_C_LANGUAGE_STANDARD = gnu11;
				GCC_DYNAMIC_NO_PIC = NO;
				GCC_NO_COMMON_BLOCKS = YES;
				GCC_OPTIMIZATION_LEVEL = 0;
				GCC_PREPROCESSOR_DEFINITIONS = (
					"DEBUG=1",
					"$(inherited)",
				);
				GCC_WARN_64_TO_32_BIT_CONVERSION = YES;
				GCC_WARN_ABOUT_RETURN_TYPE = YES_ERROR;
				GCC_WARN_UNDECLARED_SELECTOR = YES;
				GCC_WARN_UNINITIALIZED_AUTOS = YES_AGGRESSIVE;
				GCC_WARN_UNUSED_FUNCTION = YES;
				GCC_WARN_UNUSED_VARIABLE = YES;
				IPHONEOS_DEPLOYMENT_TARGET = 11.2;
				MTL_ENABLE_DEBUG_INFO = YES;
				ONLY_ACTIVE_ARCH = YES;
				SDKROOT = iphoneos;
				SWIFT_ACTIVE_COMPILATION_CONDITIONS = DEBUG;
				SWIFT_OPTIMIZATION_LEVEL = "-Onone";
			};
			name = Debug;
		};
		95D3C2A61FE0147E00C143EA /* Release */ = {
			isa = XCBuildConfiguration;
			buildSettings = {
				ALWAYS_SEARCH_USER_PATHS = NO;
				CLANG_ANALYZER_NONNULL = YES;
				CLANG_ANALYZER_NUMBER_OBJECT_CONVERSION = YES_AGGRESSIVE;
				CLANG_CXX_LANGUAGE_STANDARD = "gnu++14";
				CLANG_CXX_LIBRARY = "libc++";
				CLANG_ENABLE_MODULES = YES;
				CLANG_ENABLE_OBJC_ARC = YES;
				CLANG_WARN_BLOCK_CAPTURE_AUTORELEASING = YES;
				CLANG_WARN_BOOL_CONVERSION = YES;
				CLANG_WARN_COMMA = YES;
				CLANG_WARN_CONSTANT_CONVERSION = YES;
				CLANG_WARN_DIRECT_OBJC_ISA_USAGE = YES_ERROR;
				CLANG_WARN_DOCUMENTATION_COMMENTS = YES;
				CLANG_WARN_EMPTY_BODY = YES;
				CLANG_WARN_ENUM_CONVERSION = YES;
				CLANG_WARN_INFINITE_RECURSION = YES;
				CLANG_WARN_INT_CONVERSION = YES;
				CLANG_WARN_NON_LITERAL_NULL_CONVERSION = YES;
				CLANG_WARN_OBJC_LITERAL_CONVERSION = YES;
				CLANG_WARN_OBJC_ROOT_CLASS = YES_ERROR;
				CLANG_WARN_RANGE_LOOP_ANALYSIS = YES;
				CLANG_WARN_STRICT_PROTOTYPES = YES;
				CLANG_WARN_SUSPICIOUS_MOVE = YES;
				CLANG_WARN_UNGUARDED_AVAILABILITY = YES_AGGRESSIVE;
				CLANG_WARN_UNREACHABLE_CODE = YES;
				CLANG_WARN__DUPLICATE_METHOD_MATCH = YES;
				CODE_SIGN_IDENTITY = "iPhone Developer";
				COPY_PHASE_STRIP = NO;
				DEBUG_INFORMATION_FORMAT = "dwarf-with-dsym";
				ENABLE_NS_ASSERTIONS = NO;
				ENABLE_STRICT_OBJC_MSGSEND = YES;
				GCC_C_LANGUAGE_STANDARD = gnu11;
				GCC_NO_COMMON_BLOCKS = YES;
				GCC_WARN_64_TO_32_BIT_CONVERSION = YES;
				GCC_WARN_ABOUT_RETURN_TYPE = YES_ERROR;
				GCC_WARN_UNDECLARED_SELECTOR = YES;
				GCC_WARN_UNINITIALIZED_AUTOS = YES_AGGRESSIVE;
				GCC_WARN_UNUSED_FUNCTION = YES;
				GCC_WARN_UNUSED_VARIABLE = YES;
				IPHONEOS_DEPLOYMENT_TARGET = 11.2;
				MTL_ENABLE_DEBUG_INFO = NO;
				SDKROOT = iphoneos;
				SWIFT_OPTIMIZATION_LEVEL = "-Owholemodule";
				VALIDATE_PRODUCT = YES;
			};
			name = Release;
		};
		95D3C2A81FE0147E00C143EA /* Debug */ = {
			isa = XCBuildConfiguration;
			buildSettings = {
				ASSETCATALOG_COMPILER_APPICON_NAME = AppIcon;
				CODE_SIGN_STYLE = Automatic;
				DEVELOPMENT_TEAM = MTG9WG4TRR;
				INFOPLIST_FILE = "Hello World/Info.plist";
				LD_RUNPATH_SEARCH_PATHS = "$(inherited) @executable_path/Frameworks";
				PRODUCT_BUNDLE_IDENTIFIER = "com.uneqqee.Hello-World";
				PRODUCT_NAME = "$(TARGET_NAME)";
				SWIFT_VERSION = 4.0;
				TARGETED_DEVICE_FAMILY = "1,2";
			};
			name = Debug;
		};
		95D3C2A91FE0147E00C143EA /* Release */ = {
			isa = XCBuildConfiguration;
			buildSettings = {
				ASSETCATALOG_COMPILER_APPICON_NAME = AppIcon;
				CODE_SIGN_STYLE = Automatic;
				DEVELOPMENT_TEAM = MTG9WG4TRR;
				INFOPLIST_FILE = "Hello World/Info.plist";
				LD_RUNPATH_SEARCH_PATHS = "$(inherited) @executable_path/Frameworks";
				PRODUCT_BUNDLE_IDENTIFIER = "com.uneqqee.Hello-World";
				PRODUCT_NAME = "$(TARGET_NAME)";
				SWIFT_VERSION = 4.0;
				TARGETED_DEVICE_FAMILY = "1,2";
			};
			name = Release;
		};
		95D3C2AB1FE0147E00C143EA /* Debug */ = {
			isa = XCBuildConfiguration;
			buildSettings = {
				ALWAYS_EMBED_SWIFT_STANDARD_LIBRARIES = YES;
				BUNDLE_LOADER = "$(TEST_HOST)";
				CODE_SIGN_STYLE = Automatic;
				DEVELOPMENT_TEAM = MTG9WG4TRR;
				INFOPLIST_FILE = "Hello WorldTests/Info.plist";
				LD_RUNPATH_SEARCH_PATHS = "$(inherited) @executable_path/Frameworks @loader_path/Frameworks";
				PRODUCT_BUNDLE_IDENTIFIER = "com.uneqqee.Hello-WorldTests";
				PRODUCT_NAME = "$(TARGET_NAME)";
				SWIFT_VERSION = 4.0;
				TARGETED_DEVICE_FAMILY = "1,2";
				TEST_HOST = "$(BUILT_PRODUCTS_DIR)/Hello World.app/Hello World";
			};
			name = Debug;
		};
		95D3C2AC1FE0147E00C143EA /* Release */ = {
			isa = XCBuildConfiguration;
			buildSettings = {
				ALWAYS_EMBED_SWIFT_STANDARD_LIBRARIES = YES;
				BUNDLE_LOADER = "$(TEST_HOST)";
				CODE_SIGN_STYLE = Automatic;
				DEVELOPMENT_TEAM = MTG9WG4TRR;
				INFOPLIST_FILE = "Hello WorldTests/Info.plist";
				LD_RUNPATH_SEARCH_PATHS = "$(inherited) @executable_path/Frameworks @loader_path/Frameworks";
				PRODUCT_BUNDLE_IDENTIFIER = "com.uneqqee.Hello-WorldTests";
				PRODUCT_NAME = "$(TARGET_NAME)";
				SWIFT_VERSION = 4.0;
				TARGETED_DEVICE_FAMILY = "1,2";
				TEST_HOST = "$(BUILT_PRODUCTS_DIR)/Hello World.app/Hello World";
			};
			name = Release;
		};
		95D3C2AE1FE0147E00C143EA /* Debug */ = {
			isa = XCBuildConfiguration;
			buildSettings = {
				ALWAYS_EMBED_SWIFT_STANDARD_LIBRARIES = YES;
				CODE_SIGN_STYLE = Automatic;
				DEVELOPMENT_TEAM = MTG9WG4TRR;
				INFOPLIST_FILE = "Hello WorldUITests/Info.plist";
				LD_RUNPATH_SEARCH_PATHS = "$(inherited) @executable_path/Frameworks @loader_path/Frameworks";
				PRODUCT_BUNDLE_IDENTIFIER = "com.uneqqee.Hello-WorldUITests";
				PRODUCT_NAME = "$(TARGET_NAME)";
				SWIFT_VERSION = 4.0;
				TARGETED_DEVICE_FAMILY = "1,2";
				TEST_TARGET_NAME = "Hello World";
			};
			name = Debug;
		};
		95D3C2AF1FE0147E00C143EA /* Release */ = {
			isa = XCBuildConfiguration;
			buildSettings = {
				ALWAYS_EMBED_SWIFT_STANDARD_LIBRARIES = YES;
				CODE_SIGN_STYLE = Automatic;
				DEVELOPMENT_TEAM = MTG9WG4TRR;
				INFOPLIST_FILE = "Hello WorldUITests/Info.plist";
				LD_RUNPATH_SEARCH_PATHS = "$(inherited) @executable_path/Frameworks @loader_path/Frameworks";
				PRODUCT_BUNDLE_IDENTIFIER = "com.uneqqee.Hello-WorldUITests";
				PRODUCT_NAME = "$(TARGET_NAME)";
				SWIFT_VERSION = 4.0;
				TARGETED_DEVICE_FAMILY = "1,2";
				TEST_TARGET_NAME = "Hello World";
			};
			name = Release;
		};
/* End XCBuildConfiguration section */

/* Begin XCConfigurationList section */
		95D3C2771FE0147D00C143EA /* Build configuration list for PBXProject "Hello World" */ = {
			isa = XCConfigurationList;
			buildConfigurations = (
				95D3C2A51FE0147E00C143EA /* Debug */,
				95D3C2A61FE0147E00C143EA /* Release */,
			);
			defaultConfigurationIsVisible = 0;
			defaultConfigurationName = Release;
		};
		95D3C2A71FE0147E00C143EA /* Build configuration list for PBXNativeTarget "Hello World" */ = {
			isa = XCConfigurationList;
			buildConfigurations = (
				95D3C2A81FE0147E00C143EA /* Debug */,
				95D3C2A91FE0147E00C143EA /* Release */,
			);
			defaultConfigurationIsVisible = 0;
			defaultConfigurationName = Release;
		};
		95D3C2AA1FE0147E00C143EA /* Build configuration list for PBXNativeTarget "Hello WorldTests" */ = {
			isa = XCConfigurationList;
			buildConfigurations = (
				95D3C2AB1FE0147E00C143EA /* Debug */,
				95D3C2AC1FE0147E00C143EA /* Release */,
			);
			defaultConfigurationIsVisible = 0;
			defaultConfigurationName = Release;
		};
		95D3C2AD1FE0147E00C143EA /* Build configuration list for PBXNativeTarget "Hello WorldUITests" */ = {
			isa = XCConfigurationList;
			buildConfigurations = (
				95D3C2AE1FE0147E00C143EA /* Debug */,
				95D3C2AF1FE0147E00C143EA /* Release */,
			);
			defaultConfigurationIsVisible = 0;
			defaultConfigurationName = Release;
		};
/* End XCConfigurationList section */

/* Begin XCVersionGroup section */
		95D3C2861FE0147E00C143EA /* Hello_World.xcdatamodeld */ = {
			isa = XCVersionGroup;
			children = (
				95D3C2871FE0147E00C143EA /* Hello_World.xcdatamodel */,
			);
			currentVersion = 95D3C2871FE0147E00C143EA /* Hello_World.xcdatamodel */;
			path = Hello_World.xcdatamodeld;
			sourceTree = "<group>";
			versionGroupType = wrapper.xcdatamodel;
		};
/* End XCVersionGroup section */
	};
	rootObject = 95D3C2741FE0147D00C143EA /* Project object */;
}
