// !$*UTF8*$!
{
	archiveVersion = 1;
	classes = {
	};
	objectVersion = 46;
	objects = {

/* Begin PBXBuildFile section */
		F434518D1BC4FD4D007EF29E /* AppDelegate.swift in Sources */ = {isa = PBXBuildFile; fileRef = F434518C1BC4FD4D007EF29E /* AppDelegate.swift */; };
		F434518F1BC4FD4D007EF29E /* ViewController.swift in Sources */ = {isa = PBXBuildFile; fileRef = F434518E1BC4FD4D007EF29E /* ViewController.swift */; };
		F43451921BC4FD4D007EF29E /* Main.storyboard in Resources */ = {isa = PBXBuildFile; fileRef = F43451901BC4FD4D007EF29E /* Main.storyboard */; };
		F43451941BC4FD4D007EF29E /* Assets.xcassets in Resources */ = {isa = PBXBuildFile; fileRef = F43451931BC4FD4D007EF29E /* Assets.xcassets */; };
		F43451971BC4FD4D007EF29E /* LaunchScreen.storyboard in Resources */ = {isa = PBXBuildFile; fileRef = F43451951BC4FD4D007EF29E /* LaunchScreen.storyboard */; };
/* End PBXBuildFile section */

/* Begin PBXFileReference section */
		F43451891BC4FD4D007EF29E /* AdaptiveUIDemo.app */ = {isa = PBXFileReference; explicitFileType = wrapper.application; includeInIndex = 0; path = AdaptiveUIDemo.app; sourceTree = BUILT_PRODUCTS_DIR; };
		F434518C1BC4FD4D007EF29E /* AppDelegate.swift */ = {isa = PBXFileReference; lastKnownFileType = sourcecode.swift; path = AppDelegate.swift; sourceTree = "<group>"; };
		F434518E1BC4FD4D007EF29E /* ViewController.swift */ = {isa = PBXFileReference; lastKnownFileType = sourcecode.swift; path = ViewController.swift; sourceTree = "<group>"; };
		F43451911BC4FD4D007EF29E /* Base */ = {isa = PBXFileReference; lastKnownFileType = file.storyboard; name = Base; path = Base.lproj/Main.storyboard; sourceTree = "<group>"; };
		F43451931BC4FD4D007EF29E /* Assets.xcassets */ = {isa = PBXFileReference; lastKnownFileType = folder.assetcatalog; path = Assets.xcassets; sourceTree = "<group>"; };
		F43451961BC4FD4D007EF29E /* Base */ = {isa = PBXFileReference; lastKnownFileType = file.storyboard; name = Base; path = Base.lproj/LaunchScreen.storyboard; sourceTree = "<group>"; };
		F43451981BC4FD4D007EF29E /* Info.plist */ = {isa = PBXFileReference; lastKnownFileType = text.plist.xml; path = Info.plist; sourceTree = "<group>"; };
/* End PBXFileReference section */

/* Begin PBXFrameworksBuildPhase section */
		F43451861BC4FD4C007EF29E /* Frameworks */ = {
			isa = PBXFrameworksBuildPhase;
			buildActionMask = 2147483647;
			files = (
			);
			runOnlyForDeploymentPostprocessing = 0;
		};
/* End PBXFrameworksBuildPhase section */

/* Begin PBXGroup section */
		F43451801BC4FD4C007EF29E = {
			isa = PBXGroup;
			children = (
				F434518B1BC4FD4D007EF29E /* AdaptiveUIDemo */,
				F434518A1BC4FD4D007EF29E /* Products */,
			);
			sourceTree = "<group>";
		};
		F434518A1BC4FD4D007EF29E /* Products */ = {
			isa = PBXGroup;
			children = (
				F43451891BC4FD4D007EF29E /* AdaptiveUIDemo.app */,
			);
			name = Products;
			sourceTree = "<group>";
		};
		F434518B1BC4FD4D007EF29E /* AdaptiveUIDemo */ = {
			isa = PBXGroup;
			children = (
				F434518C1BC4FD4D007EF29E /* AppDelegate.swift */,
				F434518E1BC4FD4D007EF29E /* ViewController.swift */,
				F43451901BC4FD4D007EF29E /* Main.storyboard */,
				F43451931BC4FD4D007EF29E /* Assets.xcassets */,
				F43451951BC4FD4D007EF29E /* LaunchScreen.storyboard */,
				F43451981BC4FD4D007EF29E /* Info.plist */,
			);
			path = AdaptiveUIDemo;
			sourceTree = "<group>";
		};
/* End PBXGroup section */

/* Begin PBXNativeTarget section */
		F43451881BC4FD4C007EF29E /* AdaptiveUIDemo */ = {
			isa = PBXNativeTarget;
			buildConfigurationList = F434519B1BC4FD4D007EF29E /* Build configuration list for PBXNativeTarget "AdaptiveUIDemo" */;
			buildPhases = (
				F43451851BC4FD4C007EF29E /* Sources */,
				F43451861BC4FD4C007EF29E /* Frameworks */,
				F43451871BC4FD4C007EF29E /* Resources */,
			);
			buildRules = (
			);
			dependencies = (
			);
			name = AdaptiveUIDemo;
			productName = AdaptiveUIDemo;
			productReference = F43451891BC4FD4D007EF29E /* AdaptiveUIDemo.app */;
			productType = "com.apple.product-type.application";
		};
/* End PBXNativeTarget section */

/* Begin PBXProject section */
		F43451811BC4FD4C007EF29E /* Project object */ = {
			isa = PBXProject;
			attributes = {
				LastUpgradeCheck = 0700;
				ORGANIZATIONNAME = AppCoda;
				TargetAttributes = {
					F43451881BC4FD4C007EF29E = {
						CreatedOnToolsVersion = 7.0.1;
					};
				};
			};
			buildConfigurationList = F43451841BC4FD4C007EF29E /* Build configuration list for PBXProject "AdaptiveUIDemo" */;
			compatibilityVersion = "Xcode 3.2";
			developmentRegion = English;
			hasScannedForEncodings = 0;
			knownRegions = (
				en,
				Base,
			);
			mainGroup = F43451801BC4FD4C007EF29E;
			productRefGroup = F434518A1BC4FD4D007EF29E /* Products */;
			projectDirPath = "";
			projectRoot = "";
			targets = (
				F43451881BC4FD4C007EF29E /* AdaptiveUIDemo */,
			);
		};
/* End PBXProject section */

/* Begin PBXResourcesBuildPhase section */
		F43451871BC4FD4C007EF29E /* Resources */ = {
			isa = PBXResourcesBuildPhase;
			buildActionMask = 2147483647;
			files = (
				F43451971BC4FD4D007EF29E /* LaunchScreen.storyboard in Resources */,
				F43451941BC4FD4D007EF29E /* Assets.xcassets in Resources */,
				F43451921BC4FD4D007EF29E /* Main.storyboard in Resources */,
			);
			runOnlyForDeploymentPostprocessing = 0;
		};
/* End PBXResourcesBuildPhase section */

/* Begin PBXSourcesBuildPhase section */
		F43451851BC4FD4C007EF29E /* Sources */ = {
			isa = PBXSourcesBuildPhase;
			buildActionMask = 2147483647;
			files = (
				F434518F1BC4FD4D007EF29E /* ViewController.swift in Sources */,
				F434518D1BC4FD4D007EF29E /* AppDelegate.swift in Sources */,
			);
			runOnlyForDeploymentPostprocessing = 0;
		};
/* End PBXSourcesBuildPhase section */

/* Begin PBXVariantGroup section */
		F43451901BC4FD4D007EF29E /* Main.storyboard */ = {
			isa = PBXVariantGroup;
			children = (
				F43451911BC4FD4D007EF29E /* Base */,
			);
			name = Main.storyboard;
			sourceTree = "<group>";
		};
		F43451951BC4FD4D007EF29E /* LaunchScreen.storyboard */ = {
			isa = PBXVariantGroup;
			children = (
				F43451961BC4FD4D007EF29E /* Base */,
			);
			name = LaunchScreen.storyboard;
			sourceTree = "<group>";
		};
/* End PBXVariantGroup section */

/* Begin XCBuildConfiguration section */
		F43451991BC4FD4D007EF29E /* Debug */ = {
			isa = XCBuildConfiguration;
			buildSettings = {
				ALWAYS_SEARCH_USER_PATHS = NO;
				CLANG_CXX_LANGUAGE_STANDARD = "gnu++0x";
				CLANG_CXX_LIBRARY = "libc++";
				CLANG_ENABLE_MODULES = YES;
				CLANG_ENABLE_OBJC_ARC = YES;
				CLANG_WARN_BOOL_CONVERSION = YES;
				CLANG_WARN_CONSTANT_CONVERSION = YES;
				CLANG_WARN_DIRECT_OBJC_ISA_USAGE = YES_ERROR;
				CLANG_WARN_EMPTY_BODY = YES;
				CLANG_WARN_ENUM_CONVERSION = YES;
				CLANG_WARN_INT_CONVERSION = YES;
				CLANG_WARN_OBJC_ROOT_CLASS = YES_ERROR;
				CLANG_WARN_UNREACHABLE_CODE = YES;
				CLANG_WARN__DUPLICATE_METHOD_MATCH = YES;
				"CODE_SIGN_IDENTITY[sdk=iphoneos*]" = "iPhone Developer";
				COPY_PHASE_STRIP = NO;
				DEBUG_INFORMATION_FORMAT = dwarf;
				ENABLE_STRICT_OBJC_MSGSEND = YES;
				ENABLE_TESTABILITY = YES;
				GCC_C_LANGUAGE_STANDARD = gnu99;
				GCC_DYNAMIC_NO_PIC = NO;
				GCC_NO_COMMON_BLOCKS = YES;
				GCC_OPTIMIZATION_LEVEL = 0;
				GCC_PREPROCESSOR_DEFINITIONS = (
					"DEBUG=1",
					"$(inherited)",
				);
				GCC_WARN_64_TO_32_BIT_CONVERSION = YES;
				GCC_WARN_ABOUT_RETURN_TYPE = YES_ERROR;
				GCC_WARN_UNDECLARED_SELECTOR = YES;
				GCC_WARN_UNINITIALIZED_AUTOS = YES_AGGRESSIVE;
				GCC_WARN_UNUSED_FUNCTION = YES;
				GCC_WARN_UNUSED_VARIABLE = YES;
				IPHONEOS_DEPLOYMENT_TARGET = 9.0;
				MTL_ENABLE_DEBUG_INFO = YES;
				ONLY_ACTIVE_ARCH = YES;
				SDKROOT = iphoneos;
				SWIFT_OPTIMIZATION_LEVEL = "-Onone";
				TARGETED_DEVICE_FAMILY = "1,2";
			};
			name = Debug;
		};
		F434519A1BC4FD4D007EF29E /* Release */ = {
			isa = XCBuildConfiguration;
			buildSettings = {
				ALWAYS_SEARCH_USER_PATHS = NO;
				CLANG_CXX_LANGUAGE_STANDARD = "gnu++0x";
				CLANG_CXX_LIBRARY = "libc++";
				CLANG_ENABLE_MODULES = YES;
				CLANG_ENABLE_OBJC_ARC = YES;
				CLANG_WARN_BOOL_CONVERSION = YES;
				CLANG_WARN_CONSTANT_CONVERSION = YES;
				CLANG_WARN_DIRECT_OBJC_ISA_USAGE = YES_ERROR;
				CLANG_WARN_EMPTY_BODY = YES;
				CLANG_WARN_ENUM_CONVERSION = YES;
				CLANG_WARN_INT_CONVERSION = YES;
				CLANG_WARN_OBJC_ROOT_CLASS = YES_ERROR;
				CLANG_WARN_UNREACHABLE_CODE = YES;
				CLANG_WARN__DUPLICATE_METHOD_MATCH = YES;
				"CODE_SIGN_IDENTITY[sdk=iphoneos*]" = "iPhone Developer";
				COPY_PHASE_STRIP = NO;
				DEBUG_INFORMATION_FORMAT = "dwarf-with-dsym";
				ENABLE_NS_ASSERTIONS = NO;
				ENABLE_STRICT_OBJC_MSGSEND = YES;
				GCC_C_LANGUAGE_STANDARD = gnu99;
				GCC_NO_COMMON_BLOCKS = YES;
				GCC_WARN_64_TO_32_BIT_CONVERSION = YES;
				GCC_WARN_ABOUT_RETURN_TYPE = YES_ERROR;
				GCC_WARN_UNDECLARED_SELECTOR = YES;
				GCC_WARN_UNINITIALIZED_AUTOS = YES_AGGRESSIVE;
				GCC_WARN_UNUSED_FUNCTION = YES;
				GCC_WARN_UNUSED_VARIABLE = YES;
				IPHONEOS_DEPLOYMENT_TARGET = 9.0;
				MTL_ENABLE_DEBUG_INFO = NO;
				SDKROOT = iphoneos;
				TARGETED_DEVICE_FAMILY = "1,2";
				VALIDATE_PRODUCT = YES;
			};
			name = Release;
		};
		F434519C1BC4FD4D007EF29E /* Debug */ = {
			isa = XCBuildConfiguration;
			buildSettings = {
				ASSETCATALOG_COMPILER_APPICON_NAME = AppIcon;
				INFOPLIST_FILE = AdaptiveUIDemo/Info.plist;
				LD_RUNPATH_SEARCH_PATHS = "$(inherited) @executable_path/Frameworks";
				PRODUCT_BUNDLE_IDENTIFIER = com.appcoda.AdaptiveUIDemo;
				PRODUCT_NAME = "$(TARGET_NAME)";
			};
			name = Debug;
		};
		F434519D1BC4FD4D007EF29E /* Release */ = {
			isa = XCBuildConfiguration;
			buildSettings = {
				ASSETCATALOG_COMPILER_APPICON_NAME = AppIcon;
				INFOPLIST_FILE = AdaptiveUIDemo/Info.plist;
				LD_RUNPATH_SEARCH_PATHS = "$(inherited) @executable_path/Frameworks";
				PRODUCT_BUNDLE_IDENTIFIER = com.appcoda.AdaptiveUIDemo;
				PRODUCT_NAME = "$(TARGET_NAME)";
			};
			name = Release;
		};
/* End XCBuildConfiguration section */

/* Begin XCConfigurationList section */
		F43451841BC4FD4C007EF29E /* Build configuration list for PBXProject "AdaptiveUIDemo" */ = {
			isa = XCConfigurationList;
			buildConfigurations = (
				F43451991BC4FD4D007EF29E /* Debug */,
				F434519A1BC4FD4D007EF29E /* Release */,
			);
			defaultConfigurationIsVisible = 0;
			defaultConfigurationName = Release;
		};
		F434519B1BC4FD4D007EF29E /* Build configuration list for PBXNativeTarget "AdaptiveUIDemo" */ = {
			isa = XCConfigurationList;
			buildConfigurations = (
				F434519C1BC4FD4D007EF29E /* Debug */,
				F434519D1BC4FD4D007EF29E /* Release */,
			);
			defaultConfigurationIsVisible = 0;
		};
/* End XCConfigurationList section */
	};
	rootObject = F43451811BC4FD4C007EF29E /* Project object */;
}
