// !$*UTF8*$!
{
	archiveVersion = 1;
	classes = {
	};
	objectVersion = 46;
	objects = {

/* Begin PBXBuildFile section */
		F41DE70A1A281992009B38DF /* AppDelegate.swift in Sources */ = {isa = PBXBuildFile; fileRef = F41DE7091A281992009B38DF /* AppDelegate.swift */; };
		F41DE70F1A281992009B38DF /* Main.storyboard in Resources */ = {isa = PBXBuildFile; fileRef = F41DE70D1A281992009B38DF /* Main.storyboard */; };
		F41DE7111A281992009B38DF /* Images.xcassets in Resources */ = {isa = PBXBuildFile; fileRef = F41DE7101A281992009B38DF /* Images.xcassets */; };
		F41DE7141A281992009B38DF /* LaunchScreen.xib in Resources */ = {isa = PBXBuildFile; fileRef = F41DE7121A281992009B38DF /* LaunchScreen.xib */; };
		F41DE7201A281992009B38DF /* AirdropDemoTests.swift in Sources */ = {isa = PBXBuildFile; fileRef = F41DE71F1A281992009B38DF /* AirdropDemoTests.swift */; };
		F41DE72A1A2819D6009B38DF /* FileTableViewController.swift in Sources */ = {isa = PBXBuildFile; fileRef = F41DE7291A2819D6009B38DF /* FileTableViewController.swift */; };
		F41DE7321A281C94009B38DF /* 10 Great iPhone Tips.pdf in Resources */ = {isa = PBXBuildFile; fileRef = F41DE72C1A281C94009B38DF /* 10 Great iPhone Tips.pdf */; };
		F41DE7331A281C94009B38DF /* camera-photo-tips.html in Resources */ = {isa = PBXBuildFile; fileRef = F41DE72D1A281C94009B38DF /* camera-photo-tips.html */; };
		F41DE7341A281C94009B38DF /* foggy.jpg in Resources */ = {isa = PBXBuildFile; fileRef = F41DE72E1A281C94009B38DF /* foggy.jpg */; };
		F41DE7351A281C94009B38DF /* glico.jpg in Resources */ = {isa = PBXBuildFile; fileRef = F41DE72F1A281C94009B38DF /* glico.jpg */; };
		F41DE7361A281C94009B38DF /* Hello World.ppt in Resources */ = {isa = PBXBuildFile; fileRef = F41DE7301A281C94009B38DF /* Hello World.ppt */; };
		F41DE7371A281C94009B38DF /* Why Appcoda.doc in Resources */ = {isa = PBXBuildFile; fileRef = F41DE7311A281C94009B38DF /* Why Appcoda.doc */; };
		F41DE7391A281D1D009B38DF /* FileDetailViewController.swift in Sources */ = {isa = PBXBuildFile; fileRef = F41DE7381A281D1D009B38DF /* FileDetailViewController.swift */; };
/* End PBXBuildFile section */

/* Begin PBXContainerItemProxy section */
		F41DE71A1A281992009B38DF /* PBXContainerItemProxy */ = {
			isa = PBXContainerItemProxy;
			containerPortal = F41DE6FC1A281992009B38DF /* Project object */;
			proxyType = 1;
			remoteGlobalIDString = F41DE7031A281992009B38DF;
			remoteInfo = AirdropDemo;
		};
/* End PBXContainerItemProxy section */

/* Begin PBXFileReference section */
		F41DE7041A281992009B38DF /* AirdropDemo.app */ = {isa = PBXFileReference; explicitFileType = wrapper.application; includeInIndex = 0; path = AirdropDemo.app; sourceTree = BUILT_PRODUCTS_DIR; };
		F41DE7081A281992009B38DF /* Info.plist */ = {isa = PBXFileReference; lastKnownFileType = text.plist.xml; path = Info.plist; sourceTree = "<group>"; };
		F41DE7091A281992009B38DF /* AppDelegate.swift */ = {isa = PBXFileReference; lastKnownFileType = sourcecode.swift; path = AppDelegate.swift; sourceTree = "<group>"; };
		F41DE70E1A281992009B38DF /* Base */ = {isa = PBXFileReference; lastKnownFileType = file.storyboard; name = Base; path = Base.lproj/Main.storyboard; sourceTree = "<group>"; };
		F41DE7101A281992009B38DF /* Images.xcassets */ = {isa = PBXFileReference; lastKnownFileType = folder.assetcatalog; path = Images.xcassets; sourceTree = "<group>"; };
		F41DE7131A281992009B38DF /* Base */ = {isa = PBXFileReference; lastKnownFileType = file.xib; name = Base; path = Base.lproj/LaunchScreen.xib; sourceTree = "<group>"; };
		F41DE7191A281992009B38DF /* AirdropDemoTests.xctest */ = {isa = PBXFileReference; explicitFileType = wrapper.cfbundle; includeInIndex = 0; path = AirdropDemoTests.xctest; sourceTree = BUILT_PRODUCTS_DIR; };
		F41DE71E1A281992009B38DF /* Info.plist */ = {isa = PBXFileReference; lastKnownFileType = text.plist.xml; path = Info.plist; sourceTree = "<group>"; };
		F41DE71F1A281992009B38DF /* AirdropDemoTests.swift */ = {isa = PBXFileReference; lastKnownFileType = sourcecode.swift; path = AirdropDemoTests.swift; sourceTree = "<group>"; };
		F41DE7291A2819D6009B38DF /* FileTableViewController.swift */ = {isa = PBXFileReference; fileEncoding = 4; lastKnownFileType = sourcecode.swift; path = FileTableViewController.swift; sourceTree = "<group>"; };
		F41DE72C1A281C94009B38DF /* 10 Great iPhone Tips.pdf */ = {isa = PBXFileReference; lastKnownFileType = image.pdf; name = "10 Great iPhone Tips.pdf"; path = "resources/10 Great iPhone Tips.pdf"; sourceTree = SOURCE_ROOT; };
		F41DE72D1A281C94009B38DF /* camera-photo-tips.html */ = {isa = PBXFileReference; fileEncoding = 4; lastKnownFileType = text.html; name = "camera-photo-tips.html"; path = "resources/camera-photo-tips.html"; sourceTree = SOURCE_ROOT; };
		F41DE72E1A281C94009B38DF /* foggy.jpg */ = {isa = PBXFileReference; lastKnownFileType = image.jpeg; name = foggy.jpg; path = resources/foggy.jpg; sourceTree = SOURCE_ROOT; };
		F41DE72F1A281C94009B38DF /* glico.jpg */ = {isa = PBXFileReference; lastKnownFileType = image.jpeg; name = glico.jpg; path = resources/glico.jpg; sourceTree = SOURCE_ROOT; };
		F41DE7301A281C94009B38DF /* Hello World.ppt */ = {isa = PBXFileReference; lastKnownFileType = file; name = "Hello World.ppt"; path = "resources/Hello World.ppt"; sourceTree = SOURCE_ROOT; };
		F41DE7311A281C94009B38DF /* Why Appcoda.doc */ = {isa = PBXFileReference; lastKnownFileType = file; name = "Why Appcoda.doc"; path = "resources/Why Appcoda.doc"; sourceTree = SOURCE_ROOT; };
		F41DE7381A281D1D009B38DF /* FileDetailViewController.swift */ = {isa = PBXFileReference; fileEncoding = 4; lastKnownFileType = sourcecode.swift; path = FileDetailViewController.swift; sourceTree = "<group>"; };
/* End PBXFileReference section */

/* Begin PBXFrameworksBuildPhase section */
		F41DE7011A281992009B38DF /* Frameworks */ = {
			isa = PBXFrameworksBuildPhase;
			buildActionMask = 2147483647;
			files = (
			);
			runOnlyForDeploymentPostprocessing = 0;
		};
		F41DE7161A281992009B38DF /* Frameworks */ = {
			isa = PBXFrameworksBuildPhase;
			buildActionMask = 2147483647;
			files = (
			);
			runOnlyForDeploymentPostprocessing = 0;
		};
/* End PBXFrameworksBuildPhase section */

/* Begin PBXGroup section */
		F41DE6FB1A281992009B38DF = {
			isa = PBXGroup;
			children = (
				F41DE7061A281992009B38DF /* AirdropDemo */,
				F41DE71C1A281992009B38DF /* AirdropDemoTests */,
				F41DE7051A281992009B38DF /* Products */,
			);
			sourceTree = "<group>";
		};
		F41DE7051A281992009B38DF /* Products */ = {
			isa = PBXGroup;
			children = (
				F41DE7041A281992009B38DF /* AirdropDemo.app */,
				F41DE7191A281992009B38DF /* AirdropDemoTests.xctest */,
			);
			name = Products;
			sourceTree = "<group>";
		};
		F41DE7061A281992009B38DF /* AirdropDemo */ = {
			isa = PBXGroup;
			children = (
				F41DE72B1A281C36009B38DF /* resources */,
				F41DE7091A281992009B38DF /* AppDelegate.swift */,
				F41DE70D1A281992009B38DF /* Main.storyboard */,
				F41DE7101A281992009B38DF /* Images.xcassets */,
				F41DE7121A281992009B38DF /* LaunchScreen.xib */,
				F41DE7071A281992009B38DF /* Supporting Files */,
				F41DE7291A2819D6009B38DF /* FileTableViewController.swift */,
				F41DE7381A281D1D009B38DF /* FileDetailViewController.swift */,
			);
			path = AirdropDemo;
			sourceTree = "<group>";
		};
		F41DE7071A281992009B38DF /* Supporting Files */ = {
			isa = PBXGroup;
			children = (
				F41DE7081A281992009B38DF /* Info.plist */,
			);
			name = "Supporting Files";
			sourceTree = "<group>";
		};
		F41DE71C1A281992009B38DF /* AirdropDemoTests */ = {
			isa = PBXGroup;
			children = (
				F41DE71F1A281992009B38DF /* AirdropDemoTests.swift */,
				F41DE71D1A281992009B38DF /* Supporting Files */,
			);
			path = AirdropDemoTests;
			sourceTree = "<group>";
		};
		F41DE71D1A281992009B38DF /* Supporting Files */ = {
			isa = PBXGroup;
			children = (
				F41DE71E1A281992009B38DF /* Info.plist */,
			);
			name = "Supporting Files";
			sourceTree = "<group>";
		};
		F41DE72B1A281C36009B38DF /* resources */ = {
			isa = PBXGroup;
			children = (
				F41DE72C1A281C94009B38DF /* 10 Great iPhone Tips.pdf */,
				F41DE72D1A281C94009B38DF /* camera-photo-tips.html */,
				F41DE72E1A281C94009B38DF /* foggy.jpg */,
				F41DE72F1A281C94009B38DF /* glico.jpg */,
				F41DE7301A281C94009B38DF /* Hello World.ppt */,
				F41DE7311A281C94009B38DF /* Why Appcoda.doc */,
			);
			name = resources;
			sourceTree = "<group>";
		};
/* End PBXGroup section */

/* Begin PBXNativeTarget section */
		F41DE7031A281992009B38DF /* AirdropDemo */ = {
			isa = PBXNativeTarget;
			buildConfigurationList = F41DE7231A281992009B38DF /* Build configuration list for PBXNativeTarget "AirdropDemo" */;
			buildPhases = (
				F41DE7001A281992009B38DF /* Sources */,
				F41DE7011A281992009B38DF /* Frameworks */,
				F41DE7021A281992009B38DF /* Resources */,
			);
			buildRules = (
			);
			dependencies = (
			);
			name = AirdropDemo;
			productName = AirdropDemo;
			productReference = F41DE7041A281992009B38DF /* AirdropDemo.app */;
			productType = "com.apple.product-type.application";
		};
		F41DE7181A281992009B38DF /* AirdropDemoTests */ = {
			isa = PBXNativeTarget;
			buildConfigurationList = F41DE7261A281992009B38DF /* Build configuration list for PBXNativeTarget "AirdropDemoTests" */;
			buildPhases = (
				F41DE7151A281992009B38DF /* Sources */,
				F41DE7161A281992009B38DF /* Frameworks */,
				F41DE7171A281992009B38DF /* Resources */,
			);
			buildRules = (
			);
			dependencies = (
				F41DE71B1A281992009B38DF /* PBXTargetDependency */,
			);
			name = AirdropDemoTests;
			productName = AirdropDemoTests;
			productReference = F41DE7191A281992009B38DF /* AirdropDemoTests.xctest */;
			productType = "com.apple.product-type.bundle.unit-test";
		};
/* End PBXNativeTarget section */

/* Begin PBXProject section */
		F41DE6FC1A281992009B38DF /* Project object */ = {
			isa = PBXProject;
			attributes = {
				LastUpgradeCheck = 0610;
				ORGANIZATIONNAME = AppCoda;
				TargetAttributes = {
					F41DE7031A281992009B38DF = {
						CreatedOnToolsVersion = 6.1;
					};
					F41DE7181A281992009B38DF = {
						CreatedOnToolsVersion = 6.1;
						TestTargetID = F41DE7031A281992009B38DF;
					};
				};
			};
			buildConfigurationList = F41DE6FF1A281992009B38DF /* Build configuration list for PBXProject "AirdropDemo" */;
			compatibilityVersion = "Xcode 3.2";
			developmentRegion = English;
			hasScannedForEncodings = 0;
			knownRegions = (
				en,
				Base,
			);
			mainGroup = F41DE6FB1A281992009B38DF;
			productRefGroup = F41DE7051A281992009B38DF /* Products */;
			projectDirPath = "";
			projectRoot = "";
			targets = (
				F41DE7031A281992009B38DF /* AirdropDemo */,
				F41DE7181A281992009B38DF /* AirdropDemoTests */,
			);
		};
/* End PBXProject section */

/* Begin PBXResourcesBuildPhase section */
		F41DE7021A281992009B38DF /* Resources */ = {
			isa = PBXResourcesBuildPhase;
			buildActionMask = 2147483647;
			files = (
				F41DE7341A281C94009B38DF /* foggy.jpg in Resources */,
				F41DE7371A281C94009B38DF /* Why Appcoda.doc in Resources */,
				F41DE70F1A281992009B38DF /* Main.storyboard in Resources */,
				F41DE7141A281992009B38DF /* LaunchScreen.xib in Resources */,
				F41DE7111A281992009B38DF /* Images.xcassets in Resources */,
				F41DE7321A281C94009B38DF /* 10 Great iPhone Tips.pdf in Resources */,
				F41DE7361A281C94009B38DF /* Hello World.ppt in Resources */,
				F41DE7351A281C94009B38DF /* glico.jpg in Resources */,
				F41DE7331A281C94009B38DF /* camera-photo-tips.html in Resources */,
			);
			runOnlyForDeploymentPostprocessing = 0;
		};
		F41DE7171A281992009B38DF /* Resources */ = {
			isa = PBXResourcesBuildPhase;
			buildActionMask = 2147483647;
			files = (
			);
			runOnlyForDeploymentPostprocessing = 0;
		};
/* End PBXResourcesBuildPhase section */

/* Begin PBXSourcesBuildPhase section */
		F41DE7001A281992009B38DF /* Sources */ = {
			isa = PBXSourcesBuildPhase;
			buildActionMask = 2147483647;
			files = (
				F41DE7391A281D1D009B38DF /* FileDetailViewController.swift in Sources */,
				F41DE70A1A281992009B38DF /* AppDelegate.swift in Sources */,
				F41DE72A1A2819D6009B38DF /* FileTableViewController.swift in Sources */,
			);
			runOnlyForDeploymentPostprocessing = 0;
		};
		F41DE7151A281992009B38DF /* Sources */ = {
			isa = PBXSourcesBuildPhase;
			buildActionMask = 2147483647;
			files = (
				F41DE7201A281992009B38DF /* AirdropDemoTests.swift in Sources */,
			);
			runOnlyForDeploymentPostprocessing = 0;
		};
/* End PBXSourcesBuildPhase section */

/* Begin PBXTargetDependency section */
		F41DE71B1A281992009B38DF /* PBXTargetDependency */ = {
			isa = PBXTargetDependency;
			target = F41DE7031A281992009B38DF /* AirdropDemo */;
			targetProxy = F41DE71A1A281992009B38DF /* PBXContainerItemProxy */;
		};
/* End PBXTargetDependency section */

/* Begin PBXVariantGroup section */
		F41DE70D1A281992009B38DF /* Main.storyboard */ = {
			isa = PBXVariantGroup;
			children = (
				F41DE70E1A281992009B38DF /* Base */,
			);
			name = Main.storyboard;
			sourceTree = "<group>";
		};
		F41DE7121A281992009B38DF /* LaunchScreen.xib */ = {
			isa = PBXVariantGroup;
			children = (
				F41DE7131A281992009B38DF /* Base */,
			);
			name = LaunchScreen.xib;
			sourceTree = "<group>";
		};
/* End PBXVariantGroup section */

/* Begin XCBuildConfiguration section */
		F41DE7211A281992009B38DF /* Debug */ = {
			isa = XCBuildConfiguration;
			buildSettings = {
				ALWAYS_SEARCH_USER_PATHS = NO;
				CLANG_CXX_LANGUAGE_STANDARD = "gnu++0x";
				CLANG_CXX_LIBRARY = "libc++";
				CLANG_ENABLE_MODULES = YES;
				CLANG_ENABLE_OBJC_ARC = YES;
				CLANG_WARN_BOOL_CONVERSION = YES;
				CLANG_WARN_CONSTANT_CONVERSION = YES;
				CLANG_WARN_DIRECT_OBJC_ISA_USAGE = YES_ERROR;
				CLANG_WARN_EMPTY_BODY = YES;
				CLANG_WARN_ENUM_CONVERSION = YES;
				CLANG_WARN_INT_CONVERSION = YES;
				CLANG_WARN_OBJC_ROOT_CLASS = YES_ERROR;
				CLANG_WARN_UNREACHABLE_CODE = YES;
				CLANG_WARN__DUPLICATE_METHOD_MATCH = YES;
				"CODE_SIGN_IDENTITY[sdk=iphoneos*]" = "iPhone Developer";
				COPY_PHASE_STRIP = NO;
				ENABLE_STRICT_OBJC_MSGSEND = YES;
				GCC_C_LANGUAGE_STANDARD = gnu99;
				GCC_DYNAMIC_NO_PIC = NO;
				GCC_OPTIMIZATION_LEVEL = 0;
				GCC_PREPROCESSOR_DEFINITIONS = (
					"DEBUG=1",
					"$(inherited)",
				);
				GCC_SYMBOLS_PRIVATE_EXTERN = NO;
				GCC_WARN_64_TO_32_BIT_CONVERSION = YES;
				GCC_WARN_ABOUT_RETURN_TYPE = YES_ERROR;
				GCC_WARN_UNDECLARED_SELECTOR = YES;
				GCC_WARN_UNINITIALIZED_AUTOS = YES_AGGRESSIVE;
				GCC_WARN_UNUSED_FUNCTION = YES;
				GCC_WARN_UNUSED_VARIABLE = YES;
				IPHONEOS_DEPLOYMENT_TARGET = 8.1;
				MTL_ENABLE_DEBUG_INFO = YES;
				ONLY_ACTIVE_ARCH = YES;
				SDKROOT = iphoneos;
				SWIFT_OPTIMIZATION_LEVEL = "-Onone";
			};
			name = Debug;
		};
		F41DE7221A281992009B38DF /* Release */ = {
			isa = XCBuildConfiguration;
			buildSettings = {
				ALWAYS_SEARCH_USER_PATHS = NO;
				CLANG_CXX_LANGUAGE_STANDARD = "gnu++0x";
				CLANG_CXX_LIBRARY = "libc++";
				CLANG_ENABLE_MODULES = YES;
				CLANG_ENABLE_OBJC_ARC = YES;
				CLANG_WARN_BOOL_CONVERSION = YES;
				CLANG_WARN_CONSTANT_CONVERSION = YES;
				CLANG_WARN_DIRECT_OBJC_ISA_USAGE = YES_ERROR;
				CLANG_WARN_EMPTY_BODY = YES;
				CLANG_WARN_ENUM_CONVERSION = YES;
				CLANG_WARN_INT_CONVERSION = YES;
				CLANG_WARN_OBJC_ROOT_CLASS = YES_ERROR;
				CLANG_WARN_UNREACHABLE_CODE = YES;
				CLANG_WARN__DUPLICATE_METHOD_MATCH = YES;
				"CODE_SIGN_IDENTITY[sdk=iphoneos*]" = "iPhone Developer";
				COPY_PHASE_STRIP = YES;
				ENABLE_NS_ASSERTIONS = NO;
				ENABLE_STRICT_OBJC_MSGSEND = YES;
				GCC_C_LANGUAGE_STANDARD = gnu99;
				GCC_WARN_64_TO_32_BIT_CONVERSION = YES;
				GCC_WARN_ABOUT_RETURN_TYPE = YES_ERROR;
				GCC_WARN_UNDECLARED_SELECTOR = YES;
				GCC_WARN_UNINITIALIZED_AUTOS = YES_AGGRESSIVE;
				GCC_WARN_UNUSED_FUNCTION = YES;
				GCC_WARN_UNUSED_VARIABLE = YES;
				IPHONEOS_DEPLOYMENT_TARGET = 8.1;
				MTL_ENABLE_DEBUG_INFO = NO;
				SDKROOT = iphoneos;
				VALIDATE_PRODUCT = YES;
			};
			name = Release;
		};
		F41DE7241A281992009B38DF /* Debug */ = {
			isa = XCBuildConfiguration;
			buildSettings = {
				ASSETCATALOG_COMPILER_APPICON_NAME = AppIcon;
				INFOPLIST_FILE = AirdropDemo/Info.plist;
				LD_RUNPATH_SEARCH_PATHS = "$(inherited) @executable_path/Frameworks";
				PRODUCT_NAME = "$(TARGET_NAME)";
			};
			name = Debug;
		};
		F41DE7251A281992009B38DF /* Release */ = {
			isa = XCBuildConfiguration;
			buildSettings = {
				ASSETCATALOG_COMPILER_APPICON_NAME = AppIcon;
				INFOPLIST_FILE = AirdropDemo/Info.plist;
				LD_RUNPATH_SEARCH_PATHS = "$(inherited) @executable_path/Frameworks";
				PRODUCT_NAME = "$(TARGET_NAME)";
			};
			name = Release;
		};
		F41DE7271A281992009B38DF /* Debug */ = {
			isa = XCBuildConfiguration;
			buildSettings = {
				BUNDLE_LOADER = "$(TEST_HOST)";
				FRAMEWORK_SEARCH_PATHS = (
					"$(SDKROOT)/Developer/Library/Frameworks",
					"$(inherited)",
				);
				GCC_PREPROCESSOR_DEFINITIONS = (
					"DEBUG=1",
					"$(inherited)",
				);
				INFOPLIST_FILE = AirdropDemoTests/Info.plist;
				LD_RUNPATH_SEARCH_PATHS = "$(inherited) @executable_path/Frameworks @loader_path/Frameworks";
				PRODUCT_NAME = "$(TARGET_NAME)";
				TEST_HOST = "$(BUILT_PRODUCTS_DIR)/AirdropDemo.app/AirdropDemo";
			};
			name = Debug;
		};
		F41DE7281A281992009B38DF /* Release */ = {
			isa = XCBuildConfiguration;
			buildSettings = {
				BUNDLE_LOADER = "$(TEST_HOST)";
				FRAMEWORK_SEARCH_PATHS = (
					"$(SDKROOT)/Developer/Library/Frameworks",
					"$(inherited)",
				);
				INFOPLIST_FILE = AirdropDemoTests/Info.plist;
				LD_RUNPATH_SEARCH_PATHS = "$(inherited) @executable_path/Frameworks @loader_path/Frameworks";
				PRODUCT_NAME = "$(TARGET_NAME)";
				TEST_HOST = "$(BUILT_PRODUCTS_DIR)/AirdropDemo.app/AirdropDemo";
			};
			name = Release;
		};
/* End XCBuildConfiguration section */

/* Begin XCConfigurationList section */
		F41DE6FF1A281992009B38DF /* Build configuration list for PBXProject "AirdropDemo" */ = {
			isa = XCConfigurationList;
			buildConfigurations = (
				F41DE7211A281992009B38DF /* Debug */,
				F41DE7221A281992009B38DF /* Release */,
			);
			defaultConfigurationIsVisible = 0;
			defaultConfigurationName = Release;
		};
		F41DE7231A281992009B38DF /* Build configuration list for PBXNativeTarget "AirdropDemo" */ = {
			isa = XCConfigurationList;
			buildConfigurations = (
				F41DE7241A281992009B38DF /* Debug */,
				F41DE7251A281992009B38DF /* Release */,
			);
			defaultConfigurationIsVisible = 0;
		};
		F41DE7261A281992009B38DF /* Build configuration list for PBXNativeTarget "AirdropDemoTests" */ = {
			isa = XCConfigurationList;
			buildConfigurations = (
				F41DE7271A281992009B38DF /* Debug */,
				F41DE7281A281992009B38DF /* Release */,
			);
			defaultConfigurationIsVisible = 0;
		};
/* End XCConfigurationList section */
	};
	rootObject = F41DE6FC1A281992009B38DF /* Project object */;
}
