// !$*UTF8*$!
{
	archiveVersion = 1;
	classes = {
	};
	objectVersion = 48;
	objects = {

/* Begin PBXBuildFile section */
		95D3C2BD1FE0152300C143EA /* AppDelegate.swift in Sources */ = {isa = PBXBuildFile; fileRef = 95D3C2BC1FE0152300C143EA /* AppDelegate.swift */; };
		95D3C2BF1FE0152300C143EA /* ViewController.swift in Sources */ = {isa = PBXBuildFile; fileRef = 95D3C2BE1FE0152300C143EA /* ViewController.swift */; };
		95D3C2C21FE0152300C143EA /* Main.storyboard in Resources */ = {isa = PBXBuildFile; fileRef = 95D3C2C01FE0152300C143EA /* Main.storyboard */; };
		95D3C2C51FE0152300C143EA /* RandomQuote.xcdatamodeld in Sources */ = {isa = PBXBuildFile; fileRef = 95D3C2C31FE0152300C143EA /* RandomQuote.xcdatamodeld */; };
		95D3C2C71FE0152300C143EA /* Assets.xcassets in Resources */ = {isa = PBXBuildFile; fileRef = 95D3C2C61FE0152300C143EA /* Assets.xcassets */; };
		95D3C2CA1FE0152300C143EA /* LaunchScreen.storyboard in Resources */ = {isa = PBXBuildFile; fileRef = 95D3C2C81FE0152300C143EA /* LaunchScreen.storyboard */; };
		95D3C2D51FE0152300C143EA /* RandomQuoteTests.swift in Sources */ = {isa = PBXBuildFile; fileRef = 95D3C2D41FE0152300C143EA /* RandomQuoteTests.swift */; };
		95D3C2E01FE0152300C143EA /* RandomQuoteUITests.swift in Sources */ = {isa = PBXBuildFile; fileRef = 95D3C2DF1FE0152300C143EA /* RandomQuoteUITests.swift */; };
/* End PBXBuildFile section */

/* Begin PBXContainerItemProxy section */
		95D3C2D11FE0152300C143EA /* PBXContainerItemProxy */ = {
			isa = PBXContainerItemProxy;
			containerPortal = 95D3C2B11FE0152300C143EA /* Project object */;
			proxyType = 1;
			remoteGlobalIDString = 95D3C2B81FE0152300C143EA;
			remoteInfo = RandomQuote;
		};
		95D3C2DC1FE0152300C143EA /* PBXContainerItemProxy */ = {
			isa = PBXContainerItemProxy;
			containerPortal = 95D3C2B11FE0152300C143EA /* Project object */;
			proxyType = 1;
			remoteGlobalIDString = 95D3C2B81FE0152300C143EA;
			remoteInfo = RandomQuote;
		};
/* End PBXContainerItemProxy section */

/* Begin PBXFileReference section */
		95D3C2B91FE0152300C143EA /* RandomQuote.app */ = {isa = PBXFileReference; explicitFileType = wrapper.application; includeInIndex = 0; path = RandomQuote.app; sourceTree = BUILT_PRODUCTS_DIR; };
		95D3C2BC1FE0152300C143EA /* AppDelegate.swift */ = {isa = PBXFileReference; lastKnownFileType = sourcecode.swift; path = AppDelegate.swift; sourceTree = "<group>"; };
		95D3C2BE1FE0152300C143EA /* ViewController.swift */ = {isa = PBXFileReference; lastKnownFileType = sourcecode.swift; path = ViewController.swift; sourceTree = "<group>"; };
		95D3C2C11FE0152300C143EA /* Base */ = {isa = PBXFileReference; lastKnownFileType = file.storyboard; name = Base; path = Base.lproj/Main.storyboard; sourceTree = "<group>"; };
		95D3C2C41FE0152300C143EA /* RandomQuote.xcdatamodel */ = {isa = PBXFileReference; lastKnownFileType = wrapper.xcdatamodel; path = RandomQuote.xcdatamodel; sourceTree = "<group>"; };
		95D3C2C61FE0152300C143EA /* Assets.xcassets */ = {isa = PBXFileReference; lastKnownFileType = folder.assetcatalog; path = Assets.xcassets; sourceTree = "<group>"; };
		95D3C2C91FE0152300C143EA /* Base */ = {isa = PBXFileReference; lastKnownFileType = file.storyboard; name = Base; path = Base.lproj/LaunchScreen.storyboard; sourceTree = "<group>"; };
		95D3C2CB1FE0152300C143EA /* Info.plist */ = {isa = PBXFileReference; lastKnownFileType = text.plist.xml; path = Info.plist; sourceTree = "<group>"; };
		95D3C2D01FE0152300C143EA /* RandomQuoteTests.xctest */ = {isa = PBXFileReference; explicitFileType = wrapper.cfbundle; includeInIndex = 0; path = RandomQuoteTests.xctest; sourceTree = BUILT_PRODUCTS_DIR; };
		95D3C2D41FE0152300C143EA /* RandomQuoteTests.swift */ = {isa = PBXFileReference; lastKnownFileType = sourcecode.swift; path = RandomQuoteTests.swift; sourceTree = "<group>"; };
		95D3C2D61FE0152300C143EA /* Info.plist */ = {isa = PBXFileReference; lastKnownFileType = text.plist.xml; path = Info.plist; sourceTree = "<group>"; };
		95D3C2DB1FE0152300C143EA /* RandomQuoteUITests.xctest */ = {isa = PBXFileReference; explicitFileType = wrapper.cfbundle; includeInIndex = 0; path = RandomQuoteUITests.xctest; sourceTree = BUILT_PRODUCTS_DIR; };
		95D3C2DF1FE0152300C143EA /* RandomQuoteUITests.swift */ = {isa = PBXFileReference; lastKnownFileType = sourcecode.swift; path = RandomQuoteUITests.swift; sourceTree = "<group>"; };
		95D3C2E11FE0152300C143EA /* Info.plist */ = {isa = PBXFileReference; lastKnownFileType = text.plist.xml; path = Info.plist; sourceTree = "<group>"; };
/* End PBXFileReference section */

/* Begin PBXFrameworksBuildPhase section */
		95D3C2B61FE0152300C143EA /* Frameworks */ = {
			isa = PBXFrameworksBuildPhase;
			buildActionMask = 2147483647;
			files = (
			);
			runOnlyForDeploymentPostprocessing = 0;
		};
		95D3C2CD1FE0152300C143EA /* Frameworks */ = {
			isa = PBXFrameworksBuildPhase;
			buildActionMask = 2147483647;
			files = (
			);
			runOnlyForDeploymentPostprocessing = 0;
		};
		95D3C2D81FE0152300C143EA /* Frameworks */ = {
			isa = PBXFrameworksBuildPhase;
			buildActionMask = 2147483647;
			files = (
			);
			runOnlyForDeploymentPostprocessing = 0;
		};
/* End PBXFrameworksBuildPhase section */

/* Begin PBXGroup section */
		95D3C2B01FE0152300C143EA = {
			isa = PBXGroup;
			children = (
				95D3C2BB1FE0152300C143EA /* RandomQuote */,
				95D3C2D31FE0152300C143EA /* RandomQuoteTests */,
				95D3C2DE1FE0152300C143EA /* RandomQuoteUITests */,
				95D3C2BA1FE0152300C143EA /* Products */,
			);
			sourceTree = "<group>";
		};
		95D3C2BA1FE0152300C143EA /* Products */ = {
			isa = PBXGroup;
			children = (
				95D3C2B91FE0152300C143EA /* RandomQuote.app */,
				95D3C2D01FE0152300C143EA /* RandomQuoteTests.xctest */,
				95D3C2DB1FE0152300C143EA /* RandomQuoteUITests.xctest */,
			);
			name = Products;
			sourceTree = "<group>";
		};
		95D3C2BB1FE0152300C143EA /* RandomQuote */ = {
			isa = PBXGroup;
			children = (
				95D3C2BC1FE0152300C143EA /* AppDelegate.swift */,
				95D3C2BE1FE0152300C143EA /* ViewController.swift */,
				95D3C2C01FE0152300C143EA /* Main.storyboard */,
				95D3C2C61FE0152300C143EA /* Assets.xcassets */,
				95D3C2C81FE0152300C143EA /* LaunchScreen.storyboard */,
				95D3C2CB1FE0152300C143EA /* Info.plist */,
				95D3C2C31FE0152300C143EA /* RandomQuote.xcdatamodeld */,
			);
			path = RandomQuote;
			sourceTree = "<group>";
		};
		95D3C2D31FE0152300C143EA /* RandomQuoteTests */ = {
			isa = PBXGroup;
			children = (
				95D3C2D41FE0152300C143EA /* RandomQuoteTests.swift */,
				95D3C2D61FE0152300C143EA /* Info.plist */,
			);
			path = RandomQuoteTests;
			sourceTree = "<group>";
		};
		95D3C2DE1FE0152300C143EA /* RandomQuoteUITests */ = {
			isa = PBXGroup;
			children = (
				95D3C2DF1FE0152300C143EA /* RandomQuoteUITests.swift */,
				95D3C2E11FE0152300C143EA /* Info.plist */,
			);
			path = RandomQuoteUITests;
			sourceTree = "<group>";
		};
/* End PBXGroup section */

/* Begin PBXNativeTarget section */
		95D3C2B81FE0152300C143EA /* RandomQuote */ = {
			isa = PBXNativeTarget;
			buildConfigurationList = 95D3C2E41FE0152300C143EA /* Build configuration list for PBXNativeTarget "RandomQuote" */;
			buildPhases = (
				95D3C2B51FE0152300C143EA /* Sources */,
				95D3C2B61FE0152300C143EA /* Frameworks */,
				95D3C2B71FE0152300C143EA /* Resources */,
			);
			buildRules = (
			);
			dependencies = (
			);
			name = RandomQuote;
			productName = RandomQuote;
			productReference = 95D3C2B91FE0152300C143EA /* RandomQuote.app */;
			productType = "com.apple.product-type.application";
		};
		95D3C2CF1FE0152300C143EA /* RandomQuoteTests */ = {
			isa = PBXNativeTarget;
			buildConfigurationList = 95D3C2E71FE0152300C143EA /* Build configuration list for PBXNativeTarget "RandomQuoteTests" */;
			buildPhases = (
				95D3C2CC1FE0152300C143EA /* Sources */,
				95D3C2CD1FE0152300C143EA /* Frameworks */,
				95D3C2CE1FE0152300C143EA /* Resources */,
			);
			buildRules = (
			);
			dependencies = (
				95D3C2D21FE0152300C143EA /* PBXTargetDependency */,
			);
			name = RandomQuoteTests;
			productName = RandomQuoteTests;
			productReference = 95D3C2D01FE0152300C143EA /* RandomQuoteTests.xctest */;
			productType = "com.apple.product-type.bundle.unit-test";
		};
		95D3C2DA1FE0152300C143EA /* RandomQuoteUITests */ = {
			isa = PBXNativeTarget;
			buildConfigurationList = 95D3C2EA1FE0152300C143EA /* Build configuration list for PBXNativeTarget "RandomQuoteUITests" */;
			buildPhases = (
				95D3C2D71FE0152300C143EA /* Sources */,
				95D3C2D81FE0152300C143EA /* Frameworks */,
				95D3C2D91FE0152300C143EA /* Resources */,
			);
			buildRules = (
			);
			dependencies = (
				95D3C2DD1FE0152300C143EA /* PBXTargetDependency */,
			);
			name = RandomQuoteUITests;
			productName = RandomQuoteUITests;
			productReference = 95D3C2DB1FE0152300C143EA /* RandomQuoteUITests.xctest */;
			productType = "com.apple.product-type.bundle.ui-testing";
		};
/* End PBXNativeTarget section */

/* Begin PBXProject section */
		95D3C2B11FE0152300C143EA /* Project object */ = {
			isa = PBXProject;
			attributes = {
				LastSwiftUpdateCheck = 0920;
				LastUpgradeCheck = 0920;
				ORGANIZATIONNAME = "Nikhil Arora";
				TargetAttributes = {
					95D3C2B81FE0152300C143EA = {
						CreatedOnToolsVersion = 9.2;
						ProvisioningStyle = Automatic;
					};
					95D3C2CF1FE0152300C143EA = {
						CreatedOnToolsVersion = 9.2;
						ProvisioningStyle = Automatic;
						TestTargetID = 95D3C2B81FE0152300C143EA;
					};
					95D3C2DA1FE0152300C143EA = {
						CreatedOnToolsVersion = 9.2;
						ProvisioningStyle = Automatic;
						TestTargetID = 95D3C2B81FE0152300C143EA;
					};
				};
			};
			buildConfigurationList = 95D3C2B41FE0152300C143EA /* Build configuration list for PBXProject "RandomQuote" */;
			compatibilityVersion = "Xcode 8.0";
			developmentRegion = en;
			hasScannedForEncodings = 0;
			knownRegions = (
				en,
				Base,
			);
			mainGroup = 95D3C2B01FE0152300C143EA;
			productRefGroup = 95D3C2BA1FE0152300C143EA /* Products */;
			projectDirPath = "";
			projectRoot = "";
			targets = (
				95D3C2B81FE0152300C143EA /* RandomQuote */,
				95D3C2CF1FE0152300C143EA /* RandomQuoteTests */,
				95D3C2DA1FE0152300C143EA /* RandomQuoteUITests */,
			);
		};
/* End PBXProject section */

/* Begin PBXResourcesBuildPhase section */
		95D3C2B71FE0152300C143EA /* Resources */ = {
			isa = PBXResourcesBuildPhase;
			buildActionMask = 2147483647;
			files = (
				95D3C2CA1FE0152300C143EA /* LaunchScreen.storyboard in Resources */,
				95D3C2C71FE0152300C143EA /* Assets.xcassets in Resources */,
				95D3C2C21FE0152300C143EA /* Main.storyboard in Resources */,
			);
			runOnlyForDeploymentPostprocessing = 0;
		};
		95D3C2CE1FE0152300C143EA /* Resources */ = {
			isa = PBXResourcesBuildPhase;
			buildActionMask = 2147483647;
			files = (
			);
			runOnlyForDeploymentPostprocessing = 0;
		};
		95D3C2D91FE0152300C143EA /* Resources */ = {
			isa = PBXResourcesBuildPhase;
			buildActionMask = 2147483647;
			files = (
			);
			runOnlyForDeploymentPostprocessing = 0;
		};
/* End PBXResourcesBuildPhase section */

/* Begin PBXSourcesBuildPhase section */
		95D3C2B51FE0152300C143EA /* Sources */ = {
			isa = PBXSourcesBuildPhase;
			buildActionMask = 2147483647;
			files = (
				95D3C2BF1FE0152300C143EA /* ViewController.swift in Sources */,
				95D3C2C51FE0152300C143EA /* RandomQuote.xcdatamodeld in Sources */,
				95D3C2BD1FE0152300C143EA /* AppDelegate.swift in Sources */,
			);
			runOnlyForDeploymentPostprocessing = 0;
		};
		95D3C2CC1FE0152300C143EA /* Sources */ = {
			isa = PBXSourcesBuildPhase;
			buildActionMask = 2147483647;
			files = (
				95D3C2D51FE0152300C143EA /* RandomQuoteTests.swift in Sources */,
			);
			runOnlyForDeploymentPostprocessing = 0;
		};
		95D3C2D71FE0152300C143EA /* Sources */ = {
			isa = PBXSourcesBuildPhase;
			buildActionMask = 2147483647;
			files = (
				95D3C2E01FE0152300C143EA /* RandomQuoteUITests.swift in Sources */,
			);
			runOnlyForDeploymentPostprocessing = 0;
		};
/* End PBXSourcesBuildPhase section */

/* Begin PBXTargetDependency section */
		95D3C2D21FE0152300C143EA /* PBXTargetDependency */ = {
			isa = PBXTargetDependency;
			target = 95D3C2B81FE0152300C143EA /* RandomQuote */;
			targetProxy = 95D3C2D11FE0152300C143EA /* PBXContainerItemProxy */;
		};
		95D3C2DD1FE0152300C143EA /* PBXTargetDependency */ = {
			isa = PBXTargetDependency;
			target = 95D3C2B81FE0152300C143EA /* RandomQuote */;
			targetProxy = 95D3C2DC1FE0152300C143EA /* PBXContainerItemProxy */;
		};
/* End PBXTargetDependency section */

/* Begin PBXVariantGroup section */
		95D3C2C01FE0152300C143EA /* Main.storyboard */ = {
			isa = PBXVariantGroup;
			children = (
				95D3C2C11FE0152300C143EA /* Base */,
			);
			name = Main.storyboard;
			sourceTree = "<group>";
		};
		95D3C2C81FE0152300C143EA /* LaunchScreen.storyboard */ = {
			isa = PBXVariantGroup;
			children = (
				95D3C2C91FE0152300C143EA /* Base */,
			);
			name = LaunchScreen.storyboard;
			sourceTree = "<group>";
		};
/* End PBXVariantGroup section */

/* Begin XCBuildConfiguration section */
		95D3C2E21FE0152300C143EA /* Debug */ = {
			isa = XCBuildConfiguration;
			buildSettings = {
				ALWAYS_SEARCH_USER_PATHS = NO;
				CLANG_ANALYZER_NONNULL = YES;
				CLANG_ANALYZER_NUMBER_OBJECT_CONVERSION = YES_AGGRESSIVE;
				CLANG_CXX_LANGUAGE_STANDARD = "gnu++14";
				CLANG_CXX_LIBRARY = "libc++";
				CLANG_ENABLE_MODULES = YES;
				CLANG_ENABLE_OBJC_ARC = YES;
				CLANG_WARN_BLOCK_CAPTURE_AUTORELEASING = YES;
				CLANG_WARN_BOOL_CONVERSION = YES;
				CLANG_WARN_COMMA = YES;
				CLANG_WARN_CONSTANT_CONVERSION = YES;
				CLANG_WARN_DIRECT_OBJC_ISA_USAGE = YES_ERROR;
				CLANG_WARN_DOCUMENTATION_COMMENTS = YES;
				CLANG_WARN_EMPTY_BODY = YES;
				CLANG_WARN_ENUM_CONVERSION = YES;
				CLANG_WARN_INFINITE_RECURSION = YES;
				CLANG_WARN_INT_CONVERSION = YES;
				CLANG_WARN_NON_LITERAL_NULL_CONVERSION = YES;
				CLANG_WARN_OBJC_LITERAL_CONVERSION = YES;
				CLANG_WARN_OBJC_ROOT_CLASS = YES_ERROR;
				CLANG_WARN_RANGE_LOOP_ANALYSIS = YES;
				CLANG_WARN_STRICT_PROTOTYPES = YES;
				CLANG_WARN_SUSPICIOUS_MOVE = YES;
				CLANG_WARN_UNGUARDED_AVAILABILITY = YES_AGGRESSIVE;
				CLANG_WARN_UNREACHABLE_CODE = YES;
				CLANG_WARN__DUPLICATE_METHOD_MATCH = YES;
				CODE_SIGN_IDENTITY = "iPhone Developer";
				COPY_PHASE_STRIP = NO;
				DEBUG_INFORMATION_FORMAT = dwarf;
				ENABLE_STRICT_OBJC_MSGSEND = YES;
				ENABLE_TESTABILITY = YES;
				GCC_C_LANGUAGE_STANDARD = gnu11;
				GCC_DYNAMIC_NO_PIC = NO;
				GCC_NO_COMMON_BLOCKS = YES;
				GCC_OPTIMIZATION_LEVEL = 0;
				GCC_PREPROCESSOR_DEFINITIONS = (
					"DEBUG=1",
					"$(inherited)",
				);
				GCC_WARN_64_TO_32_BIT_CONVERSION = YES;
				GCC_WARN_ABOUT_RETURN_TYPE = YES_ERROR;
				GCC_WARN_UNDECLARED_SELECTOR = YES;
				GCC_WARN_UNINITIALIZED_AUTOS = YES_AGGRESSIVE;
				GCC_WARN_UNUSED_FUNCTION = YES;
				GCC_WARN_UNUSED_VARIABLE = YES;
				IPHONEOS_DEPLOYMENT_TARGET = 11.2;
				MTL_ENABLE_DEBUG_INFO = YES;
				ONLY_ACTIVE_ARCH = YES;
				SDKROOT = iphoneos;
				SWIFT_ACTIVE_COMPILATION_CONDITIONS = DEBUG;
				SWIFT_OPTIMIZATION_LEVEL = "-Onone";
			};
			name = Debug;
		};
		95D3C2E31FE0152300C143EA /* Release */ = {
			isa = XCBuildConfiguration;
			buildSettings = {
				ALWAYS_SEARCH_USER_PATHS = NO;
				CLANG_ANALYZER_NONNULL = YES;
				CLANG_ANALYZER_NUMBER_OBJECT_CONVERSION = YES_AGGRESSIVE;
				CLANG_CXX_LANGUAGE_STANDARD = "gnu++14";
				CLANG_CXX_LIBRARY = "libc++";
				CLANG_ENABLE_MODULES = YES;
				CLANG_ENABLE_OBJC_ARC = YES;
				CLANG_WARN_BLOCK_CAPTURE_AUTORELEASING = YES;
				CLANG_WARN_BOOL_CONVERSION = YES;
				CLANG_WARN_COMMA = YES;
				CLANG_WARN_CONSTANT_CONVERSION = YES;
				CLANG_WARN_DIRECT_OBJC_ISA_USAGE = YES_ERROR;
				CLANG_WARN_DOCUMENTATION_COMMENTS = YES;
				CLANG_WARN_EMPTY_BODY = YES;
				CLANG_WARN_ENUM_CONVERSION = YES;
				CLANG_WARN_INFINITE_RECURSION = YES;
				CLANG_WARN_INT_CONVERSION = YES;
				CLANG_WARN_NON_LITERAL_NULL_CONVERSION = YES;
				CLANG_WARN_OBJC_LITERAL_CONVERSION = YES;
				CLANG_WARN_OBJC_ROOT_CLASS = YES_ERROR;
				CLANG_WARN_RANGE_LOOP_ANALYSIS = YES;
				CLANG_WARN_STRICT_PROTOTYPES = YES;
				CLANG_WARN_SUSPICIOUS_MOVE = YES;
				CLANG_WARN_UNGUARDED_AVAILABILITY = YES_AGGRESSIVE;
				CLANG_WARN_UNREACHABLE_CODE = YES;
				CLANG_WARN__DUPLICATE_METHOD_MATCH = YES;
				CODE_SIGN_IDENTITY = "iPhone Developer";
				COPY_PHASE_STRIP = NO;
				DEBUG_INFORMATION_FORMAT = "dwarf-with-dsym";
				ENABLE_NS_ASSERTIONS = NO;
				ENABLE_STRICT_OBJC_MSGSEND = YES;
				GCC_C_LANGUAGE_STANDARD = gnu11;
				GCC_NO_COMMON_BLOCKS = YES;
				GCC_WARN_64_TO_32_BIT_CONVERSION = YES;
				GCC_WARN_ABOUT_RETURN_TYPE = YES_ERROR;
				GCC_WARN_UNDECLARED_SELECTOR = YES;
				GCC_WARN_UNINITIALIZED_AUTOS = YES_AGGRESSIVE;
				GCC_WARN_UNUSED_FUNCTION = YES;
				GCC_WARN_UNUSED_VARIABLE = YES;
				IPHONEOS_DEPLOYMENT_TARGET = 11.2;
				MTL_ENABLE_DEBUG_INFO = NO;
				SDKROOT = iphoneos;
				SWIFT_OPTIMIZATION_LEVEL = "-Owholemodule";
				VALIDATE_PRODUCT = YES;
			};
			name = Release;
		};
		95D3C2E51FE0152300C143EA /* Debug */ = {
			isa = XCBuildConfiguration;
			buildSettings = {
				ASSETCATALOG_COMPILER_APPICON_NAME = AppIcon;
				CODE_SIGN_STYLE = Automatic;
				DEVELOPMENT_TEAM = MTG9WG4TRR;
				INFOPLIST_FILE = RandomQuote/Info.plist;
				LD_RUNPATH_SEARCH_PATHS = "$(inherited) @executable_path/Frameworks";
				PRODUCT_BUNDLE_IDENTIFIER = com.uneqqee.RandomQuote;
				PRODUCT_NAME = "$(TARGET_NAME)";
				SWIFT_VERSION = 4.0;
				TARGETED_DEVICE_FAMILY = "1,2";
			};
			name = Debug;
		};
		95D3C2E61FE0152300C143EA /* Release */ = {
			isa = XCBuildConfiguration;
			buildSettings = {
				ASSETCATALOG_COMPILER_APPICON_NAME = AppIcon;
				CODE_SIGN_STYLE = Automatic;
				DEVELOPMENT_TEAM = MTG9WG4TRR;
				INFOPLIST_FILE = RandomQuote/Info.plist;
				LD_RUNPATH_SEARCH_PATHS = "$(inherited) @executable_path/Frameworks";
				PRODUCT_BUNDLE_IDENTIFIER = com.uneqqee.RandomQuote;
				PRODUCT_NAME = "$(TARGET_NAME)";
				SWIFT_VERSION = 4.0;
				TARGETED_DEVICE_FAMILY = "1,2";
			};
			name = Release;
		};
		95D3C2E81FE0152300C143EA /* Debug */ = {
			isa = XCBuildConfiguration;
			buildSettings = {
				ALWAYS_EMBED_SWIFT_STANDARD_LIBRARIES = YES;
				BUNDLE_LOADER = "$(TEST_HOST)";
				CODE_SIGN_STYLE = Automatic;
				DEVELOPMENT_TEAM = MTG9WG4TRR;
				INFOPLIST_FILE = RandomQuoteTests/Info.plist;
				LD_RUNPATH_SEARCH_PATHS = "$(inherited) @executable_path/Frameworks @loader_path/Frameworks";
				PRODUCT_BUNDLE_IDENTIFIER = com.uneqqee.RandomQuoteTests;
				PRODUCT_NAME = "$(TARGET_NAME)";
				SWIFT_VERSION = 4.0;
				TARGETED_DEVICE_FAMILY = "1,2";
				TEST_HOST = "$(BUILT_PRODUCTS_DIR)/RandomQuote.app/RandomQuote";
			};
			name = Debug;
		};
		95D3C2E91FE0152300C143EA /* Release */ = {
			isa = XCBuildConfiguration;
			buildSettings = {
				ALWAYS_EMBED_SWIFT_STANDARD_LIBRARIES = YES;
				BUNDLE_LOADER = "$(TEST_HOST)";
				CODE_SIGN_STYLE = Automatic;
				DEVELOPMENT_TEAM = MTG9WG4TRR;
				INFOPLIST_FILE = RandomQuoteTests/Info.plist;
				LD_RUNPATH_SEARCH_PATHS = "$(inherited) @executable_path/Frameworks @loader_path/Frameworks";
				PRODUCT_BUNDLE_IDENTIFIER = com.uneqqee.RandomQuoteTests;
				PRODUCT_NAME = "$(TARGET_NAME)";
				SWIFT_VERSION = 4.0;
				TARGETED_DEVICE_FAMILY = "1,2";
				TEST_HOST = "$(BUILT_PRODUCTS_DIR)/RandomQuote.app/RandomQuote";
			};
			name = Release;
		};
		95D3C2EB1FE0152300C143EA /* Debug */ = {
			isa = XCBuildConfiguration;
			buildSettings = {
				ALWAYS_EMBED_SWIFT_STANDARD_LIBRARIES = YES;
				CODE_SIGN_STYLE = Automatic;
				DEVELOPMENT_TEAM = MTG9WG4TRR;
				INFOPLIST_FILE = RandomQuoteUITests/Info.plist;
				LD_RUNPATH_SEARCH_PATHS = "$(inherited) @executable_path/Frameworks @loader_path/Frameworks";
				PRODUCT_BUNDLE_IDENTIFIER = com.uneqqee.RandomQuoteUITests;
				PRODUCT_NAME = "$(TARGET_NAME)";
				SWIFT_VERSION = 4.0;
				TARGETED_DEVICE_FAMILY = "1,2";
				TEST_TARGET_NAME = RandomQuote;
			};
			name = Debug;
		};
		95D3C2EC1FE0152300C143EA /* Release */ = {
			isa = XCBuildConfiguration;
			buildSettings = {
				ALWAYS_EMBED_SWIFT_STANDARD_LIBRARIES = YES;
				CODE_SIGN_STYLE = Automatic;
				DEVELOPMENT_TEAM = MTG9WG4TRR;
				INFOPLIST_FILE = RandomQuoteUITests/Info.plist;
				LD_RUNPATH_SEARCH_PATHS = "$(inherited) @executable_path/Frameworks @loader_path/Frameworks";
				PRODUCT_BUNDLE_IDENTIFIER = com.uneqqee.RandomQuoteUITests;
				PRODUCT_NAME = "$(TARGET_NAME)";
				SWIFT_VERSION = 4.0;
				TARGETED_DEVICE_FAMILY = "1,2";
				TEST_TARGET_NAME = RandomQuote;
			};
			name = Release;
		};
/* End XCBuildConfiguration section */

/* Begin XCConfigurationList section */
		95D3C2B41FE0152300C143EA /* Build configuration list for PBXProject "RandomQuote" */ = {
			isa = XCConfigurationList;
			buildConfigurations = (
				95D3C2E21FE0152300C143EA /* Debug */,
				95D3C2E31FE0152300C143EA /* Release */,
			);
			defaultConfigurationIsVisible = 0;
			defaultConfigurationName = Release;
		};
		95D3C2E41FE0152300C143EA /* Build configuration list for PBXNativeTarget "RandomQuote" */ = {
			isa = XCConfigurationList;
			buildConfigurations = (
				95D3C2E51FE0152300C143EA /* Debug */,
				95D3C2E61FE0152300C143EA /* Release */,
			);
			defaultConfigurationIsVisible = 0;
			defaultConfigurationName = Release;
		};
		95D3C2E71FE0152300C143EA /* Build configuration list for PBXNativeTarget "RandomQuoteTests" */ = {
			isa = XCConfigurationList;
			buildConfigurations = (
				95D3C2E81FE0152300C143EA /* Debug */,
				95D3C2E91FE0152300C143EA /* Release */,
			);
			defaultConfigurationIsVisible = 0;
			defaultConfigurationName = Release;
		};
		95D3C2EA1FE0152300C143EA /* Build configuration list for PBXNativeTarget "RandomQuoteUITests" */ = {
			isa = XCConfigurationList;
			buildConfigurations = (
				95D3C2EB1FE0152300C143EA /* Debug */,
				95D3C2EC1FE0152300C143EA /* Release */,
			);
			defaultConfigurationIsVisible = 0;
			defaultConfigurationName = Release;
		};
/* End XCConfigurationList section */

/* Begin XCVersionGroup section */
		95D3C2C31FE0152300C143EA /* RandomQuote.xcdatamodeld */ = {
			isa = XCVersionGroup;
			children = (
				95D3C2C41FE0152300C143EA /* RandomQuote.xcdatamodel */,
			);
			currentVersion = 95D3C2C41FE0152300C143EA /* RandomQuote.xcdatamodel */;
			path = RandomQuote.xcdatamodeld;
			sourceTree = "<group>";
			versionGroupType = wrapper.xcdatamodel;
		};
/* End XCVersionGroup section */
	};
	rootObject = 95D3C2B11FE0152300C143EA /* Project object */;
}
