// !$*UTF8*$!
{
	archiveVersion = 1;
	classes = {
	};
	objectVersion = 46;
	objects = {

/* Begin PBXBuildFile section */
		F421717F1DD18E190093C82D /* AppDelegate.swift in Sources */ = {isa = PBXBuildFile; fileRef = F421717E1DD18E190093C82D /* AppDelegate.swift */; };
		F42171841DD18E190093C82D /* Main.storyboard in Resources */ = {isa = PBXBuildFile; fileRef = F42171821DD18E190093C82D /* Main.storyboard */; };
		F42171861DD18E190093C82D /* Assets.xcassets in Resources */ = {isa = PBXBuildFile; fileRef = F42171851DD18E190093C82D /* Assets.xcassets */; };
		F42171891DD18E190093C82D /* LaunchScreen.storyboard in Resources */ = {isa = PBXBuildFile; fileRef = F42171871DD18E190093C82D /* LaunchScreen.storyboard */; };
		F42171911DD18E410093C82D /* RouteViewController.swift in Sources */ = {isa = PBXBuildFile; fileRef = F42171901DD18E410093C82D /* RouteViewController.swift */; };
		F42171941DD18E540093C82D /* MapKit.framework in Frameworks */ = {isa = PBXBuildFile; fileRef = F42171931DD18E540093C82D /* MapKit.framework */; };
/* End PBXBuildFile section */

/* Begin PBXFileReference section */
		F421717B1DD18E190093C82D /* RouteDemo.app */ = {isa = PBXFileReference; explicitFileType = wrapper.application; includeInIndex = 0; path = RouteDemo.app; sourceTree = BUILT_PRODUCTS_DIR; };
		F421717E1DD18E190093C82D /* AppDelegate.swift */ = {isa = PBXFileReference; lastKnownFileType = sourcecode.swift; path = AppDelegate.swift; sourceTree = "<group>"; };
		F42171831DD18E190093C82D /* Base */ = {isa = PBXFileReference; lastKnownFileType = file.storyboard; name = Base; path = Base.lproj/Main.storyboard; sourceTree = "<group>"; };
		F42171851DD18E190093C82D /* Assets.xcassets */ = {isa = PBXFileReference; lastKnownFileType = folder.assetcatalog; path = Assets.xcassets; sourceTree = "<group>"; };
		F42171881DD18E190093C82D /* Base */ = {isa = PBXFileReference; lastKnownFileType = file.storyboard; name = Base; path = Base.lproj/LaunchScreen.storyboard; sourceTree = "<group>"; };
		F421718A1DD18E190093C82D /* Info.plist */ = {isa = PBXFileReference; lastKnownFileType = text.plist.xml; path = Info.plist; sourceTree = "<group>"; };
		F42171901DD18E410093C82D /* RouteViewController.swift */ = {isa = PBXFileReference; fileEncoding = 4; lastKnownFileType = sourcecode.swift; path = RouteViewController.swift; sourceTree = "<group>"; };
		F42171931DD18E540093C82D /* MapKit.framework */ = {isa = PBXFileReference; lastKnownFileType = wrapper.framework; name = MapKit.framework; path = System/Library/Frameworks/MapKit.framework; sourceTree = SDKROOT; };
/* End PBXFileReference section */

/* Begin PBXFrameworksBuildPhase section */
		F42171781DD18E190093C82D /* Frameworks */ = {
			isa = PBXFrameworksBuildPhase;
			buildActionMask = 2147483647;
			files = (
				F42171941DD18E540093C82D /* MapKit.framework in Frameworks */,
			);
			runOnlyForDeploymentPostprocessing = 0;
		};
/* End PBXFrameworksBuildPhase section */

/* Begin PBXGroup section */
		F42171721DD18E190093C82D = {
			isa = PBXGroup;
			children = (
				F421717D1DD18E190093C82D /* RouteDemo */,
				F421717C1DD18E190093C82D /* Products */,
				F42171921DD18E540093C82D /* Frameworks */,
			);
			sourceTree = "<group>";
		};
		F421717C1DD18E190093C82D /* Products */ = {
			isa = PBXGroup;
			children = (
				F421717B1DD18E190093C82D /* RouteDemo.app */,
			);
			name = Products;
			sourceTree = "<group>";
		};
		F421717D1DD18E190093C82D /* RouteDemo */ = {
			isa = PBXGroup;
			children = (
				F421717E1DD18E190093C82D /* AppDelegate.swift */,
				F42171821DD18E190093C82D /* Main.storyboard */,
				F42171851DD18E190093C82D /* Assets.xcassets */,
				F42171871DD18E190093C82D /* LaunchScreen.storyboard */,
				F421718A1DD18E190093C82D /* Info.plist */,
				F42171901DD18E410093C82D /* RouteViewController.swift */,
			);
			path = RouteDemo;
			sourceTree = "<group>";
		};
		F42171921DD18E540093C82D /* Frameworks */ = {
			isa = PBXGroup;
			children = (
				F42171931DD18E540093C82D /* MapKit.framework */,
			);
			name = Frameworks;
			sourceTree = "<group>";
		};
/* End PBXGroup section */

/* Begin PBXNativeTarget section */
		F421717A1DD18E190093C82D /* RouteDemo */ = {
			isa = PBXNativeTarget;
			buildConfigurationList = F421718D1DD18E190093C82D /* Build configuration list for PBXNativeTarget "RouteDemo" */;
			buildPhases = (
				F42171771DD18E190093C82D /* Sources */,
				F42171781DD18E190093C82D /* Frameworks */,
				F42171791DD18E190093C82D /* Resources */,
			);
			buildRules = (
			);
			dependencies = (
			);
			name = RouteDemo;
			productName = RouteDemo;
			productReference = F421717B1DD18E190093C82D /* RouteDemo.app */;
			productType = "com.apple.product-type.application";
		};
/* End PBXNativeTarget section */

/* Begin PBXProject section */
		F42171731DD18E190093C82D /* Project object */ = {
			isa = PBXProject;
			attributes = {
				LastSwiftUpdateCheck = 0810;
				LastUpgradeCheck = 0810;
				ORGANIZATIONNAME = AppCoda;
				TargetAttributes = {
					F421717A1DD18E190093C82D = {
						CreatedOnToolsVersion = 8.1;
						ProvisioningStyle = Automatic;
						SystemCapabilities = {
							com.apple.Maps.iOS = {
								enabled = 1;
							};
						};
					};
				};
			};
			buildConfigurationList = F42171761DD18E190093C82D /* Build configuration list for PBXProject "RouteDemo" */;
			compatibilityVersion = "Xcode 3.2";
			developmentRegion = English;
			hasScannedForEncodings = 0;
			knownRegions = (
				en,
				Base,
			);
			mainGroup = F42171721DD18E190093C82D;
			productRefGroup = F421717C1DD18E190093C82D /* Products */;
			projectDirPath = "";
			projectRoot = "";
			targets = (
				F421717A1DD18E190093C82D /* RouteDemo */,
			);
		};
/* End PBXProject section */

/* Begin PBXResourcesBuildPhase section */
		F42171791DD18E190093C82D /* Resources */ = {
			isa = PBXResourcesBuildPhase;
			buildActionMask = 2147483647;
			files = (
				F42171891DD18E190093C82D /* LaunchScreen.storyboard in Resources */,
				F42171861DD18E190093C82D /* Assets.xcassets in Resources */,
				F42171841DD18E190093C82D /* Main.storyboard in Resources */,
			);
			runOnlyForDeploymentPostprocessing = 0;
		};
/* End PBXResourcesBuildPhase section */

/* Begin PBXSourcesBuildPhase section */
		F42171771DD18E190093C82D /* Sources */ = {
			isa = PBXSourcesBuildPhase;
			buildActionMask = 2147483647;
			files = (
				F42171911DD18E410093C82D /* RouteViewController.swift in Sources */,
				F421717F1DD18E190093C82D /* AppDelegate.swift in Sources */,
			);
			runOnlyForDeploymentPostprocessing = 0;
		};
/* End PBXSourcesBuildPhase section */

/* Begin PBXVariantGroup section */
		F42171821DD18E190093C82D /* Main.storyboard */ = {
			isa = PBXVariantGroup;
			children = (
				F42171831DD18E190093C82D /* Base */,
			);
			name = Main.storyboard;
			sourceTree = "<group>";
		};
		F42171871DD18E190093C82D /* LaunchScreen.storyboard */ = {
			isa = PBXVariantGroup;
			children = (
				F42171881DD18E190093C82D /* Base */,
			);
			name = LaunchScreen.storyboard;
			sourceTree = "<group>";
		};
/* End PBXVariantGroup section */

/* Begin XCBuildConfiguration section */
		F421718B1DD18E190093C82D /* Debug */ = {
			isa = XCBuildConfiguration;
			buildSettings = {
				ALWAYS_SEARCH_USER_PATHS = NO;
				CLANG_ANALYZER_NONNULL = YES;
				CLANG_CXX_LANGUAGE_STANDARD = "gnu++0x";
				CLANG_CXX_LIBRARY = "libc++";
				CLANG_ENABLE_MODULES = YES;
				CLANG_ENABLE_OBJC_ARC = YES;
				CLANG_WARN_BOOL_CONVERSION = YES;
				CLANG_WARN_CONSTANT_CONVERSION = YES;
				CLANG_WARN_DIRECT_OBJC_ISA_USAGE = YES_ERROR;
				CLANG_WARN_DOCUMENTATION_COMMENTS = YES;
				CLANG_WARN_EMPTY_BODY = YES;
				CLANG_WARN_ENUM_CONVERSION = YES;
				CLANG_WARN_INFINITE_RECURSION = YES;
				CLANG_WARN_INT_CONVERSION = YES;
				CLANG_WARN_OBJC_ROOT_CLASS = YES_ERROR;
				CLANG_WARN_SUSPICIOUS_MOVES = YES;
				CLANG_WARN_UNREACHABLE_CODE = YES;
				CLANG_WARN__DUPLICATE_METHOD_MATCH = YES;
				"CODE_SIGN_IDENTITY[sdk=iphoneos*]" = "iPhone Developer";
				COPY_PHASE_STRIP = NO;
				DEBUG_INFORMATION_FORMAT = dwarf;
				ENABLE_STRICT_OBJC_MSGSEND = YES;
				ENABLE_TESTABILITY = YES;
				GCC_C_LANGUAGE_STANDARD = gnu99;
				GCC_DYNAMIC_NO_PIC = NO;
				GCC_NO_COMMON_BLOCKS = YES;
				GCC_OPTIMIZATION_LEVEL = 0;
				GCC_PREPROCESSOR_DEFINITIONS = (
					"DEBUG=1",
					"$(inherited)",
				);
				GCC_WARN_64_TO_32_BIT_CONVERSION = YES;
				GCC_WARN_ABOUT_RETURN_TYPE = YES_ERROR;
				GCC_WARN_UNDECLARED_SELECTOR = YES;
				GCC_WARN_UNINITIALIZED_AUTOS = YES_AGGRESSIVE;
				GCC_WARN_UNUSED_FUNCTION = YES;
				GCC_WARN_UNUSED_VARIABLE = YES;
				IPHONEOS_DEPLOYMENT_TARGET = 10.1;
				MTL_ENABLE_DEBUG_INFO = YES;
				ONLY_ACTIVE_ARCH = YES;
				SDKROOT = iphoneos;
				SWIFT_ACTIVE_COMPILATION_CONDITIONS = DEBUG;
				SWIFT_OPTIMIZATION_LEVEL = "-Onone";
			};
			name = Debug;
		};
		F421718C1DD18E190093C82D /* Release */ = {
			isa = XCBuildConfiguration;
			buildSettings = {
				ALWAYS_SEARCH_USER_PATHS = NO;
				CLANG_ANALYZER_NONNULL = YES;
				CLANG_CXX_LANGUAGE_STANDARD = "gnu++0x";
				CLANG_CXX_LIBRARY = "libc++";
				CLANG_ENABLE_MODULES = YES;
				CLANG_ENABLE_OBJC_ARC = YES;
				CLANG_WARN_BOOL_CONVERSION = YES;
				CLANG_WARN_CONSTANT_CONVERSION = YES;
				CLANG_WARN_DIRECT_OBJC_ISA_USAGE = YES_ERROR;
				CLANG_WARN_DOCUMENTATION_COMMENTS = YES;
				CLANG_WARN_EMPTY_BODY = YES;
				CLANG_WARN_ENUM_CONVERSION = YES;
				CLANG_WARN_INFINITE_RECURSION = YES;
				CLANG_WARN_INT_CONVERSION = YES;
				CLANG_WARN_OBJC_ROOT_CLASS = YES_ERROR;
				CLANG_WARN_SUSPICIOUS_MOVES = YES;
				CLANG_WARN_UNREACHABLE_CODE = YES;
				CLANG_WARN__DUPLICATE_METHOD_MATCH = YES;
				"CODE_SIGN_IDENTITY[sdk=iphoneos*]" = "iPhone Developer";
				COPY_PHASE_STRIP = NO;
				DEBUG_INFORMATION_FORMAT = "dwarf-with-dsym";
				ENABLE_NS_ASSERTIONS = NO;
				ENABLE_STRICT_OBJC_MSGSEND = YES;
				GCC_C_LANGUAGE_STANDARD = gnu99;
				GCC_NO_COMMON_BLOCKS = YES;
				GCC_WARN_64_TO_32_BIT_CONVERSION = YES;
				GCC_WARN_ABOUT_RETURN_TYPE = YES_ERROR;
				GCC_WARN_UNDECLARED_SELECTOR = YES;
				GCC_WARN_UNINITIALIZED_AUTOS = YES_AGGRESSIVE;
				GCC_WARN_UNUSED_FUNCTION = YES;
				GCC_WARN_UNUSED_VARIABLE = YES;
				IPHONEOS_DEPLOYMENT_TARGET = 10.1;
				MTL_ENABLE_DEBUG_INFO = NO;
				SDKROOT = iphoneos;
				SWIFT_OPTIMIZATION_LEVEL = "-Owholemodule";
				VALIDATE_PRODUCT = YES;
			};
			name = Release;
		};
		F421718E1DD18E190093C82D /* Debug */ = {
			isa = XCBuildConfiguration;
			buildSettings = {
				ASSETCATALOG_COMPILER_APPICON_NAME = AppIcon;
				INFOPLIST_FILE = RouteDemo/Info.plist;
				LD_RUNPATH_SEARCH_PATHS = "$(inherited) @executable_path/Frameworks";
				PRODUCT_BUNDLE_IDENTIFIER = com.appcoda.RouteDemo;
				PRODUCT_NAME = "$(TARGET_NAME)";
				SWIFT_VERSION = 3.0;
			};
			name = Debug;
		};
		F421718F1DD18E190093C82D /* Release */ = {
			isa = XCBuildConfiguration;
			buildSettings = {
				ASSETCATALOG_COMPILER_APPICON_NAME = AppIcon;
				INFOPLIST_FILE = RouteDemo/Info.plist;
				LD_RUNPATH_SEARCH_PATHS = "$(inherited) @executable_path/Frameworks";
				PRODUCT_BUNDLE_IDENTIFIER = com.appcoda.RouteDemo;
				PRODUCT_NAME = "$(TARGET_NAME)";
				SWIFT_VERSION = 3.0;
			};
			name = Release;
		};
/* End XCBuildConfiguration section */

/* Begin XCConfigurationList section */
		F42171761DD18E190093C82D /* Build configuration list for PBXProject "RouteDemo" */ = {
			isa = XCConfigurationList;
			buildConfigurations = (
				F421718B1DD18E190093C82D /* Debug */,
				F421718C1DD18E190093C82D /* Release */,
			);
			defaultConfigurationIsVisible = 0;
			defaultConfigurationName = Release;
		};
		F421718D1DD18E190093C82D /* Build configuration list for PBXNativeTarget "RouteDemo" */ = {
			isa = XCConfigurationList;
			buildConfigurations = (
				F421718E1DD18E190093C82D /* Debug */,
				F421718F1DD18E190093C82D /* Release */,
			);
			defaultConfigurationIsVisible = 0;
		};
/* End XCConfigurationList section */
	};
	rootObject = F42171731DD18E190093C82D /* Project object */;
}
