// !$*UTF8*$!
{
	archiveVersion = 1;
	classes = {
	};
	objectVersion = 48;
	objects = {

/* Begin PBXBuildFile section */
		95D3C3EE1FE04A3400C143EA /* AppDelegate.swift in Sources */ = {isa = PBXBuildFile; fileRef = 95D3C3ED1FE04A3400C143EA /* AppDelegate.swift */; };
		95D3C3F01FE04A3400C143EA /* ViewController.swift in Sources */ = {isa = PBXBuildFile; fileRef = 95D3C3EF1FE04A3400C143EA /* ViewController.swift */; };
		95D3C3F31FE04A3400C143EA /* Main.storyboard in Resources */ = {isa = PBXBuildFile; fileRef = 95D3C3F11FE04A3400C143EA /* Main.storyboard */; };
		95D3C3F61FE04A3400C143EA /* PictureCollection.xcdatamodeld in Sources */ = {isa = PBXBuildFile; fileRef = 95D3C3F41FE04A3400C143EA /* PictureCollection.xcdatamodeld */; };
		95D3C3F81FE04A3400C143EA /* Assets.xcassets in Resources */ = {isa = PBXBuildFile; fileRef = 95D3C3F71FE04A3400C143EA /* Assets.xcassets */; };
		95D3C3FB1FE04A3400C143EA /* LaunchScreen.storyboard in Resources */ = {isa = PBXBuildFile; fileRef = 95D3C3F91FE04A3400C143EA /* LaunchScreen.storyboard */; };
		95D3C4061FE04A3400C143EA /* PictureCollectionTests.swift in Sources */ = {isa = PBXBuildFile; fileRef = 95D3C4051FE04A3400C143EA /* PictureCollectionTests.swift */; };
		95D3C4111FE04A3400C143EA /* PictureCollectionUITests.swift in Sources */ = {isa = PBXBuildFile; fileRef = 95D3C4101FE04A3400C143EA /* PictureCollectionUITests.swift */; };
/* End PBXBuildFile section */

/* Begin PBXContainerItemProxy section */
		95D3C4021FE04A3400C143EA /* PBXContainerItemProxy */ = {
			isa = PBXContainerItemProxy;
			containerPortal = 95D3C3E21FE04A3400C143EA /* Project object */;
			proxyType = 1;
			remoteGlobalIDString = 95D3C3E91FE04A3400C143EA;
			remoteInfo = PictureCollection;
		};
		95D3C40D1FE04A3400C143EA /* PBXContainerItemProxy */ = {
			isa = PBXContainerItemProxy;
			containerPortal = 95D3C3E21FE04A3400C143EA /* Project object */;
			proxyType = 1;
			remoteGlobalIDString = 95D3C3E91FE04A3400C143EA;
			remoteInfo = PictureCollection;
		};
/* End PBXContainerItemProxy section */

/* Begin PBXFileReference section */
		95D3C3EA1FE04A3400C143EA /* PictureCollection.app */ = {isa = PBXFileReference; explicitFileType = wrapper.application; includeInIndex = 0; path = PictureCollection.app; sourceTree = BUILT_PRODUCTS_DIR; };
		95D3C3ED1FE04A3400C143EA /* AppDelegate.swift */ = {isa = PBXFileReference; lastKnownFileType = sourcecode.swift; path = AppDelegate.swift; sourceTree = "<group>"; };
		95D3C3EF1FE04A3400C143EA /* ViewController.swift */ = {isa = PBXFileReference; lastKnownFileType = sourcecode.swift; path = ViewController.swift; sourceTree = "<group>"; };
		95D3C3F21FE04A3400C143EA /* Base */ = {isa = PBXFileReference; lastKnownFileType = file.storyboard; name = Base; path = Base.lproj/Main.storyboard; sourceTree = "<group>"; };
		95D3C3F51FE04A3400C143EA /* PictureCollection.xcdatamodel */ = {isa = PBXFileReference; lastKnownFileType = wrapper.xcdatamodel; path = PictureCollection.xcdatamodel; sourceTree = "<group>"; };
		95D3C3F71FE04A3400C143EA /* Assets.xcassets */ = {isa = PBXFileReference; lastKnownFileType = folder.assetcatalog; path = Assets.xcassets; sourceTree = "<group>"; };
		95D3C3FA1FE04A3400C143EA /* Base */ = {isa = PBXFileReference; lastKnownFileType = file.storyboard; name = Base; path = Base.lproj/LaunchScreen.storyboard; sourceTree = "<group>"; };
		95D3C3FC1FE04A3400C143EA /* Info.plist */ = {isa = PBXFileReference; lastKnownFileType = text.plist.xml; path = Info.plist; sourceTree = "<group>"; };
		95D3C4011FE04A3400C143EA /* PictureCollectionTests.xctest */ = {isa = PBXFileReference; explicitFileType = wrapper.cfbundle; includeInIndex = 0; path = PictureCollectionTests.xctest; sourceTree = BUILT_PRODUCTS_DIR; };
		95D3C4051FE04A3400C143EA /* PictureCollectionTests.swift */ = {isa = PBXFileReference; lastKnownFileType = sourcecode.swift; path = PictureCollectionTests.swift; sourceTree = "<group>"; };
		95D3C4071FE04A3400C143EA /* Info.plist */ = {isa = PBXFileReference; lastKnownFileType = text.plist.xml; path = Info.plist; sourceTree = "<group>"; };
		95D3C40C1FE04A3400C143EA /* PictureCollectionUITests.xctest */ = {isa = PBXFileReference; explicitFileType = wrapper.cfbundle; includeInIndex = 0; path = PictureCollectionUITests.xctest; sourceTree = BUILT_PRODUCTS_DIR; };
		95D3C4101FE04A3400C143EA /* PictureCollectionUITests.swift */ = {isa = PBXFileReference; lastKnownFileType = sourcecode.swift; path = PictureCollectionUITests.swift; sourceTree = "<group>"; };
		95D3C4121FE04A3400C143EA /* Info.plist */ = {isa = PBXFileReference; lastKnownFileType = text.plist.xml; path = Info.plist; sourceTree = "<group>"; };
/* End PBXFileReference section */

/* Begin PBXFrameworksBuildPhase section */
		95D3C3E71FE04A3400C143EA /* Frameworks */ = {
			isa = PBXFrameworksBuildPhase;
			buildActionMask = 2147483647;
			files = (
			);
			runOnlyForDeploymentPostprocessing = 0;
		};
		95D3C3FE1FE04A3400C143EA /* Frameworks */ = {
			isa = PBXFrameworksBuildPhase;
			buildActionMask = 2147483647;
			files = (
			);
			runOnlyForDeploymentPostprocessing = 0;
		};
		95D3C4091FE04A3400C143EA /* Frameworks */ = {
			isa = PBXFrameworksBuildPhase;
			buildActionMask = 2147483647;
			files = (
			);
			runOnlyForDeploymentPostprocessing = 0;
		};
/* End PBXFrameworksBuildPhase section */

/* Begin PBXGroup section */
		95D3C3E11FE04A3400C143EA = {
			isa = PBXGroup;
			children = (
				95D3C3EC1FE04A3400C143EA /* PictureCollection */,
				95D3C4041FE04A3400C143EA /* PictureCollectionTests */,
				95D3C40F1FE04A3400C143EA /* PictureCollectionUITests */,
				95D3C3EB1FE04A3400C143EA /* Products */,
			);
			sourceTree = "<group>";
		};
		95D3C3EB1FE04A3400C143EA /* Products */ = {
			isa = PBXGroup;
			children = (
				95D3C3EA1FE04A3400C143EA /* PictureCollection.app */,
				95D3C4011FE04A3400C143EA /* PictureCollectionTests.xctest */,
				95D3C40C1FE04A3400C143EA /* PictureCollectionUITests.xctest */,
			);
			name = Products;
			sourceTree = "<group>";
		};
		95D3C3EC1FE04A3400C143EA /* PictureCollection */ = {
			isa = PBXGroup;
			children = (
				95D3C3ED1FE04A3400C143EA /* AppDelegate.swift */,
				95D3C3EF1FE04A3400C143EA /* ViewController.swift */,
				95D3C3F11FE04A3400C143EA /* Main.storyboard */,
				95D3C3F71FE04A3400C143EA /* Assets.xcassets */,
				95D3C3F91FE04A3400C143EA /* LaunchScreen.storyboard */,
				95D3C3FC1FE04A3400C143EA /* Info.plist */,
				95D3C3F41FE04A3400C143EA /* PictureCollection.xcdatamodeld */,
			);
			path = PictureCollection;
			sourceTree = "<group>";
		};
		95D3C4041FE04A3400C143EA /* PictureCollectionTests */ = {
			isa = PBXGroup;
			children = (
				95D3C4051FE04A3400C143EA /* PictureCollectionTests.swift */,
				95D3C4071FE04A3400C143EA /* Info.plist */,
			);
			path = PictureCollectionTests;
			sourceTree = "<group>";
		};
		95D3C40F1FE04A3400C143EA /* PictureCollectionUITests */ = {
			isa = PBXGroup;
			children = (
				95D3C4101FE04A3400C143EA /* PictureCollectionUITests.swift */,
				95D3C4121FE04A3400C143EA /* Info.plist */,
			);
			path = PictureCollectionUITests;
			sourceTree = "<group>";
		};
/* End PBXGroup section */

/* Begin PBXNativeTarget section */
		95D3C3E91FE04A3400C143EA /* PictureCollection */ = {
			isa = PBXNativeTarget;
			buildConfigurationList = 95D3C4151FE04A3400C143EA /* Build configuration list for PBXNativeTarget "PictureCollection" */;
			buildPhases = (
				95D3C3E61FE04A3400C143EA /* Sources */,
				95D3C3E71FE04A3400C143EA /* Frameworks */,
				95D3C3E81FE04A3400C143EA /* Resources */,
			);
			buildRules = (
			);
			dependencies = (
			);
			name = PictureCollection;
			productName = PictureCollection;
			productReference = 95D3C3EA1FE04A3400C143EA /* PictureCollection.app */;
			productType = "com.apple.product-type.application";
		};
		95D3C4001FE04A3400C143EA /* PictureCollectionTests */ = {
			isa = PBXNativeTarget;
			buildConfigurationList = 95D3C4181FE04A3400C143EA /* Build configuration list for PBXNativeTarget "PictureCollectionTests" */;
			buildPhases = (
				95D3C3FD1FE04A3400C143EA /* Sources */,
				95D3C3FE1FE04A3400C143EA /* Frameworks */,
				95D3C3FF1FE04A3400C143EA /* Resources */,
			);
			buildRules = (
			);
			dependencies = (
				95D3C4031FE04A3400C143EA /* PBXTargetDependency */,
			);
			name = PictureCollectionTests;
			productName = PictureCollectionTests;
			productReference = 95D3C4011FE04A3400C143EA /* PictureCollectionTests.xctest */;
			productType = "com.apple.product-type.bundle.unit-test";
		};
		95D3C40B1FE04A3400C143EA /* PictureCollectionUITests */ = {
			isa = PBXNativeTarget;
			buildConfigurationList = 95D3C41B1FE04A3400C143EA /* Build configuration list for PBXNativeTarget "PictureCollectionUITests" */;
			buildPhases = (
				95D3C4081FE04A3400C143EA /* Sources */,
				95D3C4091FE04A3400C143EA /* Frameworks */,
				95D3C40A1FE04A3400C143EA /* Resources */,
			);
			buildRules = (
			);
			dependencies = (
				95D3C40E1FE04A3400C143EA /* PBXTargetDependency */,
			);
			name = PictureCollectionUITests;
			productName = PictureCollectionUITests;
			productReference = 95D3C40C1FE04A3400C143EA /* PictureCollectionUITests.xctest */;
			productType = "com.apple.product-type.bundle.ui-testing";
		};
/* End PBXNativeTarget section */

/* Begin PBXProject section */
		95D3C3E21FE04A3400C143EA /* Project object */ = {
			isa = PBXProject;
			attributes = {
				LastSwiftUpdateCheck = 0920;
				LastUpgradeCheck = 0920;
				ORGANIZATIONNAME = "Nikhil Arora";
				TargetAttributes = {
					95D3C3E91FE04A3400C143EA = {
						CreatedOnToolsVersion = 9.2;
						ProvisioningStyle = Automatic;
					};
					95D3C4001FE04A3400C143EA = {
						CreatedOnToolsVersion = 9.2;
						ProvisioningStyle = Automatic;
						TestTargetID = 95D3C3E91FE04A3400C143EA;
					};
					95D3C40B1FE04A3400C143EA = {
						CreatedOnToolsVersion = 9.2;
						ProvisioningStyle = Automatic;
						TestTargetID = 95D3C3E91FE04A3400C143EA;
					};
				};
			};
			buildConfigurationList = 95D3C3E51FE04A3400C143EA /* Build configuration list for PBXProject "PictureCollection" */;
			compatibilityVersion = "Xcode 8.0";
			developmentRegion = en;
			hasScannedForEncodings = 0;
			knownRegions = (
				en,
				Base,
			);
			mainGroup = 95D3C3E11FE04A3400C143EA;
			productRefGroup = 95D3C3EB1FE04A3400C143EA /* Products */;
			projectDirPath = "";
			projectRoot = "";
			targets = (
				95D3C3E91FE04A3400C143EA /* PictureCollection */,
				95D3C4001FE04A3400C143EA /* PictureCollectionTests */,
				95D3C40B1FE04A3400C143EA /* PictureCollectionUITests */,
			);
		};
/* End PBXProject section */

/* Begin PBXResourcesBuildPhase section */
		95D3C3E81FE04A3400C143EA /* Resources */ = {
			isa = PBXResourcesBuildPhase;
			buildActionMask = 2147483647;
			files = (
				95D3C3FB1FE04A3400C143EA /* LaunchScreen.storyboard in Resources */,
				95D3C3F81FE04A3400C143EA /* Assets.xcassets in Resources */,
				95D3C3F31FE04A3400C143EA /* Main.storyboard in Resources */,
			);
			runOnlyForDeploymentPostprocessing = 0;
		};
		95D3C3FF1FE04A3400C143EA /* Resources */ = {
			isa = PBXResourcesBuildPhase;
			buildActionMask = 2147483647;
			files = (
			);
			runOnlyForDeploymentPostprocessing = 0;
		};
		95D3C40A1FE04A3400C143EA /* Resources */ = {
			isa = PBXResourcesBuildPhase;
			buildActionMask = 2147483647;
			files = (
			);
			runOnlyForDeploymentPostprocessing = 0;
		};
/* End PBXResourcesBuildPhase section */

/* Begin PBXSourcesBuildPhase section */
		95D3C3E61FE04A3400C143EA /* Sources */ = {
			isa = PBXSourcesBuildPhase;
			buildActionMask = 2147483647;
			files = (
				95D3C3F01FE04A3400C143EA /* ViewController.swift in Sources */,
				95D3C3F61FE04A3400C143EA /* PictureCollection.xcdatamodeld in Sources */,
				95D3C3EE1FE04A3400C143EA /* AppDelegate.swift in Sources */,
			);
			runOnlyForDeploymentPostprocessing = 0;
		};
		95D3C3FD1FE04A3400C143EA /* Sources */ = {
			isa = PBXSourcesBuildPhase;
			buildActionMask = 2147483647;
			files = (
				95D3C4061FE04A3400C143EA /* PictureCollectionTests.swift in Sources */,
			);
			runOnlyForDeploymentPostprocessing = 0;
		};
		95D3C4081FE04A3400C143EA /* Sources */ = {
			isa = PBXSourcesBuildPhase;
			buildActionMask = 2147483647;
			files = (
				95D3C4111FE04A3400C143EA /* PictureCollectionUITests.swift in Sources */,
			);
			runOnlyForDeploymentPostprocessing = 0;
		};
/* End PBXSourcesBuildPhase section */

/* Begin PBXTargetDependency section */
		95D3C4031FE04A3400C143EA /* PBXTargetDependency */ = {
			isa = PBXTargetDependency;
			target = 95D3C3E91FE04A3400C143EA /* PictureCollection */;
			targetProxy = 95D3C4021FE04A3400C143EA /* PBXContainerItemProxy */;
		};
		95D3C40E1FE04A3400C143EA /* PBXTargetDependency */ = {
			isa = PBXTargetDependency;
			target = 95D3C3E91FE04A3400C143EA /* PictureCollection */;
			targetProxy = 95D3C40D1FE04A3400C143EA /* PBXContainerItemProxy */;
		};
/* End PBXTargetDependency section */

/* Begin PBXVariantGroup section */
		95D3C3F11FE04A3400C143EA /* Main.storyboard */ = {
			isa = PBXVariantGroup;
			children = (
				95D3C3F21FE04A3400C143EA /* Base */,
			);
			name = Main.storyboard;
			sourceTree = "<group>";
		};
		95D3C3F91FE04A3400C143EA /* LaunchScreen.storyboard */ = {
			isa = PBXVariantGroup;
			children = (
				95D3C3FA1FE04A3400C143EA /* Base */,
			);
			name = LaunchScreen.storyboard;
			sourceTree = "<group>";
		};
/* End PBXVariantGroup section */

/* Begin XCBuildConfiguration section */
		95D3C4131FE04A3400C143EA /* Debug */ = {
			isa = XCBuildConfiguration;
			buildSettings = {
				ALWAYS_SEARCH_USER_PATHS = NO;
				CLANG_ANALYZER_NONNULL = YES;
				CLANG_ANALYZER_NUMBER_OBJECT_CONVERSION = YES_AGGRESSIVE;
				CLANG_CXX_LANGUAGE_STANDARD = "gnu++14";
				CLANG_CXX_LIBRARY = "libc++";
				CLANG_ENABLE_MODULES = YES;
				CLANG_ENABLE_OBJC_ARC = YES;
				CLANG_WARN_BLOCK_CAPTURE_AUTORELEASING = YES;
				CLANG_WARN_BOOL_CONVERSION = YES;
				CLANG_WARN_COMMA = YES;
				CLANG_WARN_CONSTANT_CONVERSION = YES;
				CLANG_WARN_DIRECT_OBJC_ISA_USAGE = YES_ERROR;
				CLANG_WARN_DOCUMENTATION_COMMENTS = YES;
				CLANG_WARN_EMPTY_BODY = YES;
				CLANG_WARN_ENUM_CONVERSION = YES;
				CLANG_WARN_INFINITE_RECURSION = YES;
				CLANG_WARN_INT_CONVERSION = YES;
				CLANG_WARN_NON_LITERAL_NULL_CONVERSION = YES;
				CLANG_WARN_OBJC_LITERAL_CONVERSION = YES;
				CLANG_WARN_OBJC_ROOT_CLASS = YES_ERROR;
				CLANG_WARN_RANGE_LOOP_ANALYSIS = YES;
				CLANG_WARN_STRICT_PROTOTYPES = YES;
				CLANG_WARN_SUSPICIOUS_MOVE = YES;
				CLANG_WARN_UNGUARDED_AVAILABILITY = YES_AGGRESSIVE;
				CLANG_WARN_UNREACHABLE_CODE = YES;
				CLANG_WARN__DUPLICATE_METHOD_MATCH = YES;
				CODE_SIGN_IDENTITY = "iPhone Developer";
				COPY_PHASE_STRIP = NO;
				DEBUG_INFORMATION_FORMAT = dwarf;
				ENABLE_STRICT_OBJC_MSGSEND = YES;
				ENABLE_TESTABILITY = YES;
				GCC_C_LANGUAGE_STANDARD = gnu11;
				GCC_DYNAMIC_NO_PIC = NO;
				GCC_NO_COMMON_BLOCKS = YES;
				GCC_OPTIMIZATION_LEVEL = 0;
				GCC_PREPROCESSOR_DEFINITIONS = (
					"DEBUG=1",
					"$(inherited)",
				);
				GCC_WARN_64_TO_32_BIT_CONVERSION = YES;
				GCC_WARN_ABOUT_RETURN_TYPE = YES_ERROR;
				GCC_WARN_UNDECLARED_SELECTOR = YES;
				GCC_WARN_UNINITIALIZED_AUTOS = YES_AGGRESSIVE;
				GCC_WARN_UNUSED_FUNCTION = YES;
				GCC_WARN_UNUSED_VARIABLE = YES;
				IPHONEOS_DEPLOYMENT_TARGET = 11.2;
				MTL_ENABLE_DEBUG_INFO = YES;
				ONLY_ACTIVE_ARCH = YES;
				SDKROOT = iphoneos;
				SWIFT_ACTIVE_COMPILATION_CONDITIONS = DEBUG;
				SWIFT_OPTIMIZATION_LEVEL = "-Onone";
			};
			name = Debug;
		};
		95D3C4141FE04A3400C143EA /* Release */ = {
			isa = XCBuildConfiguration;
			buildSettings = {
				ALWAYS_SEARCH_USER_PATHS = NO;
				CLANG_ANALYZER_NONNULL = YES;
				CLANG_ANALYZER_NUMBER_OBJECT_CONVERSION = YES_AGGRESSIVE;
				CLANG_CXX_LANGUAGE_STANDARD = "gnu++14";
				CLANG_CXX_LIBRARY = "libc++";
				CLANG_ENABLE_MODULES = YES;
				CLANG_ENABLE_OBJC_ARC = YES;
				CLANG_WARN_BLOCK_CAPTURE_AUTORELEASING = YES;
				CLANG_WARN_BOOL_CONVERSION = YES;
				CLANG_WARN_COMMA = YES;
				CLANG_WARN_CONSTANT_CONVERSION = YES;
				CLANG_WARN_DIRECT_OBJC_ISA_USAGE = YES_ERROR;
				CLANG_WARN_DOCUMENTATION_COMMENTS = YES;
				CLANG_WARN_EMPTY_BODY = YES;
				CLANG_WARN_ENUM_CONVERSION = YES;
				CLANG_WARN_INFINITE_RECURSION = YES;
				CLANG_WARN_INT_CONVERSION = YES;
				CLANG_WARN_NON_LITERAL_NULL_CONVERSION = YES;
				CLANG_WARN_OBJC_LITERAL_CONVERSION = YES;
				CLANG_WARN_OBJC_ROOT_CLASS = YES_ERROR;
				CLANG_WARN_RANGE_LOOP_ANALYSIS = YES;
				CLANG_WARN_STRICT_PROTOTYPES = YES;
				CLANG_WARN_SUSPICIOUS_MOVE = YES;
				CLANG_WARN_UNGUARDED_AVAILABILITY = YES_AGGRESSIVE;
				CLANG_WARN_UNREACHABLE_CODE = YES;
				CLANG_WARN__DUPLICATE_METHOD_MATCH = YES;
				CODE_SIGN_IDENTITY = "iPhone Developer";
				COPY_PHASE_STRIP = NO;
				DEBUG_INFORMATION_FORMAT = "dwarf-with-dsym";
				ENABLE_NS_ASSERTIONS = NO;
				ENABLE_STRICT_OBJC_MSGSEND = YES;
				GCC_C_LANGUAGE_STANDARD = gnu11;
				GCC_NO_COMMON_BLOCKS = YES;
				GCC_WARN_64_TO_32_BIT_CONVERSION = YES;
				GCC_WARN_ABOUT_RETURN_TYPE = YES_ERROR;
				GCC_WARN_UNDECLARED_SELECTOR = YES;
				GCC_WARN_UNINITIALIZED_AUTOS = YES_AGGRESSIVE;
				GCC_WARN_UNUSED_FUNCTION = YES;
				GCC_WARN_UNUSED_VARIABLE = YES;
				IPHONEOS_DEPLOYMENT_TARGET = 11.2;
				MTL_ENABLE_DEBUG_INFO = NO;
				SDKROOT = iphoneos;
				SWIFT_OPTIMIZATION_LEVEL = "-Owholemodule";
				VALIDATE_PRODUCT = YES;
			};
			name = Release;
		};
		95D3C4161FE04A3400C143EA /* Debug */ = {
			isa = XCBuildConfiguration;
			buildSettings = {
				ASSETCATALOG_COMPILER_APPICON_NAME = AppIcon;
				CODE_SIGN_STYLE = Automatic;
				DEVELOPMENT_TEAM = MTG9WG4TRR;
				INFOPLIST_FILE = PictureCollection/Info.plist;
				LD_RUNPATH_SEARCH_PATHS = "$(inherited) @executable_path/Frameworks";
				PRODUCT_BUNDLE_IDENTIFIER = com.uneqqee.PictureCollection;
				PRODUCT_NAME = "$(TARGET_NAME)";
				SWIFT_VERSION = 4.0;
				TARGETED_DEVICE_FAMILY = "1,2";
			};
			name = Debug;
		};
		95D3C4171FE04A3400C143EA /* Release */ = {
			isa = XCBuildConfiguration;
			buildSettings = {
				ASSETCATALOG_COMPILER_APPICON_NAME = AppIcon;
				CODE_SIGN_STYLE = Automatic;
				DEVELOPMENT_TEAM = MTG9WG4TRR;
				INFOPLIST_FILE = PictureCollection/Info.plist;
				LD_RUNPATH_SEARCH_PATHS = "$(inherited) @executable_path/Frameworks";
				PRODUCT_BUNDLE_IDENTIFIER = com.uneqqee.PictureCollection;
				PRODUCT_NAME = "$(TARGET_NAME)";
				SWIFT_VERSION = 4.0;
				TARGETED_DEVICE_FAMILY = "1,2";
			};
			name = Release;
		};
		95D3C4191FE04A3400C143EA /* Debug */ = {
			isa = XCBuildConfiguration;
			buildSettings = {
				ALWAYS_EMBED_SWIFT_STANDARD_LIBRARIES = YES;
				BUNDLE_LOADER = "$(TEST_HOST)";
				CODE_SIGN_STYLE = Automatic;
				DEVELOPMENT_TEAM = MTG9WG4TRR;
				INFOPLIST_FILE = PictureCollectionTests/Info.plist;
				LD_RUNPATH_SEARCH_PATHS = "$(inherited) @executable_path/Frameworks @loader_path/Frameworks";
				PRODUCT_BUNDLE_IDENTIFIER = com.uneqqee.PictureCollectionTests;
				PRODUCT_NAME = "$(TARGET_NAME)";
				SWIFT_VERSION = 4.0;
				TARGETED_DEVICE_FAMILY = "1,2";
				TEST_HOST = "$(BUILT_PRODUCTS_DIR)/PictureCollection.app/PictureCollection";
			};
			name = Debug;
		};
		95D3C41A1FE04A3400C143EA /* Release */ = {
			isa = XCBuildConfiguration;
			buildSettings = {
				ALWAYS_EMBED_SWIFT_STANDARD_LIBRARIES = YES;
				BUNDLE_LOADER = "$(TEST_HOST)";
				CODE_SIGN_STYLE = Automatic;
				DEVELOPMENT_TEAM = MTG9WG4TRR;
				INFOPLIST_FILE = PictureCollectionTests/Info.plist;
				LD_RUNPATH_SEARCH_PATHS = "$(inherited) @executable_path/Frameworks @loader_path/Frameworks";
				PRODUCT_BUNDLE_IDENTIFIER = com.uneqqee.PictureCollectionTests;
				PRODUCT_NAME = "$(TARGET_NAME)";
				SWIFT_VERSION = 4.0;
				TARGETED_DEVICE_FAMILY = "1,2";
				TEST_HOST = "$(BUILT_PRODUCTS_DIR)/PictureCollection.app/PictureCollection";
			};
			name = Release;
		};
		95D3C41C1FE04A3400C143EA /* Debug */ = {
			isa = XCBuildConfiguration;
			buildSettings = {
				ALWAYS_EMBED_SWIFT_STANDARD_LIBRARIES = YES;
				CODE_SIGN_STYLE = Automatic;
				DEVELOPMENT_TEAM = MTG9WG4TRR;
				INFOPLIST_FILE = PictureCollectionUITests/Info.plist;
				LD_RUNPATH_SEARCH_PATHS = "$(inherited) @executable_path/Frameworks @loader_path/Frameworks";
				PRODUCT_BUNDLE_IDENTIFIER = com.uneqqee.PictureCollectionUITests;
				PRODUCT_NAME = "$(TARGET_NAME)";
				SWIFT_VERSION = 4.0;
				TARGETED_DEVICE_FAMILY = "1,2";
				TEST_TARGET_NAME = PictureCollection;
			};
			name = Debug;
		};
		95D3C41D1FE04A3400C143EA /* Release */ = {
			isa = XCBuildConfiguration;
			buildSettings = {
				ALWAYS_EMBED_SWIFT_STANDARD_LIBRARIES = YES;
				CODE_SIGN_STYLE = Automatic;
				DEVELOPMENT_TEAM = MTG9WG4TRR;
				INFOPLIST_FILE = PictureCollectionUITests/Info.plist;
				LD_RUNPATH_SEARCH_PATHS = "$(inherited) @executable_path/Frameworks @loader_path/Frameworks";
				PRODUCT_BUNDLE_IDENTIFIER = com.uneqqee.PictureCollectionUITests;
				PRODUCT_NAME = "$(TARGET_NAME)";
				SWIFT_VERSION = 4.0;
				TARGETED_DEVICE_FAMILY = "1,2";
				TEST_TARGET_NAME = PictureCollection;
			};
			name = Release;
		};
/* End XCBuildConfiguration section */

/* Begin XCConfigurationList section */
		95D3C3E51FE04A3400C143EA /* Build configuration list for PBXProject "PictureCollection" */ = {
			isa = XCConfigurationList;
			buildConfigurations = (
				95D3C4131FE04A3400C143EA /* Debug */,
				95D3C4141FE04A3400C143EA /* Release */,
			);
			defaultConfigurationIsVisible = 0;
			defaultConfigurationName = Release;
		};
		95D3C4151FE04A3400C143EA /* Build configuration list for PBXNativeTarget "PictureCollection" */ = {
			isa = XCConfigurationList;
			buildConfigurations = (
				95D3C4161FE04A3400C143EA /* Debug */,
				95D3C4171FE04A3400C143EA /* Release */,
			);
			defaultConfigurationIsVisible = 0;
			defaultConfigurationName = Release;
		};
		95D3C4181FE04A3400C143EA /* Build configuration list for PBXNativeTarget "PictureCollectionTests" */ = {
			isa = XCConfigurationList;
			buildConfigurations = (
				95D3C4191FE04A3400C143EA /* Debug */,
				95D3C41A1FE04A3400C143EA /* Release */,
			);
			defaultConfigurationIsVisible = 0;
			defaultConfigurationName = Release;
		};
		95D3C41B1FE04A3400C143EA /* Build configuration list for PBXNativeTarget "PictureCollectionUITests" */ = {
			isa = XCConfigurationList;
			buildConfigurations = (
				95D3C41C1FE04A3400C143EA /* Debug */,
				95D3C41D1FE04A3400C143EA /* Release */,
			);
			defaultConfigurationIsVisible = 0;
			defaultConfigurationName = Release;
		};
/* End XCConfigurationList section */

/* Begin XCVersionGroup section */
		95D3C3F41FE04A3400C143EA /* PictureCollection.xcdatamodeld */ = {
			isa = XCVersionGroup;
			children = (
				95D3C3F51FE04A3400C143EA /* PictureCollection.xcdatamodel */,
			);
			currentVersion = 95D3C3F51FE04A3400C143EA /* PictureCollection.xcdatamodel */;
			path = PictureCollection.xcdatamodeld;
			sourceTree = "<group>";
			versionGroupType = wrapper.xcdatamodel;
		};
/* End XCVersionGroup section */
	};
	rootObject = 95D3C3E21FE04A3400C143EA /* Project object */;
}
